// !$*UTF8*$!
{
	archiveVersion = 1;
	classes = {
	};
	objectVersion = 46;
	objects = {

/* Begin PBXAggregateTarget section */
		6E76D7701F0718580017362C /* CMake */ = {
			isa = PBXAggregateTarget;
			buildConfigurationList = 6E76D7711F0718580017362C /* Build configuration list for PBXAggregateTarget "CMake" */;
			buildPhases = (
				6E76D7741F0718610017362C /* ShellScript */,
			);
			dependencies = (
			);
			name = CMake;
			productName = CMake;
		};
/* End PBXAggregateTarget section */

/* Begin PBXBuildFile section */
		6E569AE31F09F67200BF244A /* msx264.framework in Frameworks */ = {isa = PBXBuildFile; fileRef = 6E76D75E1F070F3C0017362C /* msx264.framework */; };
		6E569AE41F09F67200BF244A /* mswebrtc.framework in Frameworks */ = {isa = PBXBuildFile; fileRef = 6E76D75D1F070F3C0017362C /* mswebrtc.framework */; };
		6E569AE51F09F67200BF244A /* mediastreamer_base.framework in Frameworks */ = {isa = PBXBuildFile; fileRef = 6E76D7571F070F3C0017362C /* mediastreamer_base.framework */; };
		6E569AE61F09F67200BF244A /* mscodec2.framework in Frameworks */ = {isa = PBXBuildFile; fileRef = 6E76D75A1F070F3C0017362C /* mscodec2.framework */; };
		6E569AE71F09F67200BF244A /* mssilk.framework in Frameworks */ = {isa = PBXBuildFile; fileRef = 6E76D75C1F070F3C0017362C /* mssilk.framework */; };
		6E569AE81F09F67200BF244A /* mediastreamer_voip.framework in Frameworks */ = {isa = PBXBuildFile; fileRef = 6E76D7581F070F3C0017362C /* mediastreamer_voip.framework */; };
		6E569AE91F09F67200BF244A /* bctoolbox.framework in Frameworks */ = {isa = PBXBuildFile; fileRef = 6E76D7541F070F3C0017362C /* bctoolbox.framework */; };
		6E569AEA1F09F67200BF244A /* linphone.framework in Frameworks */ = {isa = PBXBuildFile; fileRef = 6E76D7551F070F3C0017362C /* linphone.framework */; };
		6E569AEB1F09F67200BF244A /* msopenh264.framework in Frameworks */ = {isa = PBXBuildFile; fileRef = 6E76D75B1F070F3C0017362C /* msopenh264.framework */; };
		6E569AEC1F09F67200BF244A /* msamr.framework in Frameworks */ = {isa = PBXBuildFile; fileRef = 6E76D7591F070F3C0017362C /* msamr.framework */; };
		6E569AED1F09F67200BF244A /* ortp.framework in Frameworks */ = {isa = PBXBuildFile; fileRef = 6E76D75F1F070F3C0017362C /* ortp.framework */; };
		6E569AFA1F09F67500BF244A /* LinPhoneSwift.framework in Frameworks */ = {isa = PBXBuildFile; fileRef = OBJ_14 /* LinPhoneSwift.framework */; };
		6E569AFB1F09F67500BF244A /* bctoolbox.framework in Frameworks */ = {isa = PBXBuildFile; fileRef = 6E76D7541F070F3C0017362C /* bctoolbox.framework */; };
		6E569AFC1F09F67500BF244A /* linphone.framework in Frameworks */ = {isa = PBXBuildFile; fileRef = 6E76D7551F070F3C0017362C /* linphone.framework */; };
		6E569AFD1F09F67500BF244A /* linphonetester.framework in Frameworks */ = {isa = PBXBuildFile; fileRef = 6E76D7561F070F3C0017362C /* linphonetester.framework */; };
		6E569AFE1F09F67500BF244A /* mediastreamer_base.framework in Frameworks */ = {isa = PBXBuildFile; fileRef = 6E76D7571F070F3C0017362C /* mediastreamer_base.framework */; };
		6E569AFF1F09F67500BF244A /* mediastreamer_voip.framework in Frameworks */ = {isa = PBXBuildFile; fileRef = 6E76D7581F070F3C0017362C /* mediastreamer_voip.framework */; };
		6E569B001F09F67500BF244A /* msamr.framework in Frameworks */ = {isa = PBXBuildFile; fileRef = 6E76D7591F070F3C0017362C /* msamr.framework */; };
		6E569B011F09F67500BF244A /* mscodec2.framework in Frameworks */ = {isa = PBXBuildFile; fileRef = 6E76D75A1F070F3C0017362C /* mscodec2.framework */; };
		6E569B021F09F67500BF244A /* msopenh264.framework in Frameworks */ = {isa = PBXBuildFile; fileRef = 6E76D75B1F070F3C0017362C /* msopenh264.framework */; };
		6E569B031F09F67500BF244A /* mssilk.framework in Frameworks */ = {isa = PBXBuildFile; fileRef = 6E76D75C1F070F3C0017362C /* mssilk.framework */; };
		6E569B041F09F67500BF244A /* mswebrtc.framework in Frameworks */ = {isa = PBXBuildFile; fileRef = 6E76D75D1F070F3C0017362C /* mswebrtc.framework */; };
		6E569B051F09F67500BF244A /* msx264.framework in Frameworks */ = {isa = PBXBuildFile; fileRef = 6E76D75E1F070F3C0017362C /* msx264.framework */; };
		6E569B061F09F67500BF244A /* ortp.framework in Frameworks */ = {isa = PBXBuildFile; fileRef = 6E76D75F1F070F3C0017362C /* ortp.framework */; };
		6E569B081F09F67500BF244A /* bctoolbox.framework in Embed Frameworks */ = {isa = PBXBuildFile; fileRef = 6E76D7541F070F3C0017362C /* bctoolbox.framework */; settings = {ATTRIBUTES = (CodeSignOnCopy, RemoveHeadersOnCopy, ); }; };
		6E569B091F09F67500BF244A /* linphone.framework in Embed Frameworks */ = {isa = PBXBuildFile; fileRef = 6E76D7551F070F3C0017362C /* linphone.framework */; settings = {ATTRIBUTES = (CodeSignOnCopy, RemoveHeadersOnCopy, ); }; };
		6E569B0A1F09F67500BF244A /* linphonetester.framework in Embed Frameworks */ = {isa = PBXBuildFile; fileRef = 6E76D7561F070F3C0017362C /* linphonetester.framework */; settings = {ATTRIBUTES = (CodeSignOnCopy, RemoveHeadersOnCopy, ); }; };
		6E569B0B1F09F67500BF244A /* mediastreamer_base.framework in Embed Frameworks */ = {isa = PBXBuildFile; fileRef = 6E76D7571F070F3C0017362C /* mediastreamer_base.framework */; settings = {ATTRIBUTES = (CodeSignOnCopy, RemoveHeadersOnCopy, ); }; };
		6E569B0C1F09F67500BF244A /* mediastreamer_voip.framework in Embed Frameworks */ = {isa = PBXBuildFile; fileRef = 6E76D7581F070F3C0017362C /* mediastreamer_voip.framework */; settings = {ATTRIBUTES = (CodeSignOnCopy, RemoveHeadersOnCopy, ); }; };
		6E569B0D1F09F67500BF244A /* msamr.framework in Embed Frameworks */ = {isa = PBXBuildFile; fileRef = 6E76D7591F070F3C0017362C /* msamr.framework */; settings = {ATTRIBUTES = (CodeSignOnCopy, RemoveHeadersOnCopy, ); }; };
		6E569B0E1F09F67500BF244A /* mscodec2.framework in Embed Frameworks */ = {isa = PBXBuildFile; fileRef = 6E76D75A1F070F3C0017362C /* mscodec2.framework */; settings = {ATTRIBUTES = (CodeSignOnCopy, RemoveHeadersOnCopy, ); }; };
		6E569B0F1F09F67500BF244A /* msopenh264.framework in Embed Frameworks */ = {isa = PBXBuildFile; fileRef = 6E76D75B1F070F3C0017362C /* msopenh264.framework */; settings = {ATTRIBUTES = (CodeSignOnCopy, RemoveHeadersOnCopy, ); }; };
		6E569B101F09F67500BF244A /* mssilk.framework in Embed Frameworks */ = {isa = PBXBuildFile; fileRef = 6E76D75C1F070F3C0017362C /* mssilk.framework */; settings = {ATTRIBUTES = (CodeSignOnCopy, RemoveHeadersOnCopy, ); }; };
		6E569B111F09F67500BF244A /* mswebrtc.framework in Embed Frameworks */ = {isa = PBXBuildFile; fileRef = 6E76D75D1F070F3C0017362C /* mswebrtc.framework */; settings = {ATTRIBUTES = (CodeSignOnCopy, RemoveHeadersOnCopy, ); }; };
		6E569B121F09F67500BF244A /* msx264.framework in Embed Frameworks */ = {isa = PBXBuildFile; fileRef = 6E76D75E1F070F3C0017362C /* msx264.framework */; settings = {ATTRIBUTES = (CodeSignOnCopy, RemoveHeadersOnCopy, ); }; };
		6E569B131F09F67500BF244A /* ortp.framework in Embed Frameworks */ = {isa = PBXBuildFile; fileRef = 6E76D75F1F070F3C0017362C /* ortp.framework */; settings = {ATTRIBUTES = (CodeSignOnCopy, RemoveHeadersOnCopy, ); }; };
		6E569B191F09F74D00BF244A /* StringList.swift in Sources */ = {isa = PBXBuildFile; fileRef = 6E569ADC1F09DA3500BF244A /* StringList.swift */; };
		6E569B1D1F09F9AD00BF244A /* UserDataHandle.swift in Sources */ = {isa = PBXBuildFile; fileRef = 6E569B1C1F09F9AD00BF244A /* UserDataHandle.swift */; };
		6E569B1F1F09F9D500BF244A /* Handle.swift in Sources */ = {isa = PBXBuildFile; fileRef = 6E569B1E1F09F9D500BF244A /* Handle.swift */; };
		6E569B211F09F9FF00BF244A /* ManagedPointer.swift in Sources */ = {isa = PBXBuildFile; fileRef = 6E569B201F09F9FF00BF244A /* ManagedPointer.swift */; };
		6E569B231F09FA1C00BF244A /* UnmanagedPointer.swift in Sources */ = {isa = PBXBuildFile; fileRef = 6E569B221F09FA1C00BF244A /* UnmanagedPointer.swift */; };
		6E569B251F09FA4A00BF244A /* ManagedHandle.swift in Sources */ = {isa = PBXBuildFile; fileRef = 6E569B241F09FA4A00BF244A /* ManagedHandle.swift */; };
		6E569B271F09FA7500BF244A /* ReferenceConvertible.swift in Sources */ = {isa = PBXBuildFile; fileRef = 6E569B261F09FA7500BF244A /* ReferenceConvertible.swift */; };
		6E569B291F09FC2B00BF244A /* CopyableHandle.swift in Sources */ = {isa = PBXBuildFile; fileRef = 6E569B281F09FC2B00BF244A /* CopyableHandle.swift */; };
		6E569B2B1F0A063F00BF244A /* Handle.swift in Sources */ = {isa = PBXBuildFile; fileRef = 6E569B2A1F0A063F00BF244A /* Handle.swift */; };
		6E569B2E1F0A067800BF244A /* CopyableHandle.swift in Sources */ = {isa = PBXBuildFile; fileRef = 6E569B2C1F0A067800BF244A /* CopyableHandle.swift */; };
		6E569B2F1F0A067800BF244A /* ReferenceConvertible.swift in Sources */ = {isa = PBXBuildFile; fileRef = 6E569B2D1F0A067800BF244A /* ReferenceConvertible.swift */; };
		6E58AEEA1F071D4A009A0E68 /* bctoolbox.framework in Frameworks */ = {isa = PBXBuildFile; fileRef = 6E76D7541F070F3C0017362C /* bctoolbox.framework */; };
		6E58AEEB1F071D4A009A0E68 /* linphone.framework in Frameworks */ = {isa = PBXBuildFile; fileRef = 6E76D7551F070F3C0017362C /* linphone.framework */; };
		6E58AEEC1F071D4A009A0E68 /* linphonetester.framework in Frameworks */ = {isa = PBXBuildFile; fileRef = 6E76D7561F070F3C0017362C /* linphonetester.framework */; };
		6E58AEED1F071D4A009A0E68 /* mediastreamer_base.framework in Frameworks */ = {isa = PBXBuildFile; fileRef = 6E76D7571F070F3C0017362C /* mediastreamer_base.framework */; };
		6E58AEEE1F071D4A009A0E68 /* mediastreamer_voip.framework in Frameworks */ = {isa = PBXBuildFile; fileRef = 6E76D7581F070F3C0017362C /* mediastreamer_voip.framework */; };
		6E58AEEF1F071D4A009A0E68 /* msamr.framework in Frameworks */ = {isa = PBXBuildFile; fileRef = 6E76D7591F070F3C0017362C /* msamr.framework */; };
		6E58AEF01F071D4A009A0E68 /* mscodec2.framework in Frameworks */ = {isa = PBXBuildFile; fileRef = 6E76D75A1F070F3C0017362C /* mscodec2.framework */; };
		6E58AEF11F071D4A009A0E68 /* msopenh264.framework in Frameworks */ = {isa = PBXBuildFile; fileRef = 6E76D75B1F070F3C0017362C /* msopenh264.framework */; };
		6E58AEF21F071D4A009A0E68 /* mssilk.framework in Frameworks */ = {isa = PBXBuildFile; fileRef = 6E76D75C1F070F3C0017362C /* mssilk.framework */; };
		6E58AEF31F071D4A009A0E68 /* mswebrtc.framework in Frameworks */ = {isa = PBXBuildFile; fileRef = 6E76D75D1F070F3C0017362C /* mswebrtc.framework */; };
		6E58AEF41F071D4A009A0E68 /* msx264.framework in Frameworks */ = {isa = PBXBuildFile; fileRef = 6E76D75E1F070F3C0017362C /* msx264.framework */; };
		6E58AEF51F071D4A009A0E68 /* ortp.framework in Frameworks */ = {isa = PBXBuildFile; fileRef = 6E76D75F1F070F3C0017362C /* ortp.framework */; };
		6E58AEFC1F0720E9009A0E68 /* bctoolbox.framework in Embed Frameworks */ = {isa = PBXBuildFile; fileRef = 6E76D7541F070F3C0017362C /* bctoolbox.framework */; settings = {ATTRIBUTES = (CodeSignOnCopy, RemoveHeadersOnCopy, ); }; };
		6E58AEFD1F0720E9009A0E68 /* linphone.framework in Embed Frameworks */ = {isa = PBXBuildFile; fileRef = 6E76D7551F070F3C0017362C /* linphone.framework */; settings = {ATTRIBUTES = (CodeSignOnCopy, RemoveHeadersOnCopy, ); }; };
		6E58AEFE1F0720E9009A0E68 /* linphonetester.framework in Embed Frameworks */ = {isa = PBXBuildFile; fileRef = 6E76D7561F070F3C0017362C /* linphonetester.framework */; settings = {ATTRIBUTES = (CodeSignOnCopy, RemoveHeadersOnCopy, ); }; };
		6E58AEFF1F0720E9009A0E68 /* mediastreamer_base.framework in Embed Frameworks */ = {isa = PBXBuildFile; fileRef = 6E76D7571F070F3C0017362C /* mediastreamer_base.framework */; settings = {ATTRIBUTES = (CodeSignOnCopy, RemoveHeadersOnCopy, ); }; };
		6E58AF001F0720E9009A0E68 /* mediastreamer_voip.framework in Embed Frameworks */ = {isa = PBXBuildFile; fileRef = 6E76D7581F070F3C0017362C /* mediastreamer_voip.framework */; settings = {ATTRIBUTES = (CodeSignOnCopy, RemoveHeadersOnCopy, ); }; };
		6E58AF011F0720E9009A0E68 /* msamr.framework in Embed Frameworks */ = {isa = PBXBuildFile; fileRef = 6E76D7591F070F3C0017362C /* msamr.framework */; settings = {ATTRIBUTES = (CodeSignOnCopy, RemoveHeadersOnCopy, ); }; };
		6E58AF021F0720E9009A0E68 /* mscodec2.framework in Embed Frameworks */ = {isa = PBXBuildFile; fileRef = 6E76D75A1F070F3C0017362C /* mscodec2.framework */; settings = {ATTRIBUTES = (CodeSignOnCopy, RemoveHeadersOnCopy, ); }; };
		6E58AF031F0720E9009A0E68 /* msopenh264.framework in Embed Frameworks */ = {isa = PBXBuildFile; fileRef = 6E76D75B1F070F3C0017362C /* msopenh264.framework */; settings = {ATTRIBUTES = (CodeSignOnCopy, RemoveHeadersOnCopy, ); }; };
		6E58AF041F0720E9009A0E68 /* mssilk.framework in Embed Frameworks */ = {isa = PBXBuildFile; fileRef = 6E76D75C1F070F3C0017362C /* mssilk.framework */; settings = {ATTRIBUTES = (CodeSignOnCopy, RemoveHeadersOnCopy, ); }; };
		6E58AF051F0720E9009A0E68 /* mswebrtc.framework in Embed Frameworks */ = {isa = PBXBuildFile; fileRef = 6E76D75D1F070F3C0017362C /* mswebrtc.framework */; settings = {ATTRIBUTES = (CodeSignOnCopy, RemoveHeadersOnCopy, ); }; };
		6E58AF061F0720E9009A0E68 /* msx264.framework in Embed Frameworks */ = {isa = PBXBuildFile; fileRef = 6E76D75E1F070F3C0017362C /* msx264.framework */; settings = {ATTRIBUTES = (CodeSignOnCopy, RemoveHeadersOnCopy, ); }; };
		6E58AF071F0720E9009A0E68 /* ortp.framework in Embed Frameworks */ = {isa = PBXBuildFile; fileRef = 6E76D75F1F070F3C0017362C /* ortp.framework */; settings = {ATTRIBUTES = (CodeSignOnCopy, RemoveHeadersOnCopy, ); }; };
		6E58AF091F07221B009A0E68 /* StreamType.swift in Sources */ = {isa = PBXBuildFile; fileRef = 6E58AF081F07221B009A0E68 /* StreamType.swift */; };
		6E58AF0B1F07234B009A0E68 /* Enumeration.swift in Sources */ = {isa = PBXBuildFile; fileRef = 6E58AF0A1F07234B009A0E68 /* Enumeration.swift */; };
		6E58AF0D1F07CE74009A0E68 /* Factory.swift in Sources */ = {isa = PBXBuildFile; fileRef = 6E58AF0C1F07CE74009A0E68 /* Factory.swift */; };
		6E58AF0F1F07D245009A0E68 /* Configuration.swift in Sources */ = {isa = PBXBuildFile; fileRef = 6E58AF0E1F07D245009A0E68 /* Configuration.swift */; };
		6E58AF131F07E9E9009A0E68 /* Internal.swift in Sources */ = {isa = PBXBuildFile; fileRef = 6E58AF121F07E9E9009A0E68 /* Internal.swift */; };
		6E58AF1F1F085B4F009A0E68 /* msx264.framework in Frameworks */ = {isa = PBXBuildFile; fileRef = 6E76D75E1F070F3C0017362C /* msx264.framework */; };
		6E58AF201F085B4F009A0E68 /* mswebrtc.framework in Frameworks */ = {isa = PBXBuildFile; fileRef = 6E76D75D1F070F3C0017362C /* mswebrtc.framework */; };
		6E58AF211F085B4F009A0E68 /* mediastreamer_base.framework in Frameworks */ = {isa = PBXBuildFile; fileRef = 6E76D7571F070F3C0017362C /* mediastreamer_base.framework */; };
		6E58AF221F085B4F009A0E68 /* mscodec2.framework in Frameworks */ = {isa = PBXBuildFile; fileRef = 6E76D75A1F070F3C0017362C /* mscodec2.framework */; };
		6E58AF231F085B4F009A0E68 /* mssilk.framework in Frameworks */ = {isa = PBXBuildFile; fileRef = 6E76D75C1F070F3C0017362C /* mssilk.framework */; };
		6E58AF241F085B4F009A0E68 /* mediastreamer_voip.framework in Frameworks */ = {isa = PBXBuildFile; fileRef = 6E76D7581F070F3C0017362C /* mediastreamer_voip.framework */; };
		6E58AF251F085B4F009A0E68 /* bctoolbox.framework in Frameworks */ = {isa = PBXBuildFile; fileRef = 6E76D7541F070F3C0017362C /* bctoolbox.framework */; };
		6E58AF261F085B4F009A0E68 /* linphone.framework in Frameworks */ = {isa = PBXBuildFile; fileRef = 6E76D7551F070F3C0017362C /* linphone.framework */; };
		6E58AF271F085B4F009A0E68 /* msopenh264.framework in Frameworks */ = {isa = PBXBuildFile; fileRef = 6E76D75B1F070F3C0017362C /* msopenh264.framework */; };
		6E58AF281F085B4F009A0E68 /* msamr.framework in Frameworks */ = {isa = PBXBuildFile; fileRef = 6E76D7591F070F3C0017362C /* msamr.framework */; };
		6E58AF291F085B4F009A0E68 /* ortp.framework in Frameworks */ = {isa = PBXBuildFile; fileRef = 6E76D75F1F070F3C0017362C /* ortp.framework */; };
		6E58AF361F085B53009A0E68 /* LinPhoneSwift.framework in Frameworks */ = {isa = PBXBuildFile; fileRef = OBJ_14 /* LinPhoneSwift.framework */; };
		6E58AF371F085B53009A0E68 /* bctoolbox.framework in Frameworks */ = {isa = PBXBuildFile; fileRef = 6E76D7541F070F3C0017362C /* bctoolbox.framework */; };
		6E58AF381F085B53009A0E68 /* linphone.framework in Frameworks */ = {isa = PBXBuildFile; fileRef = 6E76D7551F070F3C0017362C /* linphone.framework */; };
		6E58AF391F085B53009A0E68 /* linphonetester.framework in Frameworks */ = {isa = PBXBuildFile; fileRef = 6E76D7561F070F3C0017362C /* linphonetester.framework */; };
		6E58AF3A1F085B53009A0E68 /* mediastreamer_base.framework in Frameworks */ = {isa = PBXBuildFile; fileRef = 6E76D7571F070F3C0017362C /* mediastreamer_base.framework */; };
		6E58AF3B1F085B53009A0E68 /* mediastreamer_voip.framework in Frameworks */ = {isa = PBXBuildFile; fileRef = 6E76D7581F070F3C0017362C /* mediastreamer_voip.framework */; };
		6E58AF3C1F085B53009A0E68 /* msamr.framework in Frameworks */ = {isa = PBXBuildFile; fileRef = 6E76D7591F070F3C0017362C /* msamr.framework */; };
		6E58AF3D1F085B53009A0E68 /* mscodec2.framework in Frameworks */ = {isa = PBXBuildFile; fileRef = 6E76D75A1F070F3C0017362C /* mscodec2.framework */; };
		6E58AF3E1F085B53009A0E68 /* msopenh264.framework in Frameworks */ = {isa = PBXBuildFile; fileRef = 6E76D75B1F070F3C0017362C /* msopenh264.framework */; };
		6E58AF3F1F085B53009A0E68 /* mssilk.framework in Frameworks */ = {isa = PBXBuildFile; fileRef = 6E76D75C1F070F3C0017362C /* mssilk.framework */; };
		6E58AF401F085B53009A0E68 /* mswebrtc.framework in Frameworks */ = {isa = PBXBuildFile; fileRef = 6E76D75D1F070F3C0017362C /* mswebrtc.framework */; };
		6E58AF411F085B53009A0E68 /* msx264.framework in Frameworks */ = {isa = PBXBuildFile; fileRef = 6E76D75E1F070F3C0017362C /* msx264.framework */; };
		6E58AF421F085B53009A0E68 /* ortp.framework in Frameworks */ = {isa = PBXBuildFile; fileRef = 6E76D75F1F070F3C0017362C /* ortp.framework */; };
		6E58AF441F085B53009A0E68 /* bctoolbox.framework in Embed Frameworks */ = {isa = PBXBuildFile; fileRef = 6E76D7541F070F3C0017362C /* bctoolbox.framework */; settings = {ATTRIBUTES = (CodeSignOnCopy, RemoveHeadersOnCopy, ); }; };
		6E58AF451F085B53009A0E68 /* linphone.framework in Embed Frameworks */ = {isa = PBXBuildFile; fileRef = 6E76D7551F070F3C0017362C /* linphone.framework */; settings = {ATTRIBUTES = (CodeSignOnCopy, RemoveHeadersOnCopy, ); }; };
		6E58AF461F085B53009A0E68 /* linphonetester.framework in Embed Frameworks */ = {isa = PBXBuildFile; fileRef = 6E76D7561F070F3C0017362C /* linphonetester.framework */; settings = {ATTRIBUTES = (CodeSignOnCopy, RemoveHeadersOnCopy, ); }; };
		6E58AF471F085B53009A0E68 /* mediastreamer_base.framework in Embed Frameworks */ = {isa = PBXBuildFile; fileRef = 6E76D7571F070F3C0017362C /* mediastreamer_base.framework */; settings = {ATTRIBUTES = (CodeSignOnCopy, RemoveHeadersOnCopy, ); }; };
		6E58AF481F085B53009A0E68 /* mediastreamer_voip.framework in Embed Frameworks */ = {isa = PBXBuildFile; fileRef = 6E76D7581F070F3C0017362C /* mediastreamer_voip.framework */; settings = {ATTRIBUTES = (CodeSignOnCopy, RemoveHeadersOnCopy, ); }; };
		6E58AF491F085B53009A0E68 /* msamr.framework in Embed Frameworks */ = {isa = PBXBuildFile; fileRef = 6E76D7591F070F3C0017362C /* msamr.framework */; settings = {ATTRIBUTES = (CodeSignOnCopy, RemoveHeadersOnCopy, ); }; };
		6E58AF4A1F085B53009A0E68 /* mscodec2.framework in Embed Frameworks */ = {isa = PBXBuildFile; fileRef = 6E76D75A1F070F3C0017362C /* mscodec2.framework */; settings = {ATTRIBUTES = (CodeSignOnCopy, RemoveHeadersOnCopy, ); }; };
		6E58AF4B1F085B53009A0E68 /* msopenh264.framework in Embed Frameworks */ = {isa = PBXBuildFile; fileRef = 6E76D75B1F070F3C0017362C /* msopenh264.framework */; settings = {ATTRIBUTES = (CodeSignOnCopy, RemoveHeadersOnCopy, ); }; };
		6E58AF4C1F085B53009A0E68 /* mssilk.framework in Embed Frameworks */ = {isa = PBXBuildFile; fileRef = 6E76D75C1F070F3C0017362C /* mssilk.framework */; settings = {ATTRIBUTES = (CodeSignOnCopy, RemoveHeadersOnCopy, ); }; };
		6E58AF4D1F085B53009A0E68 /* mswebrtc.framework in Embed Frameworks */ = {isa = PBXBuildFile; fileRef = 6E76D75D1F070F3C0017362C /* mswebrtc.framework */; settings = {ATTRIBUTES = (CodeSignOnCopy, RemoveHeadersOnCopy, ); }; };
		6E58AF4E1F085B53009A0E68 /* msx264.framework in Embed Frameworks */ = {isa = PBXBuildFile; fileRef = 6E76D75E1F070F3C0017362C /* msx264.framework */; settings = {ATTRIBUTES = (CodeSignOnCopy, RemoveHeadersOnCopy, ); }; };
		6E58AF4F1F085B53009A0E68 /* ortp.framework in Embed Frameworks */ = {isa = PBXBuildFile; fileRef = 6E76D75F1F070F3C0017362C /* ortp.framework */; settings = {ATTRIBUTES = (CodeSignOnCopy, RemoveHeadersOnCopy, ); }; };
		6E58AF571F085BB5009A0E68 /* Factory.swift in Sources */ = {isa = PBXBuildFile; fileRef = 6E58AF561F085BB5009A0E68 /* Factory.swift */; };
		6E58AF5A1F085DB2009A0E68 /* MediaStreamer.framework in Frameworks */ = {isa = PBXBuildFile; fileRef = 6E58AF2E1F085B4F009A0E68 /* MediaStreamer.framework */; };
		6E76D7401F0705B70017362C /* Core.swift in Sources */ = {isa = PBXBuildFile; fileRef = 6E76D73E1F0705B70017362C /* Core.swift */; };
		6E76D7601F070F3C0017362C /* bctoolbox.framework in Frameworks */ = {isa = PBXBuildFile; fileRef = 6E76D7541F070F3C0017362C /* bctoolbox.framework */; };
		6E76D7611F070F3C0017362C /* linphone.framework in Frameworks */ = {isa = PBXBuildFile; fileRef = 6E76D7551F070F3C0017362C /* linphone.framework */; };
		6E76D7631F070F3C0017362C /* mediastreamer_base.framework in Frameworks */ = {isa = PBXBuildFile; fileRef = 6E76D7571F070F3C0017362C /* mediastreamer_base.framework */; };
		6E76D7641F070F3C0017362C /* mediastreamer_voip.framework in Frameworks */ = {isa = PBXBuildFile; fileRef = 6E76D7581F070F3C0017362C /* mediastreamer_voip.framework */; };
		6E76D7651F070F3C0017362C /* msamr.framework in Frameworks */ = {isa = PBXBuildFile; fileRef = 6E76D7591F070F3C0017362C /* msamr.framework */; };
		6E76D7661F070F3C0017362C /* mscodec2.framework in Frameworks */ = {isa = PBXBuildFile; fileRef = 6E76D75A1F070F3C0017362C /* mscodec2.framework */; };
		6E76D7671F070F3C0017362C /* msopenh264.framework in Frameworks */ = {isa = PBXBuildFile; fileRef = 6E76D75B1F070F3C0017362C /* msopenh264.framework */; };
		6E76D7681F070F3C0017362C /* mssilk.framework in Frameworks */ = {isa = PBXBuildFile; fileRef = 6E76D75C1F070F3C0017362C /* mssilk.framework */; };
		6E76D7691F070F3C0017362C /* mswebrtc.framework in Frameworks */ = {isa = PBXBuildFile; fileRef = 6E76D75D1F070F3C0017362C /* mswebrtc.framework */; };
		6E76D76A1F070F3C0017362C /* msx264.framework in Frameworks */ = {isa = PBXBuildFile; fileRef = 6E76D75E1F070F3C0017362C /* msx264.framework */; };
		6E76D76B1F070F3C0017362C /* ortp.framework in Frameworks */ = {isa = PBXBuildFile; fileRef = 6E76D75F1F070F3C0017362C /* ortp.framework */; };
		OBJ_28 /* CoreTests.swift in Sources */ = {isa = PBXBuildFile; fileRef = OBJ_11 /* CoreTests.swift */; };
		OBJ_30 /* LinPhoneSwift.framework in Frameworks */ = {isa = PBXBuildFile; fileRef = OBJ_14 /* LinPhoneSwift.framework */; };
/* End PBXBuildFile section */

/* Begin PBXContainerItemProxy section */
		6E569ADF1F09F67200BF244A /* PBXContainerItemProxy */ = {
			isa = PBXContainerItemProxy;
			containerPortal = OBJ_1 /* Project object */;
			proxyType = 1;
			remoteGlobalIDString = 6E76D7701F0718580017362C;
			remoteInfo = CMake;
		};
		6E569B1A1F09F7F600BF244A /* PBXContainerItemProxy */ = {
			isa = PBXContainerItemProxy;
			containerPortal = OBJ_1 /* Project object */;
			proxyType = 1;
			remoteGlobalIDString = 6E569ADD1F09F67200BF244A;
			remoteInfo = BelledonneToolbox;
		};
		6E58AF161F085B4F009A0E68 /* PBXContainerItemProxy */ = {
			isa = PBXContainerItemProxy;
			containerPortal = OBJ_1 /* Project object */;
			proxyType = 1;
			remoteGlobalIDString = 6E76D7701F0718580017362C;
			remoteInfo = CMake;
		};
		6E58AF581F085DAB009A0E68 /* PBXContainerItemProxy */ = {
			isa = PBXContainerItemProxy;
			containerPortal = OBJ_1 /* Project object */;
			proxyType = 1;
			remoteGlobalIDString = 6E58AF141F085B4F009A0E68;
			remoteInfo = MediaStreamer;
		};
		6E76D7371F06F8BB0017362C /* PBXContainerItemProxy */ = {
			isa = PBXContainerItemProxy;
			containerPortal = OBJ_1 /* Project object */;
			proxyType = 1;
			remoteGlobalIDString = OBJ_16;
			remoteInfo = LinPhoneSwift;
		};
		6E76D7751F0718B10017362C /* PBXContainerItemProxy */ = {
			isa = PBXContainerItemProxy;
			containerPortal = OBJ_1 /* Project object */;
			proxyType = 1;
			remoteGlobalIDString = 6E76D7701F0718580017362C;
			remoteInfo = CMake;
		};
/* End PBXContainerItemProxy section */

/* Begin PBXCopyFilesBuildPhase section */
		6E569B071F09F67500BF244A /* Embed Frameworks */ = {
			isa = PBXCopyFilesBuildPhase;
			buildActionMask = 2147483647;
			dstPath = "";
			dstSubfolderSpec = 10;
			files = (
				6E569B081F09F67500BF244A /* bctoolbox.framework in Embed Frameworks */,
				6E569B091F09F67500BF244A /* linphone.framework in Embed Frameworks */,
				6E569B0A1F09F67500BF244A /* linphonetester.framework in Embed Frameworks */,
				6E569B0B1F09F67500BF244A /* mediastreamer_base.framework in Embed Frameworks */,
				6E569B0C1F09F67500BF244A /* mediastreamer_voip.framework in Embed Frameworks */,
				6E569B0D1F09F67500BF244A /* msamr.framework in Embed Frameworks */,
				6E569B0E1F09F67500BF244A /* mscodec2.framework in Embed Frameworks */,
				6E569B0F1F09F67500BF244A /* msopenh264.framework in Embed Frameworks */,
				6E569B101F09F67500BF244A /* mssilk.framework in Embed Frameworks */,
				6E569B111F09F67500BF244A /* mswebrtc.framework in Embed Frameworks */,
				6E569B121F09F67500BF244A /* msx264.framework in Embed Frameworks */,
				6E569B131F09F67500BF244A /* ortp.framework in Embed Frameworks */,
			);
			name = "Embed Frameworks";
			runOnlyForDeploymentPostprocessing = 0;
		};
		6E58AEFB1F0720DD009A0E68 /* Embed Frameworks */ = {
			isa = PBXCopyFilesBuildPhase;
			buildActionMask = 2147483647;
			dstPath = "";
			dstSubfolderSpec = 10;
			files = (
				6E58AEFC1F0720E9009A0E68 /* bctoolbox.framework in Embed Frameworks */,
				6E58AEFD1F0720E9009A0E68 /* linphone.framework in Embed Frameworks */,
				6E58AEFE1F0720E9009A0E68 /* linphonetester.framework in Embed Frameworks */,
				6E58AEFF1F0720E9009A0E68 /* mediastreamer_base.framework in Embed Frameworks */,
				6E58AF001F0720E9009A0E68 /* mediastreamer_voip.framework in Embed Frameworks */,
				6E58AF011F0720E9009A0E68 /* msamr.framework in Embed Frameworks */,
				6E58AF021F0720E9009A0E68 /* mscodec2.framework in Embed Frameworks */,
				6E58AF031F0720E9009A0E68 /* msopenh264.framework in Embed Frameworks */,
				6E58AF041F0720E9009A0E68 /* mssilk.framework in Embed Frameworks */,
				6E58AF051F0720E9009A0E68 /* mswebrtc.framework in Embed Frameworks */,
				6E58AF061F0720E9009A0E68 /* msx264.framework in Embed Frameworks */,
				6E58AF071F0720E9009A0E68 /* ortp.framework in Embed Frameworks */,
			);
			name = "Embed Frameworks";
			runOnlyForDeploymentPostprocessing = 0;
		};
		6E58AF431F085B53009A0E68 /* Embed Frameworks */ = {
			isa = PBXCopyFilesBuildPhase;
			buildActionMask = 2147483647;
			dstPath = "";
			dstSubfolderSpec = 10;
			files = (
				6E58AF441F085B53009A0E68 /* bctoolbox.framework in Embed Frameworks */,
				6E58AF451F085B53009A0E68 /* linphone.framework in Embed Frameworks */,
				6E58AF461F085B53009A0E68 /* linphonetester.framework in Embed Frameworks */,
				6E58AF471F085B53009A0E68 /* mediastreamer_base.framework in Embed Frameworks */,
				6E58AF481F085B53009A0E68 /* mediastreamer_voip.framework in Embed Frameworks */,
				6E58AF491F085B53009A0E68 /* msamr.framework in Embed Frameworks */,
				6E58AF4A1F085B53009A0E68 /* mscodec2.framework in Embed Frameworks */,
				6E58AF4B1F085B53009A0E68 /* msopenh264.framework in Embed Frameworks */,
				6E58AF4C1F085B53009A0E68 /* mssilk.framework in Embed Frameworks */,
				6E58AF4D1F085B53009A0E68 /* mswebrtc.framework in Embed Frameworks */,
				6E58AF4E1F085B53009A0E68 /* msx264.framework in Embed Frameworks */,
				6E58AF4F1F085B53009A0E68 /* ortp.framework in Embed Frameworks */,
			);
			name = "Embed Frameworks";
			runOnlyForDeploymentPostprocessing = 0;
		};
/* End PBXCopyFilesBuildPhase section */

/* Begin PBXFileReference section */
		6E569ADC1F09DA3500BF244A /* StringList.swift */ = {isa = PBXFileReference; lastKnownFileType = sourcecode.swift; path = StringList.swift; sourceTree = "<group>"; };
		6E569AF21F09F67200BF244A /* BelledonneToolbox.framework */ = {isa = PBXFileReference; explicitFileType = wrapper.framework; includeInIndex = 0; path = BelledonneToolbox.framework; sourceTree = BUILT_PRODUCTS_DIR; };
		6E569B171F09F67500BF244A /* BelledonneToolboxTests.xctest */ = {isa = PBXFileReference; explicitFileType = wrapper.cfbundle; includeInIndex = 0; path = BelledonneToolboxTests.xctest; sourceTree = BUILT_PRODUCTS_DIR; };
		6E569B1C1F09F9AD00BF244A /* UserDataHandle.swift */ = {isa = PBXFileReference; fileEncoding = 4; lastKnownFileType = sourcecode.swift; path = UserDataHandle.swift; sourceTree = "<group>"; };
		6E569B1E1F09F9D500BF244A /* Handle.swift */ = {isa = PBXFileReference; fileEncoding = 4; lastKnownFileType = sourcecode.swift; path = Handle.swift; sourceTree = "<group>"; };
		6E569B201F09F9FF00BF244A /* ManagedPointer.swift */ = {isa = PBXFileReference; fileEncoding = 4; lastKnownFileType = sourcecode.swift; path = ManagedPointer.swift; sourceTree = "<group>"; };
		6E569B221F09FA1C00BF244A /* UnmanagedPointer.swift */ = {isa = PBXFileReference; fileEncoding = 4; lastKnownFileType = sourcecode.swift; path = UnmanagedPointer.swift; sourceTree = "<group>"; };
		6E569B241F09FA4A00BF244A /* ManagedHandle.swift */ = {isa = PBXFileReference; fileEncoding = 4; lastKnownFileType = sourcecode.swift; path = ManagedHandle.swift; sourceTree = "<group>"; };
		6E569B261F09FA7500BF244A /* ReferenceConvertible.swift */ = {isa = PBXFileReference; fileEncoding = 4; lastKnownFileType = sourcecode.swift; path = ReferenceConvertible.swift; sourceTree = "<group>"; };
		6E569B281F09FC2B00BF244A /* CopyableHandle.swift */ = {isa = PBXFileReference; fileEncoding = 4; lastKnownFileType = sourcecode.swift; path = CopyableHandle.swift; sourceTree = "<group>"; };
		6E569B2A1F0A063F00BF244A /* Handle.swift */ = {isa = PBXFileReference; fileEncoding = 4; lastKnownFileType = sourcecode.swift; path = Handle.swift; sourceTree = "<group>"; };
		6E569B2C1F0A067800BF244A /* CopyableHandle.swift */ = {isa = PBXFileReference; fileEncoding = 4; lastKnownFileType = sourcecode.swift; path = CopyableHandle.swift; sourceTree = "<group>"; };
		6E569B2D1F0A067800BF244A /* ReferenceConvertible.swift */ = {isa = PBXFileReference; fileEncoding = 4; lastKnownFileType = sourcecode.swift; path = ReferenceConvertible.swift; sourceTree = "<group>"; };
		6E58AF081F07221B009A0E68 /* StreamType.swift */ = {isa = PBXFileReference; fileEncoding = 4; lastKnownFileType = sourcecode.swift; path = StreamType.swift; sourceTree = "<group>"; };
		6E58AF0A1F07234B009A0E68 /* Enumeration.swift */ = {isa = PBXFileReference; fileEncoding = 4; lastKnownFileType = sourcecode.swift; path = Enumeration.swift; sourceTree = "<group>"; };
		6E58AF0C1F07CE74009A0E68 /* Factory.swift */ = {isa = PBXFileReference; fileEncoding = 4; lastKnownFileType = sourcecode.swift; path = Factory.swift; sourceTree = "<group>"; };
		6E58AF0E1F07D245009A0E68 /* Configuration.swift */ = {isa = PBXFileReference; fileEncoding = 4; lastKnownFileType = sourcecode.swift; path = Configuration.swift; sourceTree = "<group>"; };
		6E58AF121F07E9E9009A0E68 /* Internal.swift */ = {isa = PBXFileReference; fileEncoding = 4; lastKnownFileType = sourcecode.swift; path = Internal.swift; sourceTree = "<group>"; };
		6E58AF2E1F085B4F009A0E68 /* MediaStreamer.framework */ = {isa = PBXFileReference; explicitFileType = wrapper.framework; includeInIndex = 0; path = MediaStreamer.framework; sourceTree = BUILT_PRODUCTS_DIR; };
		6E58AF531F085B53009A0E68 /* MediaStreamerTests.xctest */ = {isa = PBXFileReference; explicitFileType = wrapper.cfbundle; includeInIndex = 0; path = MediaStreamerTests.xctest; sourceTree = BUILT_PRODUCTS_DIR; };
		6E58AF561F085BB5009A0E68 /* Factory.swift */ = {isa = PBXFileReference; fileEncoding = 4; lastKnownFileType = sourcecode.swift; path = Factory.swift; sourceTree = "<group>"; };
		6E76D73E1F0705B70017362C /* Core.swift */ = {isa = PBXFileReference; fileEncoding = 4; lastKnownFileType = sourcecode.swift; path = Core.swift; sourceTree = "<group>"; };
		6E76D7541F070F3C0017362C /* bctoolbox.framework */ = {isa = PBXFileReference; lastKnownFileType = wrapper.framework; path = bctoolbox.framework; sourceTree = "<group>"; };
		6E76D7551F070F3C0017362C /* linphone.framework */ = {isa = PBXFileReference; lastKnownFileType = wrapper.framework; path = linphone.framework; sourceTree = "<group>"; };
		6E76D7561F070F3C0017362C /* linphonetester.framework */ = {isa = PBXFileReference; lastKnownFileType = wrapper.framework; path = linphonetester.framework; sourceTree = "<group>"; };
		6E76D7571F070F3C0017362C /* mediastreamer_base.framework */ = {isa = PBXFileReference; lastKnownFileType = wrapper.framework; path = mediastreamer_base.framework; sourceTree = "<group>"; };
		6E76D7581F070F3C0017362C /* mediastreamer_voip.framework */ = {isa = PBXFileReference; lastKnownFileType = wrapper.framework; path = mediastreamer_voip.framework; sourceTree = "<group>"; };
		6E76D7591F070F3C0017362C /* msamr.framework */ = {isa = PBXFileReference; lastKnownFileType = wrapper.framework; path = msamr.framework; sourceTree = "<group>"; };
		6E76D75A1F070F3C0017362C /* mscodec2.framework */ = {isa = PBXFileReference; lastKnownFileType = wrapper.framework; path = mscodec2.framework; sourceTree = "<group>"; };
		6E76D75B1F070F3C0017362C /* msopenh264.framework */ = {isa = PBXFileReference; lastKnownFileType = wrapper.framework; path = msopenh264.framework; sourceTree = "<group>"; };
		6E76D75C1F070F3C0017362C /* mssilk.framework */ = {isa = PBXFileReference; lastKnownFileType = wrapper.framework; path = mssilk.framework; sourceTree = "<group>"; };
		6E76D75D1F070F3C0017362C /* mswebrtc.framework */ = {isa = PBXFileReference; lastKnownFileType = wrapper.framework; path = mswebrtc.framework; sourceTree = "<group>"; };
		6E76D75E1F070F3C0017362C /* msx264.framework */ = {isa = PBXFileReference; lastKnownFileType = wrapper.framework; path = msx264.framework; sourceTree = "<group>"; };
		6E76D75F1F070F3C0017362C /* ortp.framework */ = {isa = PBXFileReference; lastKnownFileType = wrapper.framework; path = ortp.framework; sourceTree = "<group>"; };
		6E76D76D1F0710D90017362C /* module.map */ = {isa = PBXFileReference; lastKnownFileType = "sourcecode.module-map"; path = module.map; sourceTree = "<group>"; };
		OBJ_11 /* CoreTests.swift */ = {isa = PBXFileReference; lastKnownFileType = sourcecode.swift; path = CoreTests.swift; sourceTree = "<group>"; };
		OBJ_14 /* LinPhoneSwift.framework */ = {isa = PBXFileReference; explicitFileType = wrapper.framework; path = LinPhoneSwift.framework; sourceTree = BUILT_PRODUCTS_DIR; };
		OBJ_15 /* LinPhoneTests.xctest */ = {isa = PBXFileReference; explicitFileType = wrapper.cfbundle; path = LinPhoneTests.xctest; sourceTree = BUILT_PRODUCTS_DIR; };
/* End PBXFileReference section */

/* Begin PBXFrameworksBuildPhase section */
		6E569AE21F09F67200BF244A /* Frameworks */ = {
			isa = PBXFrameworksBuildPhase;
			buildActionMask = 0;
			files = (
				6E569AE31F09F67200BF244A /* msx264.framework in Frameworks */,
				6E569AE41F09F67200BF244A /* mswebrtc.framework in Frameworks */,
				6E569AE51F09F67200BF244A /* mediastreamer_base.framework in Frameworks */,
				6E569AE61F09F67200BF244A /* mscodec2.framework in Frameworks */,
				6E569AE71F09F67200BF244A /* mssilk.framework in Frameworks */,
				6E569AE81F09F67200BF244A /* mediastreamer_voip.framework in Frameworks */,
				6E569AE91F09F67200BF244A /* bctoolbox.framework in Frameworks */,
				6E569AEA1F09F67200BF244A /* linphone.framework in Frameworks */,
				6E569AEB1F09F67200BF244A /* msopenh264.framework in Frameworks */,
				6E569AEC1F09F67200BF244A /* msamr.framework in Frameworks */,
				6E569AED1F09F67200BF244A /* ortp.framework in Frameworks */,
			);
			runOnlyForDeploymentPostprocessing = 0;
		};
		6E569AF91F09F67500BF244A /* Frameworks */ = {
			isa = PBXFrameworksBuildPhase;
			buildActionMask = 0;
			files = (
				6E569AFA1F09F67500BF244A /* LinPhoneSwift.framework in Frameworks */,
				6E569AFB1F09F67500BF244A /* bctoolbox.framework in Frameworks */,
				6E569AFC1F09F67500BF244A /* linphone.framework in Frameworks */,
				6E569AFD1F09F67500BF244A /* linphonetester.framework in Frameworks */,
				6E569AFE1F09F67500BF244A /* mediastreamer_base.framework in Frameworks */,
				6E569AFF1F09F67500BF244A /* mediastreamer_voip.framework in Frameworks */,
				6E569B001F09F67500BF244A /* msamr.framework in Frameworks */,
				6E569B011F09F67500BF244A /* mscodec2.framework in Frameworks */,
				6E569B021F09F67500BF244A /* msopenh264.framework in Frameworks */,
				6E569B031F09F67500BF244A /* mssilk.framework in Frameworks */,
				6E569B041F09F67500BF244A /* mswebrtc.framework in Frameworks */,
				6E569B051F09F67500BF244A /* msx264.framework in Frameworks */,
				6E569B061F09F67500BF244A /* ortp.framework in Frameworks */,
			);
			runOnlyForDeploymentPostprocessing = 0;
		};
		6E58AF1E1F085B4F009A0E68 /* Frameworks */ = {
			isa = PBXFrameworksBuildPhase;
			buildActionMask = 0;
			files = (
				6E58AF1F1F085B4F009A0E68 /* msx264.framework in Frameworks */,
				6E58AF201F085B4F009A0E68 /* mswebrtc.framework in Frameworks */,
				6E58AF211F085B4F009A0E68 /* mediastreamer_base.framework in Frameworks */,
				6E58AF221F085B4F009A0E68 /* mscodec2.framework in Frameworks */,
				6E58AF231F085B4F009A0E68 /* mssilk.framework in Frameworks */,
				6E58AF241F085B4F009A0E68 /* mediastreamer_voip.framework in Frameworks */,
				6E58AF251F085B4F009A0E68 /* bctoolbox.framework in Frameworks */,
				6E58AF261F085B4F009A0E68 /* linphone.framework in Frameworks */,
				6E58AF271F085B4F009A0E68 /* msopenh264.framework in Frameworks */,
				6E58AF281F085B4F009A0E68 /* msamr.framework in Frameworks */,
				6E58AF291F085B4F009A0E68 /* ortp.framework in Frameworks */,
			);
			runOnlyForDeploymentPostprocessing = 0;
		};
		6E58AF351F085B53009A0E68 /* Frameworks */ = {
			isa = PBXFrameworksBuildPhase;
			buildActionMask = 0;
			files = (
				6E58AF361F085B53009A0E68 /* LinPhoneSwift.framework in Frameworks */,
				6E58AF371F085B53009A0E68 /* bctoolbox.framework in Frameworks */,
				6E58AF381F085B53009A0E68 /* linphone.framework in Frameworks */,
				6E58AF391F085B53009A0E68 /* linphonetester.framework in Frameworks */,
				6E58AF3A1F085B53009A0E68 /* mediastreamer_base.framework in Frameworks */,
				6E58AF3B1F085B53009A0E68 /* mediastreamer_voip.framework in Frameworks */,
				6E58AF3C1F085B53009A0E68 /* msamr.framework in Frameworks */,
				6E58AF3D1F085B53009A0E68 /* mscodec2.framework in Frameworks */,
				6E58AF3E1F085B53009A0E68 /* msopenh264.framework in Frameworks */,
				6E58AF3F1F085B53009A0E68 /* mssilk.framework in Frameworks */,
				6E58AF401F085B53009A0E68 /* mswebrtc.framework in Frameworks */,
				6E58AF411F085B53009A0E68 /* msx264.framework in Frameworks */,
				6E58AF421F085B53009A0E68 /* ortp.framework in Frameworks */,
			);
			runOnlyForDeploymentPostprocessing = 0;
		};
		OBJ_22 /* Frameworks */ = {
			isa = PBXFrameworksBuildPhase;
			buildActionMask = 0;
			files = (
				6E58AF5A1F085DB2009A0E68 /* MediaStreamer.framework in Frameworks */,
				6E76D76A1F070F3C0017362C /* msx264.framework in Frameworks */,
				6E76D7691F070F3C0017362C /* mswebrtc.framework in Frameworks */,
				6E76D7631F070F3C0017362C /* mediastreamer_base.framework in Frameworks */,
				6E76D7661F070F3C0017362C /* mscodec2.framework in Frameworks */,
				6E76D7681F070F3C0017362C /* mssilk.framework in Frameworks */,
				6E76D7641F070F3C0017362C /* mediastreamer_voip.framework in Frameworks */,
				6E76D7601F070F3C0017362C /* bctoolbox.framework in Frameworks */,
				6E76D7611F070F3C0017362C /* linphone.framework in Frameworks */,
				6E76D7671F070F3C0017362C /* msopenh264.framework in Frameworks */,
				6E76D7651F070F3C0017362C /* msamr.framework in Frameworks */,
				6E76D76B1F070F3C0017362C /* ortp.framework in Frameworks */,
			);
			runOnlyForDeploymentPostprocessing = 0;
		};
		OBJ_29 /* Frameworks */ = {
			isa = PBXFrameworksBuildPhase;
			buildActionMask = 0;
			files = (
				OBJ_30 /* LinPhoneSwift.framework in Frameworks */,
				6E58AEEA1F071D4A009A0E68 /* bctoolbox.framework in Frameworks */,
				6E58AEEB1F071D4A009A0E68 /* linphone.framework in Frameworks */,
				6E58AEEC1F071D4A009A0E68 /* linphonetester.framework in Frameworks */,
				6E58AEED1F071D4A009A0E68 /* mediastreamer_base.framework in Frameworks */,
				6E58AEEE1F071D4A009A0E68 /* mediastreamer_voip.framework in Frameworks */,
				6E58AEEF1F071D4A009A0E68 /* msamr.framework in Frameworks */,
				6E58AEF01F071D4A009A0E68 /* mscodec2.framework in Frameworks */,
				6E58AEF11F071D4A009A0E68 /* msopenh264.framework in Frameworks */,
				6E58AEF21F071D4A009A0E68 /* mssilk.framework in Frameworks */,
				6E58AEF31F071D4A009A0E68 /* mswebrtc.framework in Frameworks */,
				6E58AEF41F071D4A009A0E68 /* msx264.framework in Frameworks */,
				6E58AEF51F071D4A009A0E68 /* ortp.framework in Frameworks */,
			);
			runOnlyForDeploymentPostprocessing = 0;
		};
/* End PBXFrameworksBuildPhase section */

/* Begin PBXGroup section */
		6E569ADB1F09DA2300BF244A /* BelledonneToolbox */ = {
			isa = PBXGroup;
			children = (
				6E569ADC1F09DA3500BF244A /* StringList.swift */,
				6E569B2A1F0A063F00BF244A /* Handle.swift */,
				6E569B2C1F0A067800BF244A /* CopyableHandle.swift */,
				6E569B2D1F0A067800BF244A /* ReferenceConvertible.swift */,
			);
			path = BelledonneToolbox;
			sourceTree = "<group>";
		};
		6E58AF551F085B8A009A0E68 /* MediaStreamer */ = {
			isa = PBXGroup;
			children = (
				6E58AF561F085BB5009A0E68 /* Factory.swift */,
			);
			path = MediaStreamer;
			sourceTree = "<group>";
		};
		6E76D73D1F0705B70017362C /* LinPhone */ = {
			isa = PBXGroup;
			children = (
				6E76D73E1F0705B70017362C /* Core.swift */,
				6E58AF0E1F07D245009A0E68 /* Configuration.swift */,
				6E58AF0C1F07CE74009A0E68 /* Factory.swift */,
				6E58AF081F07221B009A0E68 /* StreamType.swift */,
				6E58AF0A1F07234B009A0E68 /* Enumeration.swift */,
				6E58AF121F07E9E9009A0E68 /* Internal.swift */,
				6E569B1C1F09F9AD00BF244A /* UserDataHandle.swift */,
				6E569B1E1F09F9D500BF244A /* Handle.swift */,
				6E569B241F09FA4A00BF244A /* ManagedHandle.swift */,
				6E569B221F09FA1C00BF244A /* UnmanagedPointer.swift */,
				6E569B201F09F9FF00BF244A /* ManagedPointer.swift */,
				6E569B281F09FC2B00BF244A /* CopyableHandle.swift */,
				6E569B261F09FA7500BF244A /* ReferenceConvertible.swift */,
			);
			path = LinPhone;
			sourceTree = "<group>";
		};
		6E76D7531F070F3C0017362C /* Frameworks */ = {
			isa = PBXGroup;
			children = (
				6E76D7541F070F3C0017362C /* bctoolbox.framework */,
				6E76D7551F070F3C0017362C /* linphone.framework */,
				6E76D7561F070F3C0017362C /* linphonetester.framework */,
				6E76D7571F070F3C0017362C /* mediastreamer_base.framework */,
				6E76D7581F070F3C0017362C /* mediastreamer_voip.framework */,
				6E76D7591F070F3C0017362C /* msamr.framework */,
				6E76D75A1F070F3C0017362C /* mscodec2.framework */,
				6E76D75B1F070F3C0017362C /* msopenh264.framework */,
				6E76D75C1F070F3C0017362C /* mssilk.framework */,
				6E76D75D1F070F3C0017362C /* mswebrtc.framework */,
				6E76D75E1F070F3C0017362C /* msx264.framework */,
				6E76D75F1F070F3C0017362C /* ortp.framework */,
			);
			name = Frameworks;
			path = "../linphone-iphone/liblinphone-sdk/apple-darwin/Frameworks";
			sourceTree = "<group>";
		};
		OBJ_10 /* LinPhoneTests */ = {
			isa = PBXGroup;
			children = (
				OBJ_11 /* CoreTests.swift */,
			);
			name = LinPhoneTests;
			path = ../Tests/LinPhoneTests;
			sourceTree = SOURCE_ROOT;
		};
		OBJ_13 /* Products */ = {
			isa = PBXGroup;
			children = (
				OBJ_14 /* LinPhoneSwift.framework */,
				OBJ_15 /* LinPhoneTests.xctest */,
				6E58AF2E1F085B4F009A0E68 /* MediaStreamer.framework */,
				6E58AF531F085B53009A0E68 /* MediaStreamerTests.xctest */,
				6E569AF21F09F67200BF244A /* BelledonneToolbox.framework */,
				6E569B171F09F67500BF244A /* BelledonneToolboxTests.xctest */,
			);
			name = Products;
			sourceTree = BUILT_PRODUCTS_DIR;
		};
		OBJ_5 = {
			isa = PBXGroup;
			children = (
				6E76D76D1F0710D90017362C /* module.map */,
				6E76D7531F070F3C0017362C /* Frameworks */,
				OBJ_7 /* Sources */,
				OBJ_9 /* Tests */,
				OBJ_13 /* Products */,
			);
			sourceTree = "<group>";
		};
		OBJ_7 /* Sources */ = {
			isa = PBXGroup;
			children = (
				6E76D73D1F0705B70017362C /* LinPhone */,
				6E58AF551F085B8A009A0E68 /* MediaStreamer */,
				6E569ADB1F09DA2300BF244A /* BelledonneToolbox */,
			);
			name = Sources;
			path = ../Sources;
			sourceTree = SOURCE_ROOT;
		};
		OBJ_9 /* Tests */ = {
			isa = PBXGroup;
			children = (
				OBJ_10 /* LinPhoneTests */,
			);
			name = Tests;
			sourceTree = SOURCE_ROOT;
		};
/* End PBXGroup section */

/* Begin PBXNativeTarget section */
		6E569ADD1F09F67200BF244A /* BelledonneToolbox */ = {
			isa = PBXNativeTarget;
			buildConfigurationList = 6E569AEF1F09F67200BF244A /* Build configuration list for PBXNativeTarget "BelledonneToolbox" */;
			buildPhases = (
				6E569AE01F09F67200BF244A /* Sources */,
				6E569AE21F09F67200BF244A /* Frameworks */,
				6E569AEE1F09F67200BF244A /* Increment Build */,
			);
			buildRules = (
			);
			dependencies = (
				6E569ADE1F09F67200BF244A /* PBXTargetDependency */,
			);
			name = BelledonneToolbox;
			productName = LinPhoneSwift;
			productReference = 6E569AF21F09F67200BF244A /* BelledonneToolbox.framework */;
			productType = "com.apple.product-type.framework";
		};
		6E569AF41F09F67500BF244A /* BelledonneToolboxTests */ = {
			isa = PBXNativeTarget;
			buildConfigurationList = 6E569B141F09F67500BF244A /* Build configuration list for PBXNativeTarget "BelledonneToolboxTests" */;
			buildPhases = (
				6E569AF71F09F67500BF244A /* Sources */,
				6E569AF91F09F67500BF244A /* Frameworks */,
				6E569B071F09F67500BF244A /* Embed Frameworks */,
			);
			buildRules = (
			);
			dependencies = (
			);
			name = BelledonneToolboxTests;
			productName = LinPhoneSwiftTests;
			productReference = 6E569B171F09F67500BF244A /* BelledonneToolboxTests.xctest */;
			productType = "com.apple.product-type.bundle.unit-test";
		};
		6E58AF141F085B4F009A0E68 /* MediaStreamer */ = {
			isa = PBXNativeTarget;
			buildConfigurationList = 6E58AF2B1F085B4F009A0E68 /* Build configuration list for PBXNativeTarget "MediaStreamer" */;
			buildPhases = (
				6E58AF171F085B4F009A0E68 /* Sources */,
				6E58AF1E1F085B4F009A0E68 /* Frameworks */,
				6E58AF2A1F085B4F009A0E68 /* Increment Build */,
			);
			buildRules = (
			);
			dependencies = (
				6E58AF151F085B4F009A0E68 /* PBXTargetDependency */,
			);
			name = MediaStreamer;
			productName = LinPhoneSwift;
			productReference = 6E58AF2E1F085B4F009A0E68 /* MediaStreamer.framework */;
			productType = "com.apple.product-type.framework";
		};
		6E58AF301F085B53009A0E68 /* MediaStreamerTests */ = {
			isa = PBXNativeTarget;
			buildConfigurationList = 6E58AF501F085B53009A0E68 /* Build configuration list for PBXNativeTarget "MediaStreamerTests" */;
			buildPhases = (
				6E58AF331F085B53009A0E68 /* Sources */,
				6E58AF351F085B53009A0E68 /* Frameworks */,
				6E58AF431F085B53009A0E68 /* Embed Frameworks */,
			);
			buildRules = (
			);
			dependencies = (
			);
			name = MediaStreamerTests;
			productName = LinPhoneSwiftTests;
			productReference = 6E58AF531F085B53009A0E68 /* MediaStreamerTests.xctest */;
			productType = "com.apple.product-type.bundle.unit-test";
		};
		OBJ_16 /* LinPhoneSwift */ = {
			isa = PBXNativeTarget;
			buildConfigurationList = OBJ_17 /* Build configuration list for PBXNativeTarget "LinPhoneSwift" */;
			buildPhases = (
				OBJ_20 /* Sources */,
				OBJ_22 /* Frameworks */,
				6E58AEF81F071EF0009A0E68 /* Increment Build */,
			);
			buildRules = (
			);
			dependencies = (
				6E569B1B1F09F7F600BF244A /* PBXTargetDependency */,
				6E58AF591F085DAB009A0E68 /* PBXTargetDependency */,
				6E76D7761F0718B10017362C /* PBXTargetDependency */,
			);
			name = LinPhoneSwift;
			productName = LinPhoneSwift;
			productReference = OBJ_14 /* LinPhoneSwift.framework */;
			productType = "com.apple.product-type.framework";
		};
		OBJ_23 /* LinPhoneTests */ = {
			isa = PBXNativeTarget;
			buildConfigurationList = OBJ_24 /* Build configuration list for PBXNativeTarget "LinPhoneTests" */;
			buildPhases = (
				OBJ_27 /* Sources */,
				OBJ_29 /* Frameworks */,
				6E58AEFB1F0720DD009A0E68 /* Embed Frameworks */,
			);
			buildRules = (
			);
			dependencies = (
				OBJ_31 /* PBXTargetDependency */,
			);
			name = LinPhoneTests;
			productName = LinPhoneSwiftTests;
			productReference = OBJ_15 /* LinPhoneTests.xctest */;
			productType = "com.apple.product-type.bundle.unit-test";
		};
/* End PBXNativeTarget section */

/* Begin PBXProject section */
		OBJ_1 /* Project object */ = {
			isa = PBXProject;
			attributes = {
				LastUpgradeCheck = 9999;
				TargetAttributes = {
					6E58AF141F085B4F009A0E68 = {
						LastSwiftMigration = 0830;
					};
					6E76D7701F0718580017362C = {
						CreatedOnToolsVersion = 8.3.3;
						ProvisioningStyle = Automatic;
					};
					OBJ_16 = {
						LastSwiftMigration = 0830;
					};
					OBJ_23 = {
						ProvisioningStyle = Manual;
					};
				};
			};
			buildConfigurationList = OBJ_2 /* Build configuration list for PBXProject "LinPhone" */;
			compatibilityVersion = "Xcode 3.2";
			developmentRegion = English;
			hasScannedForEncodings = 0;
			knownRegions = (
				en,
			);
			mainGroup = OBJ_5;
			productRefGroup = OBJ_13 /* Products */;
			projectDirPath = "";
			projectRoot = "";
			targets = (
				6E76D7701F0718580017362C /* CMake */,
				OBJ_16 /* LinPhoneSwift */,
				OBJ_23 /* LinPhoneTests */,
				6E58AF141F085B4F009A0E68 /* MediaStreamer */,
				6E58AF301F085B53009A0E68 /* MediaStreamerTests */,
				6E569ADD1F09F67200BF244A /* BelledonneToolbox */,
				6E569AF41F09F67500BF244A /* BelledonneToolboxTests */,
			);
		};
/* End PBXProject section */

/* Begin PBXShellScriptBuildPhase section */
		6E569AEE1F09F67200BF244A /* Increment Build */ = {
			isa = PBXShellScriptBuildPhase;
			buildActionMask = 2147483647;
			files = (
			);
			inputPaths = (
			);
			name = "Increment Build";
			outputPaths = (
			);
			runOnlyForDeploymentPostprocessing = 0;
			shellPath = /bin/sh;
			shellScript = "#!/bin/bash\n\n#  update_build_number.sh\n#  Usage: `update_build_number.sh [branch]`\n#  Run this script after the 'Copy Bundle Resources' build phase\n#  Ref: http://tgoode.com/2014/06/05/sensible-way-increment-bundle-version-cfbundleversion-xcode/\n\nif [ $TRAVIS == \"true\" ]\nthen echo \"Updating build number to TRAVISCI.\"\n/usr/libexec/PlistBuddy -c \"Set :CFBundleVersion TRAVISCI\" \"${TARGET_BUILD_DIR}/${INFOPLIST_PATH}\"\nelse branch=${1:-'master'}\nbuildNumber=$(expr $(git rev-list $branch --count) - $(git rev-list HEAD..$branch --count))\necho \"Updating build number to $buildNumber using branch '$branch'.\"\n/usr/libexec/PlistBuddy -c \"Set :CFBundleVersion $buildNumber\" \"${TARGET_BUILD_DIR}/${INFOPLIST_PATH}\"\nfi";
		};
		6E58AEF81F071EF0009A0E68 /* Increment Build */ = {
			isa = PBXShellScriptBuildPhase;
			buildActionMask = 2147483647;
			files = (
			);
			inputPaths = (
			);
			name = "Increment Build";
			outputPaths = (
			);
			runOnlyForDeploymentPostprocessing = 0;
			shellPath = /bin/sh;
			shellScript = "#!/bin/bash\n\n#  update_build_number.sh\n#  Usage: `update_build_number.sh [branch]`\n#  Run this script after the 'Copy Bundle Resources' build phase\n#  Ref: http://tgoode.com/2014/06/05/sensible-way-increment-bundle-version-cfbundleversion-xcode/\n\nif [ $TRAVIS == \"true\" ]\nthen echo \"Updating build number to TRAVISCI.\"\n/usr/libexec/PlistBuddy -c \"Set :CFBundleVersion TRAVISCI\" \"${TARGET_BUILD_DIR}/${INFOPLIST_PATH}\"\nelse branch=${1:-'master'}\nbuildNumber=$(expr $(git rev-list $branch --count) - $(git rev-list HEAD..$branch --count))\necho \"Updating build number to $buildNumber using branch '$branch'.\"\n/usr/libexec/PlistBuddy -c \"Set :CFBundleVersion $buildNumber\" \"${TARGET_BUILD_DIR}/${INFOPLIST_PATH}\"\nfi";
		};
		6E58AF2A1F085B4F009A0E68 /* Increment Build */ = {
			isa = PBXShellScriptBuildPhase;
			buildActionMask = 2147483647;
			files = (
			);
			inputPaths = (
			);
			name = "Increment Build";
			outputPaths = (
			);
			runOnlyForDeploymentPostprocessing = 0;
			shellPath = /bin/sh;
			shellScript = "#!/bin/bash\n\n#  update_build_number.sh\n#  Usage: `update_build_number.sh [branch]`\n#  Run this script after the 'Copy Bundle Resources' build phase\n#  Ref: http://tgoode.com/2014/06/05/sensible-way-increment-bundle-version-cfbundleversion-xcode/\n\nif [ $TRAVIS == \"true\" ]\nthen echo \"Updating build number to TRAVISCI.\"\n/usr/libexec/PlistBuddy -c \"Set :CFBundleVersion TRAVISCI\" \"${TARGET_BUILD_DIR}/${INFOPLIST_PATH}\"\nelse branch=${1:-'master'}\nbuildNumber=$(expr $(git rev-list $branch --count) - $(git rev-list HEAD..$branch --count))\necho \"Updating build number to $buildNumber using branch '$branch'.\"\n/usr/libexec/PlistBuddy -c \"Set :CFBundleVersion $buildNumber\" \"${TARGET_BUILD_DIR}/${INFOPLIST_PATH}\"\nfi";
		};
		6E76D7741F0718610017362C /* ShellScript */ = {
			isa = PBXShellScriptBuildPhase;
			buildActionMask = 2147483647;
			files = (
			);
			inputPaths = (
			);
			outputPaths = (
			);
			runOnlyForDeploymentPostprocessing = 0;
			shellPath = /bin/sh;
			shellScript = "export PATH=/applications/CMake.app/contents/bin:$PATH\nexport PATH=/usr/local/bin:$PATH\n\ncd $SRCROOT/../linphone-iphone\n\n# Build if SDK not availible\nif [ ! -d ./liblinphone-sdk ]; then\necho \"Build linphone\"\n./prepare.py -c\n./prepare.py\nmake\nfi";
		};
/* End PBXShellScriptBuildPhase section */

/* Begin PBXSourcesBuildPhase section */
		6E569AE01F09F67200BF244A /* Sources */ = {
			isa = PBXSourcesBuildPhase;
			buildActionMask = 0;
			files = (
				6E569B2E1F0A067800BF244A /* CopyableHandle.swift in Sources */,
				6E569B2F1F0A067800BF244A /* ReferenceConvertible.swift in Sources */,
				6E569B191F09F74D00BF244A /* StringList.swift in Sources */,
				6E569B2B1F0A063F00BF244A /* Handle.swift in Sources */,
			);
			runOnlyForDeploymentPostprocessing = 0;
		};
		6E569AF71F09F67500BF244A /* Sources */ = {
			isa = PBXSourcesBuildPhase;
			buildActionMask = 0;
			files = (
			);
			runOnlyForDeploymentPostprocessing = 0;
		};
		6E58AF171F085B4F009A0E68 /* Sources */ = {
			isa = PBXSourcesBuildPhase;
			buildActionMask = 0;
			files = (
				6E58AF571F085BB5009A0E68 /* Factory.swift in Sources */,
			);
			runOnlyForDeploymentPostprocessing = 0;
		};
		6E58AF331F085B53009A0E68 /* Sources */ = {
			isa = PBXSourcesBuildPhase;
			buildActionMask = 0;
			files = (
			);
			runOnlyForDeploymentPostprocessing = 0;
		};
		OBJ_20 /* Sources */ = {
			isa = PBXSourcesBuildPhase;
			buildActionMask = 0;
			files = (
				6E569B231F09FA1C00BF244A /* UnmanagedPointer.swift in Sources */,
				6E569B271F09FA7500BF244A /* ReferenceConvertible.swift in Sources */,
				6E569B291F09FC2B00BF244A /* CopyableHandle.swift in Sources */,
				6E58AF0D1F07CE74009A0E68 /* Factory.swift in Sources */,
				6E569B251F09FA4A00BF244A /* ManagedHandle.swift in Sources */,
				6E58AF0F1F07D245009A0E68 /* Configuration.swift in Sources */,
				6E569B1D1F09F9AD00BF244A /* UserDataHandle.swift in Sources */,
				6E569B1F1F09F9D500BF244A /* Handle.swift in Sources */,
				6E58AF0B1F07234B009A0E68 /* Enumeration.swift in Sources */,
				6E569B211F09F9FF00BF244A /* ManagedPointer.swift in Sources */,
				6E58AF131F07E9E9009A0E68 /* Internal.swift in Sources */,
				6E76D7401F0705B70017362C /* Core.swift in Sources */,
				6E58AF091F07221B009A0E68 /* StreamType.swift in Sources */,
			);
			runOnlyForDeploymentPostprocessing = 0;
		};
		OBJ_27 /* Sources */ = {
			isa = PBXSourcesBuildPhase;
			buildActionMask = 0;
			files = (
				OBJ_28 /* CoreTests.swift in Sources */,
			);
			runOnlyForDeploymentPostprocessing = 0;
		};
/* End PBXSourcesBuildPhase section */

/* Begin PBXTargetDependency section */
		6E569ADE1F09F67200BF244A /* PBXTargetDependency */ = {
			isa = PBXTargetDependency;
			target = 6E76D7701F0718580017362C /* CMake */;
			targetProxy = 6E569ADF1F09F67200BF244A /* PBXContainerItemProxy */;
		};
		6E569B1B1F09F7F600BF244A /* PBXTargetDependency */ = {
			isa = PBXTargetDependency;
			target = 6E569ADD1F09F67200BF244A /* BelledonneToolbox */;
			targetProxy = 6E569B1A1F09F7F600BF244A /* PBXContainerItemProxy */;
		};
		6E58AF151F085B4F009A0E68 /* PBXTargetDependency */ = {
			isa = PBXTargetDependency;
			target = 6E76D7701F0718580017362C /* CMake */;
			targetProxy = 6E58AF161F085B4F009A0E68 /* PBXContainerItemProxy */;
		};
		6E58AF591F085DAB009A0E68 /* PBXTargetDependency */ = {
			isa = PBXTargetDependency;
			target = 6E58AF141F085B4F009A0E68 /* MediaStreamer */;
			targetProxy = 6E58AF581F085DAB009A0E68 /* PBXContainerItemProxy */;
		};
		6E76D7761F0718B10017362C /* PBXTargetDependency */ = {
			isa = PBXTargetDependency;
			target = 6E76D7701F0718580017362C /* CMake */;
			targetProxy = 6E76D7751F0718B10017362C /* PBXContainerItemProxy */;
		};
		OBJ_31 /* PBXTargetDependency */ = {
			isa = PBXTargetDependency;
			target = OBJ_16 /* LinPhoneSwift */;
			targetProxy = 6E76D7371F06F8BB0017362C /* PBXContainerItemProxy */;
		};
/* End PBXTargetDependency section */

/* Begin XCBuildConfiguration section */
		6E569AF01F09F67200BF244A /* Debug */ = {
			isa = XCBuildConfiguration;
			buildSettings = {
				APPLICATION_EXTENSION_API_ONLY = NO;
				CLANG_ENABLE_MODULES = YES;
				DEFINES_MODULE = YES;
				ENABLE_TESTABILITY = YES;
				FRAMEWORK_SEARCH_PATHS = (
					"$(inherited)",
					"$(PLATFORM_DIR)/Developer/Library/Frameworks",
				);
				LD_RUNPATH_SEARCH_PATHS = "$(inherited) @executable_path/Frameworks @loader_path/Frameworks";
				OTHER_LDFLAGS = "$(inherited)";
				OTHER_SWIFT_FLAGS = "$(inherited)";
				PRODUCT_BUNDLE_IDENTIFIER = org.linphone.swift;
				PRODUCT_MODULE_NAME = "$(TARGET_NAME:c99extidentifier)";
				PRODUCT_NAME = "$(TARGET_NAME)";
				SDKROOT = iphoneos;
				SKIP_INSTALL = YES;
				SWIFT_INCLUDE_PATHS = $SRCROOT;
				SWIFT_OPTIMIZATION_LEVEL = "-Onone";
				SWIFT_VERSION = 3.0;
				TARGETED_DEVICE_FAMILY = "1,2";
			};
			name = Debug;
		};
		6E569AF11F09F67200BF244A /* Release */ = {
			isa = XCBuildConfiguration;
			buildSettings = {
				APPLICATION_EXTENSION_API_ONLY = NO;
				CLANG_ENABLE_MODULES = YES;
				DEFINES_MODULE = YES;
				ENABLE_TESTABILITY = YES;
				FRAMEWORK_SEARCH_PATHS = (
					"$(inherited)",
					"$(PLATFORM_DIR)/Developer/Library/Frameworks",
				);
				LD_RUNPATH_SEARCH_PATHS = "$(inherited) @executable_path/Frameworks @loader_path/Frameworks";
				OTHER_LDFLAGS = "$(inherited)";
				OTHER_SWIFT_FLAGS = "$(inherited)";
				PRODUCT_BUNDLE_IDENTIFIER = org.linphone.swift;
				PRODUCT_MODULE_NAME = "$(TARGET_NAME:c99extidentifier)";
				PRODUCT_NAME = "$(TARGET_NAME)";
				SDKROOT = iphoneos;
				SKIP_INSTALL = YES;
				SWIFT_INCLUDE_PATHS = $SRCROOT;
				SWIFT_VERSION = 3.0;
				TARGETED_DEVICE_FAMILY = "1,2";
			};
			name = Release;
		};
		6E569B151F09F67500BF244A /* Debug */ = {
			isa = XCBuildConfiguration;
			buildSettings = {
				ALWAYS_EMBED_SWIFT_STANDARD_LIBRARIES = YES;
				DEVELOPMENT_TEAM = "";
				EMBEDDED_CONTENT_CONTAINS_SWIFT = YES;
				FRAMEWORK_SEARCH_PATHS = (
					"$(inherited)",
					"$(PLATFORM_DIR)/Developer/Library/Frameworks",
				);
				HEADER_SEARCH_PATHS = "$(inherited)";
				OTHER_LDFLAGS = "$(inherited)";
				OTHER_SWIFT_FLAGS = "$(inherited)";
				PRODUCT_NAME = "$(TARGET_NAME)";
				PROVISIONING_PROFILE_SPECIFIER = "";
				SDKROOT = iphoneos;
			};
			name = Debug;
		};
		6E569B161F09F67500BF244A /* Release */ = {
			isa = XCBuildConfiguration;
			buildSettings = {
				ALWAYS_EMBED_SWIFT_STANDARD_LIBRARIES = YES;
				DEVELOPMENT_TEAM = "";
				EMBEDDED_CONTENT_CONTAINS_SWIFT = YES;
				FRAMEWORK_SEARCH_PATHS = (
					"$(inherited)",
					"$(PLATFORM_DIR)/Developer/Library/Frameworks",
				);
				HEADER_SEARCH_PATHS = "$(inherited)";
				OTHER_LDFLAGS = "$(inherited)";
				OTHER_SWIFT_FLAGS = "$(inherited)";
				PRODUCT_NAME = "$(TARGET_NAME)";
				PROVISIONING_PROFILE_SPECIFIER = "";
				SDKROOT = iphoneos;
			};
			name = Release;
		};
		6E58AF2C1F085B4F009A0E68 /* Debug */ = {
			isa = XCBuildConfiguration;
			buildSettings = {
				APPLICATION_EXTENSION_API_ONLY = NO;
				CLANG_ENABLE_MODULES = YES;
				DEFINES_MODULE = YES;
				ENABLE_TESTABILITY = YES;
				FRAMEWORK_SEARCH_PATHS = (
					"$(inherited)",
					"$(PLATFORM_DIR)/Developer/Library/Frameworks",
				);
				LD_RUNPATH_SEARCH_PATHS = "$(inherited) @executable_path/Frameworks @loader_path/Frameworks";
				OTHER_LDFLAGS = "$(inherited)";
				OTHER_SWIFT_FLAGS = "$(inherited)";
				PRODUCT_BUNDLE_IDENTIFIER = org.linphone.swift;
				PRODUCT_MODULE_NAME = "$(TARGET_NAME:c99extidentifier)";
				PRODUCT_NAME = "$(TARGET_NAME)";
				SDKROOT = iphoneos;
				SKIP_INSTALL = YES;
				SWIFT_INCLUDE_PATHS = $SRCROOT;
				SWIFT_OPTIMIZATION_LEVEL = "-Onone";
				SWIFT_VERSION = 3.0;
				TARGETED_DEVICE_FAMILY = "1,2";
			};
			name = Debug;
		};
		6E58AF2D1F085B4F009A0E68 /* Release */ = {
			isa = XCBuildConfiguration;
			buildSettings = {
				APPLICATION_EXTENSION_API_ONLY = NO;
				CLANG_ENABLE_MODULES = YES;
				DEFINES_MODULE = YES;
				ENABLE_TESTABILITY = YES;
				FRAMEWORK_SEARCH_PATHS = (
					"$(inherited)",
					"$(PLATFORM_DIR)/Developer/Library/Frameworks",
				);
				LD_RUNPATH_SEARCH_PATHS = "$(inherited) @executable_path/Frameworks @loader_path/Frameworks";
				OTHER_LDFLAGS = "$(inherited)";
				OTHER_SWIFT_FLAGS = "$(inherited)";
				PRODUCT_BUNDLE_IDENTIFIER = org.linphone.swift;
				PRODUCT_MODULE_NAME = "$(TARGET_NAME:c99extidentifier)";
				PRODUCT_NAME = "$(TARGET_NAME)";
				SDKROOT = iphoneos;
				SKIP_INSTALL = YES;
				SWIFT_INCLUDE_PATHS = $SRCROOT;
				SWIFT_VERSION = 3.0;
				TARGETED_DEVICE_FAMILY = "1,2";
			};
			name = Release;
		};
		6E58AF511F085B53009A0E68 /* Debug */ = {
			isa = XCBuildConfiguration;
			buildSettings = {
				ALWAYS_EMBED_SWIFT_STANDARD_LIBRARIES = YES;
				DEVELOPMENT_TEAM = "";
				EMBEDDED_CONTENT_CONTAINS_SWIFT = YES;
				FRAMEWORK_SEARCH_PATHS = (
					"$(inherited)",
					"$(PLATFORM_DIR)/Developer/Library/Frameworks",
				);
				HEADER_SEARCH_PATHS = "$(inherited)";
				OTHER_LDFLAGS = "$(inherited)";
				OTHER_SWIFT_FLAGS = "$(inherited)";
				PRODUCT_NAME = "$(TARGET_NAME)";
				PROVISIONING_PROFILE_SPECIFIER = "";
				SDKROOT = iphoneos;
			};
			name = Debug;
		};
		6E58AF521F085B53009A0E68 /* Release */ = {
			isa = XCBuildConfiguration;
			buildSettings = {
				ALWAYS_EMBED_SWIFT_STANDARD_LIBRARIES = YES;
				DEVELOPMENT_TEAM = "";
				EMBEDDED_CONTENT_CONTAINS_SWIFT = YES;
				FRAMEWORK_SEARCH_PATHS = (
					"$(inherited)",
					"$(PLATFORM_DIR)/Developer/Library/Frameworks",
				);
				HEADER_SEARCH_PATHS = "$(inherited)";
				OTHER_LDFLAGS = "$(inherited)";
				OTHER_SWIFT_FLAGS = "$(inherited)";
				PRODUCT_NAME = "$(TARGET_NAME)";
				PROVISIONING_PROFILE_SPECIFIER = "";
				SDKROOT = iphoneos;
			};
			name = Release;
		};
		6E76D7721F0718580017362C /* Debug */ = {
			isa = XCBuildConfiguration;
			buildSettings = {
				PRODUCT_NAME = "$(TARGET_NAME)";
			};
			name = Debug;
		};
		6E76D7731F0718580017362C /* Release */ = {
			isa = XCBuildConfiguration;
			buildSettings = {
				PRODUCT_NAME = "$(TARGET_NAME)";
			};
			name = Release;
		};
		OBJ_18 /* Debug */ = {
			isa = XCBuildConfiguration;
			buildSettings = {
				APPLICATION_EXTENSION_API_ONLY = NO;
				CLANG_ENABLE_MODULES = YES;
				DEFINES_MODULE = YES;
				ENABLE_TESTABILITY = YES;
				FRAMEWORK_SEARCH_PATHS = (
					"$(inherited)",
					"$(PLATFORM_DIR)/Developer/Library/Frameworks",
				);
				OTHER_LDFLAGS = "$(inherited)";
				OTHER_SWIFT_FLAGS = "$(inherited)";
				PRODUCT_BUNDLE_IDENTIFIER = org.linphone.swift;
				PRODUCT_NAME = "$(TARGET_NAME)";
				SDKROOT = iphoneos;
				SKIP_INSTALL = YES;
				SWIFT_INCLUDE_PATHS = $SRCROOT;
				SWIFT_OPTIMIZATION_LEVEL = "-Onone";
				SWIFT_VERSION = 3.0;
				TARGETED_DEVICE_FAMILY = "1,2";
			};
			name = Debug;
		};
		OBJ_19 /* Release */ = {
			isa = XCBuildConfiguration;
			buildSettings = {
				APPLICATION_EXTENSION_API_ONLY = NO;
				CLANG_ENABLE_MODULES = YES;
				DEFINES_MODULE = YES;
				ENABLE_TESTABILITY = YES;
				FRAMEWORK_SEARCH_PATHS = (
					"$(inherited)",
					"$(PLATFORM_DIR)/Developer/Library/Frameworks",
				);
				OTHER_LDFLAGS = "$(inherited)";
				OTHER_SWIFT_FLAGS = "$(inherited)";
				PRODUCT_BUNDLE_IDENTIFIER = org.linphone.swift;
				PRODUCT_NAME = "$(TARGET_NAME)";
				SDKROOT = iphoneos;
				SKIP_INSTALL = YES;
				SWIFT_INCLUDE_PATHS = $SRCROOT;
				SWIFT_VERSION = 3.0;
				TARGETED_DEVICE_FAMILY = "1,2";
			};
			name = Release;
		};
		OBJ_25 /* Debug */ = {
			isa = XCBuildConfiguration;
			buildSettings = {
				ALWAYS_EMBED_SWIFT_STANDARD_LIBRARIES = YES;
				DEVELOPMENT_TEAM = "";
				EMBEDDED_CONTENT_CONTAINS_SWIFT = YES;
				FRAMEWORK_SEARCH_PATHS = (
					"$(inherited)",
					"$(PLATFORM_DIR)/Developer/Library/Frameworks",
				);
				HEADER_SEARCH_PATHS = "$(inherited)";
				LIBRARY_SEARCH_PATHS = "$SRCROOT/../linphone-iphone/liblinphone-sdk/apple-darwin/lib";
				OTHER_LDFLAGS = "$(inherited)";
				OTHER_SWIFT_FLAGS = "$(inherited)";
				PRODUCT_NAME = LinPhoneTests;
				PROVISIONING_PROFILE_SPECIFIER = "";
				SDKROOT = iphoneos;
			};
			name = Debug;
		};
		OBJ_26 /* Release */ = {
			isa = XCBuildConfiguration;
			buildSettings = {
				ALWAYS_EMBED_SWIFT_STANDARD_LIBRARIES = YES;
				DEVELOPMENT_TEAM = "";
				EMBEDDED_CONTENT_CONTAINS_SWIFT = YES;
				FRAMEWORK_SEARCH_PATHS = (
					"$(inherited)",
					"$(PLATFORM_DIR)/Developer/Library/Frameworks",
				);
				HEADER_SEARCH_PATHS = "$(inherited)";
				LIBRARY_SEARCH_PATHS = "$SRCROOT/../linphone-iphone/liblinphone-sdk/apple-darwin/lib";
				OTHER_LDFLAGS = "$(inherited)";
				OTHER_SWIFT_FLAGS = "$(inherited)";
				PRODUCT_NAME = LinPhoneTests;
				PROVISIONING_PROFILE_SPECIFIER = "";
				SDKROOT = iphoneos;
			};
			name = Release;
		};
		OBJ_3 /* Debug */ = {
			isa = XCBuildConfiguration;
			buildSettings = {
				ALWAYS_SEARCH_USER_PATHS = YES;
				CLANG_ENABLE_OBJC_ARC = YES;
				COMBINE_HIDPI_IMAGES = YES;
				COPY_PHASE_STRIP = NO;
				DEBUG_INFORMATION_FORMAT = dwarf;
				DYLIB_INSTALL_NAME_BASE = "@rpath";
				ENABLE_NS_ASSERTIONS = YES;
				FRAMEWORK_SEARCH_PATHS = "$SRCROOT/../linphone-iphone/liblinphone-sdk/apple-darwin/frameworks";
				GCC_OPTIMIZATION_LEVEL = 0;
				HEADER_SEARCH_PATHS = "$SRCROOT/../linphone-iphone/liblinphone-sdk/apple-darwin/include";
				INFOPLIST_FILE = "LinPhone.xcodeproj/$PRODUCT_NAME-Info.plist";
				IPHONEOS_DEPLOYMENT_TARGET = 8.0;
				LD_RUNPATH_SEARCH_PATHS = "$(inherited) @executable_path/Frameworks @loader_path/Frameworks";
				LIBRARY_SEARCH_PATHS = (
					"$SRCROOT/../linphone-iphone/liblinphone-sdk/apple-darwin/lib",
					"$SRCROOT/../linphone-iphone/liblinphone-sdk/apple-darwin/frameworks",
				);
				MACOSX_DEPLOYMENT_TARGET = 10.10;
				ONLY_ACTIVE_ARCH = YES;
				OTHER_SWIFT_FLAGS = "-DXcode";
				PRODUCT_NAME = "$(PROJECT_NAME)";
				SUPPORTED_PLATFORMS = "macosx iphoneos iphonesimulator appletvos appletvsimulator watchos watchsimulator";
				SWIFT_ACTIVE_COMPILATION_CONDITIONS = SWIFT_PACKAGE;
				SWIFT_OPTIMIZATION_LEVEL = "-Onone";
				SWIFT_VERSION = 3.0;
				USE_HEADERMAP = NO;
			};
			name = Debug;
		};
		OBJ_4 /* Release */ = {
			isa = XCBuildConfiguration;
			buildSettings = {
				ALWAYS_SEARCH_USER_PATHS = YES;
				CLANG_ENABLE_OBJC_ARC = YES;
				COMBINE_HIDPI_IMAGES = YES;
				COPY_PHASE_STRIP = YES;
				DEBUG_INFORMATION_FORMAT = "dwarf-with-dsym";
				DYLIB_INSTALL_NAME_BASE = "@rpath";
				FRAMEWORK_SEARCH_PATHS = "$SRCROOT/../linphone-iphone/liblinphone-sdk/apple-darwin/frameworks";
				GCC_OPTIMIZATION_LEVEL = s;
				HEADER_SEARCH_PATHS = "$SRCROOT/../linphone-iphone/liblinphone-sdk/apple-darwin/include";
				INFOPLIST_FILE = "LinPhone.xcodeproj/$PRODUCT_NAME-Info.plist";
				IPHONEOS_DEPLOYMENT_TARGET = 8.0;
				LD_RUNPATH_SEARCH_PATHS = "$(inherited) @executable_path/Frameworks @loader_path/Frameworks";
				LIBRARY_SEARCH_PATHS = (
					"$SRCROOT/../linphone-iphone/liblinphone-sdk/apple-darwin/lib",
					"$SRCROOT/../linphone-iphone/liblinphone-sdk/apple-darwin/frameworks",
				);
				MACOSX_DEPLOYMENT_TARGET = 10.10;
				OTHER_SWIFT_FLAGS = "-DXcode";
				PRODUCT_NAME = "$(PROJECT_NAME)";
				SUPPORTED_PLATFORMS = "macosx iphoneos iphonesimulator appletvos appletvsimulator watchos watchsimulator";
				SWIFT_ACTIVE_COMPILATION_CONDITIONS = SWIFT_PACKAGE;
				SWIFT_OPTIMIZATION_LEVEL = "-Owholemodule";
				SWIFT_VERSION = 3.0;
				USE_HEADERMAP = NO;
			};
			name = Release;
		};
/* End XCBuildConfiguration section */

/* Begin XCConfigurationList section */
		6E569AEF1F09F67200BF244A /* Build configuration list for PBXNativeTarget "BelledonneToolbox" */ = {
			isa = XCConfigurationList;
			buildConfigurations = (
				6E569AF01F09F67200BF244A /* Debug */,
				6E569AF11F09F67200BF244A /* Release */,
			);
			defaultConfigurationIsVisible = 0;
			defaultConfigurationName = Debug;
		};
		6E569B141F09F67500BF244A /* Build configuration list for PBXNativeTarget "BelledonneToolboxTests" */ = {
			isa = XCConfigurationList;
			buildConfigurations = (
				6E569B151F09F67500BF244A /* Debug */,
				6E569B161F09F67500BF244A /* Release */,
			);
			defaultConfigurationIsVisible = 0;
			defaultConfigurationName = Debug;
		};
		6E58AF2B1F085B4F009A0E68 /* Build configuration list for PBXNativeTarget "MediaStreamer" */ = {
			isa = XCConfigurationList;
			buildConfigurations = (
				6E58AF2C1F085B4F009A0E68 /* Debug */,
				6E58AF2D1F085B4F009A0E68 /* Release */,
			);
			defaultConfigurationIsVisible = 0;
			defaultConfigurationName = Debug;
		};
		6E58AF501F085B53009A0E68 /* Build configuration list for PBXNativeTarget "MediaStreamerTests" */ = {
			isa = XCConfigurationList;
			buildConfigurations = (
				6E58AF511F085B53009A0E68 /* Debug */,
				6E58AF521F085B53009A0E68 /* Release */,
			);
			defaultConfigurationIsVisible = 0;
			defaultConfigurationName = Debug;
		};
		6E76D7711F0718580017362C /* Build configuration list for PBXAggregateTarget "CMake" */ = {
			isa = XCConfigurationList;
			buildConfigurations = (
				6E76D7721F0718580017362C /* Debug */,
				6E76D7731F0718580017362C /* Release */,
			);
			defaultConfigurationIsVisible = 0;
			defaultConfigurationName = Debug;
		};
		OBJ_17 /* Build configuration list for PBXNativeTarget "LinPhoneSwift" */ = {
			isa = XCConfigurationList;
			buildConfigurations = (
				OBJ_18 /* Debug */,
				OBJ_19 /* Release */,
			);
			defaultConfigurationIsVisible = 0;
			defaultConfigurationName = Debug;
		};
		OBJ_2 /* Build configuration list for PBXProject "LinPhone" */ = {
			isa = XCConfigurationList;
			buildConfigurations = (
				OBJ_3 /* Debug */,
				OBJ_4 /* Release */,
			);
			defaultConfigurationIsVisible = 0;
			defaultConfigurationName = Debug;
		};
		OBJ_24 /* Build configuration list for PBXNativeTarget "LinPhoneTests" */ = {
			isa = XCConfigurationList;
			buildConfigurations = (
				OBJ_25 /* Debug */,
				OBJ_26 /* Release */,
			);
			defaultConfigurationIsVisible = 0;
			defaultConfigurationName = Debug;
		};
/* End XCConfigurationList section */
	};
	rootObject = OBJ_1 /* Project object */;
}
