// !$*UTF8*$!
{
	archiveVersion = 1;
	classes = {
	};
	objectVersion = 46;
	objects = {

/* Begin PBXAggregateTarget section */
		6E76D7701F0718580017362C /* CMake */ = {
			isa = PBXAggregateTarget;
			buildConfigurationList = 6E76D7711F0718580017362C /* Build configuration list for PBXAggregateTarget "CMake" */;
			buildPhases = (
				6E76D7741F0718610017362C /* ShellScript */,
			);
			dependencies = (
			);
			name = CMake;
			productName = CMake;
		};
/* End PBXAggregateTarget section */

/* Begin PBXBuildFile section */
		6E25E9CA1F0B6E22005BC42C /* libbellesip.a in Frameworks */ = {isa = PBXBuildFile; fileRef = 6E25E9761F0B6DEA005BC42C /* libbellesip.a */; };
		6E25E9CC1F0B6E4F005BC42C /* libbctoolbox.a in Frameworks */ = {isa = PBXBuildFile; fileRef = 6E25E9731F0B6DEA005BC42C /* libbctoolbox.a */; };
		6E25E9D01F0B6E9C005BC42C /* BelledonneSIP.framework in Frameworks */ = {isa = PBXBuildFile; fileRef = 6E5291661F0B53AE00D4B765 /* BelledonneSIP.framework */; };
		6E25E9D31F0B6EBB005BC42C /* libbctoolbox.a in Frameworks */ = {isa = PBXBuildFile; fileRef = 6E25E9731F0B6DEA005BC42C /* libbctoolbox.a */; };
		6E25E9D41F0B6EDE005BC42C /* libmbedx509.a in Frameworks */ = {isa = PBXBuildFile; fileRef = 6E25E9831F0B6DEA005BC42C /* libmbedx509.a */; };
		6E25E9D51F0B6EE1005BC42C /* libmbedtls.a in Frameworks */ = {isa = PBXBuildFile; fileRef = 6E25E9821F0B6DEA005BC42C /* libmbedtls.a */; };
		6E25E9D61F0B6EE4005BC42C /* libmbedcrypto.a in Frameworks */ = {isa = PBXBuildFile; fileRef = 6E25E9811F0B6DEA005BC42C /* libmbedcrypto.a */; };
		6E25E9D71F0B7317005BC42C /* libantlr3c.a in Frameworks */ = {isa = PBXBuildFile; fileRef = 6E25E96E1F0B6DEA005BC42C /* libantlr3c.a */; };
		6E25E9D91F0B73A5005BC42C /* libresolv.tbd in Frameworks */ = {isa = PBXBuildFile; fileRef = 6E25E9D81F0B73A5005BC42C /* libresolv.tbd */; };
		6E25E9DB1F0B73F1005BC42C /* libstdc++.tbd in Frameworks */ = {isa = PBXBuildFile; fileRef = 6E25E9DA1F0B73F1005BC42C /* libstdc++.tbd */; };
		6E25E9DD1F0B7413005BC42C /* libz.tbd in Frameworks */ = {isa = PBXBuildFile; fileRef = 6E25E9DC1F0B7413005BC42C /* libz.tbd */; };
		6E25E9DE1F0B7426005BC42C /* libstdc++.tbd in Frameworks */ = {isa = PBXBuildFile; fileRef = 6E25E9DA1F0B73F1005BC42C /* libstdc++.tbd */; };
		6E25E9E21F0B7480005BC42C /* OpenGLES.framework in Frameworks */ = {isa = PBXBuildFile; fileRef = 6E25E9E11F0B7480005BC42C /* OpenGLES.framework */; };
		6E25E9E81F0B74C8005BC42C /* libxml2.tbd in Frameworks */ = {isa = PBXBuildFile; fileRef = 6E25E9E71F0B74C8005BC42C /* libxml2.tbd */; };
		6E25EA0D1F0B7543005BC42C /* libantlr3c.a in Frameworks */ = {isa = PBXBuildFile; fileRef = 6E25E96E1F0B6DEA005BC42C /* libantlr3c.a */; };
		6E25EA0E1F0B7543005BC42C /* libavcodec.a in Frameworks */ = {isa = PBXBuildFile; fileRef = 6E25E96F1F0B6DEA005BC42C /* libavcodec.a */; };
		6E25EA0F1F0B7543005BC42C /* libavutil.a in Frameworks */ = {isa = PBXBuildFile; fileRef = 6E25E9701F0B6DEA005BC42C /* libavutil.a */; };
		6E25EA101F0B7543005BC42C /* libbcg729.a in Frameworks */ = {isa = PBXBuildFile; fileRef = 6E25E9711F0B6DEA005BC42C /* libbcg729.a */; };
		6E25EA111F0B7543005BC42C /* libbctoolbox.a in Frameworks */ = {isa = PBXBuildFile; fileRef = 6E25E9731F0B6DEA005BC42C /* libbctoolbox.a */; };
		6E25EA121F0B7543005BC42C /* libbcunit.a in Frameworks */ = {isa = PBXBuildFile; fileRef = 6E25E9741F0B6DEA005BC42C /* libbcunit.a */; };
		6E25EA131F0B7543005BC42C /* libbelcard.a in Frameworks */ = {isa = PBXBuildFile; fileRef = 6E25E9751F0B6DEA005BC42C /* libbelcard.a */; };
		6E25EA141F0B7543005BC42C /* libbellesip.a in Frameworks */ = {isa = PBXBuildFile; fileRef = 6E25E9761F0B6DEA005BC42C /* libbellesip.a */; };
		6E25EA151F0B7543005BC42C /* libbelr.a in Frameworks */ = {isa = PBXBuildFile; fileRef = 6E25E9771F0B6DEA005BC42C /* libbelr.a */; };
		6E25EA161F0B7543005BC42C /* libbv16.a in Frameworks */ = {isa = PBXBuildFile; fileRef = 6E25E9781F0B6DEA005BC42C /* libbv16.a */; };
		6E25EA171F0B7543005BC42C /* libbzrtp.a in Frameworks */ = {isa = PBXBuildFile; fileRef = 6E25E9791F0B6DEA005BC42C /* libbzrtp.a */; };
		6E25EA181F0B7543005BC42C /* libcorec.a in Frameworks */ = {isa = PBXBuildFile; fileRef = 6E25E97A1F0B6DEA005BC42C /* libcorec.a */; };
		6E25EA191F0B7543005BC42C /* libcunit.a in Frameworks */ = {isa = PBXBuildFile; fileRef = 6E25E97B1F0B6DEA005BC42C /* libcunit.a */; };
		6E25EA1A1F0B7543005BC42C /* libebml2.a in Frameworks */ = {isa = PBXBuildFile; fileRef = 6E25E97C1F0B6DEA005BC42C /* libebml2.a */; };
		6E25EA1B1F0B7543005BC42C /* libgsm.a in Frameworks */ = {isa = PBXBuildFile; fileRef = 6E25E97D1F0B6DEA005BC42C /* libgsm.a */; };
		6E25EA1C1F0B7543005BC42C /* libmatroska2.a in Frameworks */ = {isa = PBXBuildFile; fileRef = 6E25E9801F0B6DEA005BC42C /* libmatroska2.a */; };
		6E25EA1D1F0B7543005BC42C /* libmbedcrypto.a in Frameworks */ = {isa = PBXBuildFile; fileRef = 6E25E9811F0B6DEA005BC42C /* libmbedcrypto.a */; };
		6E25EA1E1F0B7543005BC42C /* libmbedtls.a in Frameworks */ = {isa = PBXBuildFile; fileRef = 6E25E9821F0B6DEA005BC42C /* libmbedtls.a */; };
		6E25EA1F1F0B7543005BC42C /* libmbedx509.a in Frameworks */ = {isa = PBXBuildFile; fileRef = 6E25E9831F0B6DEA005BC42C /* libmbedx509.a */; };
		6E25EA201F0B7543005BC42C /* libmediastreamer_base.a in Frameworks */ = {isa = PBXBuildFile; fileRef = 6E25E9841F0B6DEA005BC42C /* libmediastreamer_base.a */; };
		6E25EA211F0B7543005BC42C /* libmediastreamer_voip.a in Frameworks */ = {isa = PBXBuildFile; fileRef = 6E25E9851F0B6DEA005BC42C /* libmediastreamer_voip.a */; };
		6E25EA221F0B7543005BC42C /* libopencore-amrnb.a in Frameworks */ = {isa = PBXBuildFile; fileRef = 6E25E9861F0B6DEA005BC42C /* libopencore-amrnb.a */; };
		6E25EA231F0B7543005BC42C /* libopencore-amrwb.a in Frameworks */ = {isa = PBXBuildFile; fileRef = 6E25E9871F0B6DEA005BC42C /* libopencore-amrwb.a */; };
		6E25EA241F0B7543005BC42C /* libopenh264.a in Frameworks */ = {isa = PBXBuildFile; fileRef = 6E25E9881F0B6DEA005BC42C /* libopenh264.a */; };
		6E25EA251F0B7543005BC42C /* libopus.a in Frameworks */ = {isa = PBXBuildFile; fileRef = 6E25E9891F0B6DEA005BC42C /* libopus.a */; };
		6E25EA261F0B7543005BC42C /* libortp.a in Frameworks */ = {isa = PBXBuildFile; fileRef = 6E25E98A1F0B6DEA005BC42C /* libortp.a */; };
		6E25EA271F0B7543005BC42C /* libspeex.a in Frameworks */ = {isa = PBXBuildFile; fileRef = 6E25E98B1F0B6DEA005BC42C /* libspeex.a */; };
		6E25EA281F0B7543005BC42C /* libspeexdsp.a in Frameworks */ = {isa = PBXBuildFile; fileRef = 6E25E98C1F0B6DEA005BC42C /* libspeexdsp.a */; };
		6E25EA291F0B7543005BC42C /* libsrtp.a in Frameworks */ = {isa = PBXBuildFile; fileRef = 6E25E98D1F0B6DEA005BC42C /* libsrtp.a */; };
		6E25EA2A1F0B7543005BC42C /* libswresample.a in Frameworks */ = {isa = PBXBuildFile; fileRef = 6E25E98E1F0B6DEA005BC42C /* libswresample.a */; };
		6E25EA2B1F0B7543005BC42C /* libswscale.a in Frameworks */ = {isa = PBXBuildFile; fileRef = 6E25E98F1F0B6DEA005BC42C /* libswscale.a */; };
		6E25EA2C1F0B7543005BC42C /* libtunnel.a in Frameworks */ = {isa = PBXBuildFile; fileRef = 6E25E9901F0B6DEA005BC42C /* libtunnel.a */; };
		6E25EA2D1F0B7543005BC42C /* libturbojpeg.a in Frameworks */ = {isa = PBXBuildFile; fileRef = 6E25E9911F0B6DEA005BC42C /* libturbojpeg.a */; };
		6E25EA2E1F0B7543005BC42C /* libvo-amrwbenc.a in Frameworks */ = {isa = PBXBuildFile; fileRef = 6E25E9921F0B6DEA005BC42C /* libvo-amrwbenc.a */; };
		6E25EA2F1F0B7543005BC42C /* libvpx.a in Frameworks */ = {isa = PBXBuildFile; fileRef = 6E25E9931F0B6DEA005BC42C /* libvpx.a */; };
		6E25EA301F0B7543005BC42C /* libx264.a in Frameworks */ = {isa = PBXBuildFile; fileRef = 6E25E9941F0B6DEA005BC42C /* libx264.a */; };
		6E25EA321F0B7589005BC42C /* CoreGraphics.framework in Frameworks */ = {isa = PBXBuildFile; fileRef = 6E25EA311F0B7589005BC42C /* CoreGraphics.framework */; };
		6E25EA341F0B758E005BC42C /* UIKit.framework in Frameworks */ = {isa = PBXBuildFile; fileRef = 6E25EA331F0B758E005BC42C /* UIKit.framework */; };
		6E25EA351F0B75A1005BC42C /* libmsamr.a in Frameworks */ = {isa = PBXBuildFile; fileRef = 6E25E9971F0B6DEA005BC42C /* libmsamr.a */; };
		6E25EA361F0B75A1005BC42C /* libmsbcg729.a in Frameworks */ = {isa = PBXBuildFile; fileRef = 6E25E9981F0B6DEA005BC42C /* libmsbcg729.a */; };
		6E25EA371F0B75A1005BC42C /* libmsopenh264.a in Frameworks */ = {isa = PBXBuildFile; fileRef = 6E25E9991F0B6DEA005BC42C /* libmsopenh264.a */; };
		6E25EA381F0B75A1005BC42C /* libmssilk.a in Frameworks */ = {isa = PBXBuildFile; fileRef = 6E25E99A1F0B6DEA005BC42C /* libmssilk.a */; };
		6E25EA391F0B75A1005BC42C /* libmswebrtc.a in Frameworks */ = {isa = PBXBuildFile; fileRef = 6E25E99B1F0B6DEA005BC42C /* libmswebrtc.a */; };
		6E25EA3A1F0B75A1005BC42C /* libmsx264.a in Frameworks */ = {isa = PBXBuildFile; fileRef = 6E25E99C1F0B6DEA005BC42C /* libmsx264.a */; };
		6E25EA3F1F0B7684005BC42C /* AVFoundation.framework in Frameworks */ = {isa = PBXBuildFile; fileRef = 6E25EA3E1F0B7684005BC42C /* AVFoundation.framework */; };
		6E25EA411F0B76BA005BC42C /* AudioToolbox.framework in Frameworks */ = {isa = PBXBuildFile; fileRef = 6E25EA401F0B76BA005BC42C /* AudioToolbox.framework */; };
		6E25EA431F0B76E2005BC42C /* QuartzCore.framework in Frameworks */ = {isa = PBXBuildFile; fileRef = 6E25EA421F0B76E2005BC42C /* QuartzCore.framework */; };
		6E25EA461F0B7703005BC42C /* CoreVideo.framework in Frameworks */ = {isa = PBXBuildFile; fileRef = 6E25EA441F0B7703005BC42C /* CoreVideo.framework */; };
		6E25EA471F0B7703005BC42C /* VideoToolbox.framework in Frameworks */ = {isa = PBXBuildFile; fileRef = 6E25EA451F0B7703005BC42C /* VideoToolbox.framework */; };
		6E25EA491F0B7727005BC42C /* CoreMedia.framework in Frameworks */ = {isa = PBXBuildFile; fileRef = 6E25EA481F0B7727005BC42C /* CoreMedia.framework */; };
		6E25EA4A1F0B7771005BC42C /* MediaStreamer.framework in Frameworks */ = {isa = PBXBuildFile; fileRef = 6E58AF2E1F085B4F009A0E68 /* MediaStreamer.framework */; };
		6E25EA4B1F0B7783005BC42C /* BelledonneSIP.framework in Frameworks */ = {isa = PBXBuildFile; fileRef = 6E5291661F0B53AE00D4B765 /* BelledonneSIP.framework */; };
		6E25EA4C1F0B7783005BC42C /* BelledonneToolbox.framework in Frameworks */ = {isa = PBXBuildFile; fileRef = 6E569AF21F09F67200BF244A /* BelledonneToolbox.framework */; };
		6E25EA511F0B77AB005BC42C /* libsqlite3.tbd in Frameworks */ = {isa = PBXBuildFile; fileRef = 6E25EA501F0B77AB005BC42C /* libsqlite3.tbd */; };
		6E25EA521F0B77B7005BC42C /* libxml2.tbd in Frameworks */ = {isa = PBXBuildFile; fileRef = 6E25E9E71F0B74C8005BC42C /* libxml2.tbd */; };
		6E25EA531F0B77B7005BC42C /* libz.tbd in Frameworks */ = {isa = PBXBuildFile; fileRef = 6E25E9DC1F0B7413005BC42C /* libz.tbd */; };
		6E25EA541F0B77B7005BC42C /* libstdc++.tbd in Frameworks */ = {isa = PBXBuildFile; fileRef = 6E25E9DA1F0B73F1005BC42C /* libstdc++.tbd */; };
		6E25EA551F0B77B7005BC42C /* libresolv.tbd in Frameworks */ = {isa = PBXBuildFile; fileRef = 6E25E9D81F0B73A5005BC42C /* libresolv.tbd */; };
		6E25EA561F0B77D2005BC42C /* liblinphone.a in Frameworks */ = {isa = PBXBuildFile; fileRef = 6E25E97E1F0B6DEA005BC42C /* liblinphone.a */; };
		6E25EA571F0B783E005BC42C /* libbelr.a in Frameworks */ = {isa = PBXBuildFile; fileRef = 6E25E9771F0B6DEA005BC42C /* libbelr.a */; };
		6E25EA581F0B783E005BC42C /* libantlr3c.a in Frameworks */ = {isa = PBXBuildFile; fileRef = 6E25E96E1F0B6DEA005BC42C /* libantlr3c.a */; };
		6E25EA591F0B783E005BC42C /* libavcodec.a in Frameworks */ = {isa = PBXBuildFile; fileRef = 6E25E96F1F0B6DEA005BC42C /* libavcodec.a */; };
		6E25EA5A1F0B783E005BC42C /* libavutil.a in Frameworks */ = {isa = PBXBuildFile; fileRef = 6E25E9701F0B6DEA005BC42C /* libavutil.a */; };
		6E25EA5B1F0B783E005BC42C /* libbcg729.a in Frameworks */ = {isa = PBXBuildFile; fileRef = 6E25E9711F0B6DEA005BC42C /* libbcg729.a */; };
		6E25EA5C1F0B783E005BC42C /* libbctoolbox.a in Frameworks */ = {isa = PBXBuildFile; fileRef = 6E25E9731F0B6DEA005BC42C /* libbctoolbox.a */; };
		6E25EA5D1F0B783E005BC42C /* libbcunit.a in Frameworks */ = {isa = PBXBuildFile; fileRef = 6E25E9741F0B6DEA005BC42C /* libbcunit.a */; };
		6E25EA5E1F0B783E005BC42C /* libbelcard.a in Frameworks */ = {isa = PBXBuildFile; fileRef = 6E25E9751F0B6DEA005BC42C /* libbelcard.a */; };
		6E25EA5F1F0B783E005BC42C /* libbellesip.a in Frameworks */ = {isa = PBXBuildFile; fileRef = 6E25E9761F0B6DEA005BC42C /* libbellesip.a */; };
		6E25EA601F0B783E005BC42C /* libbv16.a in Frameworks */ = {isa = PBXBuildFile; fileRef = 6E25E9781F0B6DEA005BC42C /* libbv16.a */; };
		6E25EA611F0B783E005BC42C /* libbzrtp.a in Frameworks */ = {isa = PBXBuildFile; fileRef = 6E25E9791F0B6DEA005BC42C /* libbzrtp.a */; };
		6E25EA621F0B783E005BC42C /* libcorec.a in Frameworks */ = {isa = PBXBuildFile; fileRef = 6E25E97A1F0B6DEA005BC42C /* libcorec.a */; };
		6E25EA631F0B783E005BC42C /* libcunit.a in Frameworks */ = {isa = PBXBuildFile; fileRef = 6E25E97B1F0B6DEA005BC42C /* libcunit.a */; };
		6E25EA641F0B783E005BC42C /* libebml2.a in Frameworks */ = {isa = PBXBuildFile; fileRef = 6E25E97C1F0B6DEA005BC42C /* libebml2.a */; };
		6E25EA651F0B783E005BC42C /* libgsm.a in Frameworks */ = {isa = PBXBuildFile; fileRef = 6E25E97D1F0B6DEA005BC42C /* libgsm.a */; };
		6E25EA661F0B783E005BC42C /* libmatroska2.a in Frameworks */ = {isa = PBXBuildFile; fileRef = 6E25E9801F0B6DEA005BC42C /* libmatroska2.a */; };
		6E25EA671F0B783E005BC42C /* libmbedcrypto.a in Frameworks */ = {isa = PBXBuildFile; fileRef = 6E25E9811F0B6DEA005BC42C /* libmbedcrypto.a */; };
		6E25EA681F0B783E005BC42C /* libmbedtls.a in Frameworks */ = {isa = PBXBuildFile; fileRef = 6E25E9821F0B6DEA005BC42C /* libmbedtls.a */; };
		6E25EA691F0B783E005BC42C /* libmbedx509.a in Frameworks */ = {isa = PBXBuildFile; fileRef = 6E25E9831F0B6DEA005BC42C /* libmbedx509.a */; };
		6E25EA6A1F0B783E005BC42C /* libmediastreamer_base.a in Frameworks */ = {isa = PBXBuildFile; fileRef = 6E25E9841F0B6DEA005BC42C /* libmediastreamer_base.a */; };
		6E25EA6B1F0B783E005BC42C /* libmediastreamer_voip.a in Frameworks */ = {isa = PBXBuildFile; fileRef = 6E25E9851F0B6DEA005BC42C /* libmediastreamer_voip.a */; };
		6E25EA6C1F0B783E005BC42C /* libopencore-amrnb.a in Frameworks */ = {isa = PBXBuildFile; fileRef = 6E25E9861F0B6DEA005BC42C /* libopencore-amrnb.a */; };
		6E25EA6D1F0B783E005BC42C /* libopencore-amrwb.a in Frameworks */ = {isa = PBXBuildFile; fileRef = 6E25E9871F0B6DEA005BC42C /* libopencore-amrwb.a */; };
		6E25EA6E1F0B783E005BC42C /* libopenh264.a in Frameworks */ = {isa = PBXBuildFile; fileRef = 6E25E9881F0B6DEA005BC42C /* libopenh264.a */; };
		6E25EA6F1F0B783E005BC42C /* libopus.a in Frameworks */ = {isa = PBXBuildFile; fileRef = 6E25E9891F0B6DEA005BC42C /* libopus.a */; };
		6E25EA701F0B783E005BC42C /* libortp.a in Frameworks */ = {isa = PBXBuildFile; fileRef = 6E25E98A1F0B6DEA005BC42C /* libortp.a */; };
		6E25EA711F0B783E005BC42C /* libspeex.a in Frameworks */ = {isa = PBXBuildFile; fileRef = 6E25E98B1F0B6DEA005BC42C /* libspeex.a */; };
		6E25EA721F0B783E005BC42C /* libspeexdsp.a in Frameworks */ = {isa = PBXBuildFile; fileRef = 6E25E98C1F0B6DEA005BC42C /* libspeexdsp.a */; };
		6E25EA731F0B783E005BC42C /* libsrtp.a in Frameworks */ = {isa = PBXBuildFile; fileRef = 6E25E98D1F0B6DEA005BC42C /* libsrtp.a */; };
		6E25EA741F0B783E005BC42C /* libswresample.a in Frameworks */ = {isa = PBXBuildFile; fileRef = 6E25E98E1F0B6DEA005BC42C /* libswresample.a */; };
		6E25EA751F0B783E005BC42C /* libswscale.a in Frameworks */ = {isa = PBXBuildFile; fileRef = 6E25E98F1F0B6DEA005BC42C /* libswscale.a */; };
		6E25EA761F0B783E005BC42C /* libtunnel.a in Frameworks */ = {isa = PBXBuildFile; fileRef = 6E25E9901F0B6DEA005BC42C /* libtunnel.a */; };
		6E25EA771F0B783E005BC42C /* libturbojpeg.a in Frameworks */ = {isa = PBXBuildFile; fileRef = 6E25E9911F0B6DEA005BC42C /* libturbojpeg.a */; };
		6E25EA781F0B783E005BC42C /* libvo-amrwbenc.a in Frameworks */ = {isa = PBXBuildFile; fileRef = 6E25E9921F0B6DEA005BC42C /* libvo-amrwbenc.a */; };
		6E25EA791F0B783E005BC42C /* libvpx.a in Frameworks */ = {isa = PBXBuildFile; fileRef = 6E25E9931F0B6DEA005BC42C /* libvpx.a */; };
		6E25EA7A1F0B783E005BC42C /* libx264.a in Frameworks */ = {isa = PBXBuildFile; fileRef = 6E25E9941F0B6DEA005BC42C /* libx264.a */; };
		6E25EA7B1F0B783E005BC42C /* libmsamr.a in Frameworks */ = {isa = PBXBuildFile; fileRef = 6E25E9971F0B6DEA005BC42C /* libmsamr.a */; };
		6E25EA7C1F0B783E005BC42C /* libmsbcg729.a in Frameworks */ = {isa = PBXBuildFile; fileRef = 6E25E9981F0B6DEA005BC42C /* libmsbcg729.a */; };
		6E25EA7D1F0B783E005BC42C /* libmsopenh264.a in Frameworks */ = {isa = PBXBuildFile; fileRef = 6E25E9991F0B6DEA005BC42C /* libmsopenh264.a */; };
		6E25EA7E1F0B783E005BC42C /* libmssilk.a in Frameworks */ = {isa = PBXBuildFile; fileRef = 6E25E99A1F0B6DEA005BC42C /* libmssilk.a */; };
		6E25EA7F1F0B783E005BC42C /* libmswebrtc.a in Frameworks */ = {isa = PBXBuildFile; fileRef = 6E25E99B1F0B6DEA005BC42C /* libmswebrtc.a */; };
		6E25EA801F0B783E005BC42C /* libmsx264.a in Frameworks */ = {isa = PBXBuildFile; fileRef = 6E25E99C1F0B6DEA005BC42C /* libmsx264.a */; };
		6E25EA811F0B785D005BC42C /* AVFoundation.framework in Frameworks */ = {isa = PBXBuildFile; fileRef = 6E25EA3E1F0B7684005BC42C /* AVFoundation.framework */; };
		6E25EA831F0B7887005BC42C /* libiconv.tbd in Frameworks */ = {isa = PBXBuildFile; fileRef = 6E25EA821F0B7887005BC42C /* libiconv.tbd */; };
		6E25EA8A1F0BEB05005BC42C /* LinkedListTests.swift in Sources */ = {isa = PBXBuildFile; fileRef = 6E25EA871F0BEA98005BC42C /* LinkedListTests.swift */; };
		6E25EA8B1F0BEB69005BC42C /* URITests.swift in Sources */ = {isa = PBXBuildFile; fileRef = 6E25EA891F0BEA98005BC42C /* URITests.swift */; };
		6E5291891F0B543C00D4B765 /* URI.swift in Sources */ = {isa = PBXBuildFile; fileRef = 6E5291881F0B543C00D4B765 /* URI.swift */; };
		6E52918B1F0B553400D4B765 /* URI.SIP.swift in Sources */ = {isa = PBXBuildFile; fileRef = 6E52918A1F0B553400D4B765 /* URI.SIP.swift */; };
		6E52918D1F0B58C000D4B765 /* BelledonneObject.swift in Sources */ = {isa = PBXBuildFile; fileRef = 6E52918C1F0B58C000D4B765 /* BelledonneObject.swift */; };
		6E5291911F0B5B2B00D4B765 /* CopyableHandle.swift in Sources */ = {isa = PBXBuildFile; fileRef = 6E52918E1F0B5B2B00D4B765 /* CopyableHandle.swift */; };
		6E5291921F0B5B2B00D4B765 /* Handle.swift in Sources */ = {isa = PBXBuildFile; fileRef = 6E52918F1F0B5B2B00D4B765 /* Handle.swift */; };
		6E5291931F0B5B2B00D4B765 /* ReferenceConvertible.swift in Sources */ = {isa = PBXBuildFile; fileRef = 6E5291901F0B5B2B00D4B765 /* ReferenceConvertible.swift */; };
		6E5291961F0B5BC200D4B765 /* ManagedPointer.swift in Sources */ = {isa = PBXBuildFile; fileRef = 6E5291941F0B5BC200D4B765 /* ManagedPointer.swift */; };
		6E5291971F0B5BC200D4B765 /* UnmanagedPointer.swift in Sources */ = {isa = PBXBuildFile; fileRef = 6E5291951F0B5BC200D4B765 /* UnmanagedPointer.swift */; };
		6E5291991F0B631F00D4B765 /* ManagedHandle.swift in Sources */ = {isa = PBXBuildFile; fileRef = 6E5291981F0B631F00D4B765 /* ManagedHandle.swift */; };
		6E569B191F09F74D00BF244A /* LinkedList.swift in Sources */ = {isa = PBXBuildFile; fileRef = 6E569ADC1F09DA3500BF244A /* LinkedList.swift */; };
		6E569B1D1F09F9AD00BF244A /* UserDataHandle.swift in Sources */ = {isa = PBXBuildFile; fileRef = 6E569B1C1F09F9AD00BF244A /* UserDataHandle.swift */; };
		6E569B1F1F09F9D500BF244A /* Handle.swift in Sources */ = {isa = PBXBuildFile; fileRef = 6E569B1E1F09F9D500BF244A /* Handle.swift */; };
		6E569B211F09F9FF00BF244A /* ManagedPointer.swift in Sources */ = {isa = PBXBuildFile; fileRef = 6E569B201F09F9FF00BF244A /* ManagedPointer.swift */; };
		6E569B231F09FA1C00BF244A /* UnmanagedPointer.swift in Sources */ = {isa = PBXBuildFile; fileRef = 6E569B221F09FA1C00BF244A /* UnmanagedPointer.swift */; };
		6E569B251F09FA4A00BF244A /* ManagedHandle.swift in Sources */ = {isa = PBXBuildFile; fileRef = 6E569B241F09FA4A00BF244A /* ManagedHandle.swift */; };
		6E569B271F09FA7500BF244A /* ReferenceConvertible.swift in Sources */ = {isa = PBXBuildFile; fileRef = 6E569B261F09FA7500BF244A /* ReferenceConvertible.swift */; };
		6E569B291F09FC2B00BF244A /* CopyableHandle.swift in Sources */ = {isa = PBXBuildFile; fileRef = 6E569B281F09FC2B00BF244A /* CopyableHandle.swift */; };
		6E569B2B1F0A063F00BF244A /* Handle.swift in Sources */ = {isa = PBXBuildFile; fileRef = 6E569B2A1F0A063F00BF244A /* Handle.swift */; };
		6E569B2E1F0A067800BF244A /* CopyableHandle.swift in Sources */ = {isa = PBXBuildFile; fileRef = 6E569B2C1F0A067800BF244A /* CopyableHandle.swift */; };
		6E569B2F1F0A067800BF244A /* ReferenceConvertible.swift in Sources */ = {isa = PBXBuildFile; fileRef = 6E569B2D1F0A067800BF244A /* ReferenceConvertible.swift */; };
		6E58AF091F07221B009A0E68 /* StreamType.swift in Sources */ = {isa = PBXBuildFile; fileRef = 6E58AF081F07221B009A0E68 /* StreamType.swift */; };
		6E58AF0B1F07234B009A0E68 /* Enumeration.swift in Sources */ = {isa = PBXBuildFile; fileRef = 6E58AF0A1F07234B009A0E68 /* Enumeration.swift */; };
		6E58AF0D1F07CE74009A0E68 /* Factory.swift in Sources */ = {isa = PBXBuildFile; fileRef = 6E58AF0C1F07CE74009A0E68 /* Factory.swift */; };
		6E58AF0F1F07D245009A0E68 /* Configuration.swift in Sources */ = {isa = PBXBuildFile; fileRef = 6E58AF0E1F07D245009A0E68 /* Configuration.swift */; };
		6E58AF131F07E9E9009A0E68 /* Internal.swift in Sources */ = {isa = PBXBuildFile; fileRef = 6E58AF121F07E9E9009A0E68 /* Internal.swift */; };
		6E58AF361F085B53009A0E68 /* LinPhone.framework in Frameworks */ = {isa = PBXBuildFile; fileRef = OBJ_14 /* LinPhone.framework */; };
		6E58AF571F085BB5009A0E68 /* Factory.swift in Sources */ = {isa = PBXBuildFile; fileRef = 6E58AF561F085BB5009A0E68 /* Factory.swift */; };
		6E76D7401F0705B70017362C /* Core.swift in Sources */ = {isa = PBXBuildFile; fileRef = 6E76D73E1F0705B70017362C /* Core.swift */; };
		6EF6A6D41F0C059400C39864 /* BelledonneToolbox.framework in Frameworks */ = {isa = PBXBuildFile; fileRef = 6E569AF21F09F67200BF244A /* BelledonneToolbox.framework */; };
		OBJ_28 /* CoreTests.swift in Sources */ = {isa = PBXBuildFile; fileRef = OBJ_11 /* CoreTests.swift */; };
		OBJ_30 /* LinPhone.framework in Frameworks */ = {isa = PBXBuildFile; fileRef = OBJ_14 /* LinPhone.framework */; };
/* End PBXBuildFile section */

/* Begin PBXContainerItemProxy section */
		6E25E9CE1F0B6E95005BC42C /* PBXContainerItemProxy */ = {
			isa = PBXContainerItemProxy;
			containerPortal = OBJ_1 /* Project object */;
			proxyType = 1;
			remoteGlobalIDString = 6E569ADD1F09F67200BF244A;
			remoteInfo = BelledonneToolbox;
		};
		6E25E9D11F0B6EA1005BC42C /* PBXContainerItemProxy */ = {
			isa = PBXContainerItemProxy;
			containerPortal = OBJ_1 /* Project object */;
			proxyType = 1;
			remoteGlobalIDString = 6E52914E1F0B53AE00D4B765;
			remoteInfo = BelledonneSIP;
		};
		6E25EA0B1F0B753C005BC42C /* PBXContainerItemProxy */ = {
			isa = PBXContainerItemProxy;
			containerPortal = OBJ_1 /* Project object */;
			proxyType = 1;
			remoteGlobalIDString = 6E569ADD1F09F67200BF244A;
			remoteInfo = BelledonneToolbox;
		};
		6E25EA4D1F0B7788005BC42C /* PBXContainerItemProxy */ = {
			isa = PBXContainerItemProxy;
			containerPortal = OBJ_1 /* Project object */;
			proxyType = 1;
			remoteGlobalIDString = 6E52914E1F0B53AE00D4B765;
			remoteInfo = BelledonneSIP;
		};
		6E5291501F0B53AE00D4B765 /* PBXContainerItemProxy */ = {
			isa = PBXContainerItemProxy;
			containerPortal = OBJ_1 /* Project object */;
			proxyType = 1;
			remoteGlobalIDString = 6E76D7701F0718580017362C;
			remoteInfo = CMake;
		};
		6E569ADF1F09F67200BF244A /* PBXContainerItemProxy */ = {
			isa = PBXContainerItemProxy;
			containerPortal = OBJ_1 /* Project object */;
			proxyType = 1;
			remoteGlobalIDString = 6E76D7701F0718580017362C;
			remoteInfo = CMake;
		};
		6E569B1A1F09F7F600BF244A /* PBXContainerItemProxy */ = {
			isa = PBXContainerItemProxy;
			containerPortal = OBJ_1 /* Project object */;
			proxyType = 1;
			remoteGlobalIDString = 6E569ADD1F09F67200BF244A;
			remoteInfo = BelledonneToolbox;
		};
		6E58AF161F085B4F009A0E68 /* PBXContainerItemProxy */ = {
			isa = PBXContainerItemProxy;
			containerPortal = OBJ_1 /* Project object */;
			proxyType = 1;
			remoteGlobalIDString = 6E76D7701F0718580017362C;
			remoteInfo = CMake;
		};
		6E58AF581F085DAB009A0E68 /* PBXContainerItemProxy */ = {
			isa = PBXContainerItemProxy;
			containerPortal = OBJ_1 /* Project object */;
			proxyType = 1;
			remoteGlobalIDString = 6E58AF141F085B4F009A0E68;
			remoteInfo = MediaStreamer;
		};
		6E76D7371F06F8BB0017362C /* PBXContainerItemProxy */ = {
			isa = PBXContainerItemProxy;
			containerPortal = OBJ_1 /* Project object */;
			proxyType = 1;
			remoteGlobalIDString = OBJ_16;
			remoteInfo = LinPhoneSwift;
		};
		6E76D7751F0718B10017362C /* PBXContainerItemProxy */ = {
			isa = PBXContainerItemProxy;
			containerPortal = OBJ_1 /* Project object */;
			proxyType = 1;
			remoteGlobalIDString = 6E76D7701F0718580017362C;
			remoteInfo = CMake;
		};
		6EF6A6D21F0C058C00C39864 /* PBXContainerItemProxy */ = {
			isa = PBXContainerItemProxy;
			containerPortal = OBJ_1 /* Project object */;
			proxyType = 1;
			remoteGlobalIDString = 6E569ADD1F09F67200BF244A;
			remoteInfo = BelledonneToolbox;
		};
/* End PBXContainerItemProxy section */

/* Begin PBXCopyFilesBuildPhase section */
		6E5291771F0B53B100D4B765 /* Embed Frameworks */ = {
			isa = PBXCopyFilesBuildPhase;
			buildActionMask = 2147483647;
			dstPath = "";
			dstSubfolderSpec = 10;
			files = (
			);
			name = "Embed Frameworks";
			runOnlyForDeploymentPostprocessing = 0;
		};
		6E569B071F09F67500BF244A /* Embed Frameworks */ = {
			isa = PBXCopyFilesBuildPhase;
			buildActionMask = 2147483647;
			dstPath = "";
			dstSubfolderSpec = 10;
			files = (
			);
			name = "Embed Frameworks";
			runOnlyForDeploymentPostprocessing = 0;
		};
		6E58AEFB1F0720DD009A0E68 /* Embed Frameworks */ = {
			isa = PBXCopyFilesBuildPhase;
			buildActionMask = 2147483647;
			dstPath = "";
			dstSubfolderSpec = 10;
			files = (
			);
			name = "Embed Frameworks";
			runOnlyForDeploymentPostprocessing = 0;
		};
		6E58AF431F085B53009A0E68 /* Embed Frameworks */ = {
			isa = PBXCopyFilesBuildPhase;
			buildActionMask = 2147483647;
			dstPath = "";
			dstSubfolderSpec = 10;
			files = (
			);
			name = "Embed Frameworks";
			runOnlyForDeploymentPostprocessing = 0;
		};
/* End PBXCopyFilesBuildPhase section */

/* Begin PBXFileReference section */
		6E25E96E1F0B6DEA005BC42C /* libantlr3c.a */ = {isa = PBXFileReference; lastKnownFileType = archive.ar; path = libantlr3c.a; sourceTree = "<group>"; };
		6E25E96F1F0B6DEA005BC42C /* libavcodec.a */ = {isa = PBXFileReference; lastKnownFileType = archive.ar; path = libavcodec.a; sourceTree = "<group>"; };
		6E25E9701F0B6DEA005BC42C /* libavutil.a */ = {isa = PBXFileReference; lastKnownFileType = archive.ar; path = libavutil.a; sourceTree = "<group>"; };
		6E25E9711F0B6DEA005BC42C /* libbcg729.a */ = {isa = PBXFileReference; lastKnownFileType = archive.ar; path = libbcg729.a; sourceTree = "<group>"; };
		6E25E9721F0B6DEA005BC42C /* libbctoolbox-tester.a */ = {isa = PBXFileReference; lastKnownFileType = archive.ar; path = "libbctoolbox-tester.a"; sourceTree = "<group>"; };
		6E25E9731F0B6DEA005BC42C /* libbctoolbox.a */ = {isa = PBXFileReference; lastKnownFileType = archive.ar; path = libbctoolbox.a; sourceTree = "<group>"; };
		6E25E9741F0B6DEA005BC42C /* libbcunit.a */ = {isa = PBXFileReference; lastKnownFileType = archive.ar; path = libbcunit.a; sourceTree = "<group>"; };
		6E25E9751F0B6DEA005BC42C /* libbelcard.a */ = {isa = PBXFileReference; lastKnownFileType = archive.ar; path = libbelcard.a; sourceTree = "<group>"; };
		6E25E9761F0B6DEA005BC42C /* libbellesip.a */ = {isa = PBXFileReference; lastKnownFileType = archive.ar; path = libbellesip.a; sourceTree = "<group>"; };
		6E25E9771F0B6DEA005BC42C /* libbelr.a */ = {isa = PBXFileReference; lastKnownFileType = archive.ar; path = libbelr.a; sourceTree = "<group>"; };
		6E25E9781F0B6DEA005BC42C /* libbv16.a */ = {isa = PBXFileReference; lastKnownFileType = archive.ar; path = libbv16.a; sourceTree = "<group>"; };
		6E25E9791F0B6DEA005BC42C /* libbzrtp.a */ = {isa = PBXFileReference; lastKnownFileType = archive.ar; path = libbzrtp.a; sourceTree = "<group>"; };
		6E25E97A1F0B6DEA005BC42C /* libcorec.a */ = {isa = PBXFileReference; lastKnownFileType = archive.ar; path = libcorec.a; sourceTree = "<group>"; };
		6E25E97B1F0B6DEA005BC42C /* libcunit.a */ = {isa = PBXFileReference; lastKnownFileType = archive.ar; path = libcunit.a; sourceTree = "<group>"; };
		6E25E97C1F0B6DEA005BC42C /* libebml2.a */ = {isa = PBXFileReference; lastKnownFileType = archive.ar; path = libebml2.a; sourceTree = "<group>"; };
		6E25E97D1F0B6DEA005BC42C /* libgsm.a */ = {isa = PBXFileReference; lastKnownFileType = archive.ar; path = libgsm.a; sourceTree = "<group>"; };
		6E25E97E1F0B6DEA005BC42C /* liblinphone.a */ = {isa = PBXFileReference; lastKnownFileType = archive.ar; path = liblinphone.a; sourceTree = "<group>"; };
		6E25E97F1F0B6DEA005BC42C /* liblinphonetester.a */ = {isa = PBXFileReference; lastKnownFileType = archive.ar; path = liblinphonetester.a; sourceTree = "<group>"; };
		6E25E9801F0B6DEA005BC42C /* libmatroska2.a */ = {isa = PBXFileReference; lastKnownFileType = archive.ar; path = libmatroska2.a; sourceTree = "<group>"; };
		6E25E9811F0B6DEA005BC42C /* libmbedcrypto.a */ = {isa = PBXFileReference; lastKnownFileType = archive.ar; path = libmbedcrypto.a; sourceTree = "<group>"; };
		6E25E9821F0B6DEA005BC42C /* libmbedtls.a */ = {isa = PBXFileReference; lastKnownFileType = archive.ar; path = libmbedtls.a; sourceTree = "<group>"; };
		6E25E9831F0B6DEA005BC42C /* libmbedx509.a */ = {isa = PBXFileReference; lastKnownFileType = archive.ar; path = libmbedx509.a; sourceTree = "<group>"; };
		6E25E9841F0B6DEA005BC42C /* libmediastreamer_base.a */ = {isa = PBXFileReference; lastKnownFileType = archive.ar; path = libmediastreamer_base.a; sourceTree = "<group>"; };
		6E25E9851F0B6DEA005BC42C /* libmediastreamer_voip.a */ = {isa = PBXFileReference; lastKnownFileType = archive.ar; path = libmediastreamer_voip.a; sourceTree = "<group>"; };
		6E25E9861F0B6DEA005BC42C /* libopencore-amrnb.a */ = {isa = PBXFileReference; lastKnownFileType = archive.ar; path = "libopencore-amrnb.a"; sourceTree = "<group>"; };
		6E25E9871F0B6DEA005BC42C /* libopencore-amrwb.a */ = {isa = PBXFileReference; lastKnownFileType = archive.ar; path = "libopencore-amrwb.a"; sourceTree = "<group>"; };
		6E25E9881F0B6DEA005BC42C /* libopenh264.a */ = {isa = PBXFileReference; lastKnownFileType = archive.ar; path = libopenh264.a; sourceTree = "<group>"; };
		6E25E9891F0B6DEA005BC42C /* libopus.a */ = {isa = PBXFileReference; lastKnownFileType = archive.ar; path = libopus.a; sourceTree = "<group>"; };
		6E25E98A1F0B6DEA005BC42C /* libortp.a */ = {isa = PBXFileReference; lastKnownFileType = archive.ar; path = libortp.a; sourceTree = "<group>"; };
		6E25E98B1F0B6DEA005BC42C /* libspeex.a */ = {isa = PBXFileReference; lastKnownFileType = archive.ar; path = libspeex.a; sourceTree = "<group>"; };
		6E25E98C1F0B6DEA005BC42C /* libspeexdsp.a */ = {isa = PBXFileReference; lastKnownFileType = archive.ar; path = libspeexdsp.a; sourceTree = "<group>"; };
		6E25E98D1F0B6DEA005BC42C /* libsrtp.a */ = {isa = PBXFileReference; lastKnownFileType = archive.ar; path = libsrtp.a; sourceTree = "<group>"; };
		6E25E98E1F0B6DEA005BC42C /* libswresample.a */ = {isa = PBXFileReference; lastKnownFileType = archive.ar; path = libswresample.a; sourceTree = "<group>"; };
		6E25E98F1F0B6DEA005BC42C /* libswscale.a */ = {isa = PBXFileReference; lastKnownFileType = archive.ar; path = libswscale.a; sourceTree = "<group>"; };
		6E25E9901F0B6DEA005BC42C /* libtunnel.a */ = {isa = PBXFileReference; lastKnownFileType = archive.ar; path = libtunnel.a; sourceTree = "<group>"; };
		6E25E9911F0B6DEA005BC42C /* libturbojpeg.a */ = {isa = PBXFileReference; lastKnownFileType = archive.ar; path = libturbojpeg.a; sourceTree = "<group>"; };
		6E25E9921F0B6DEA005BC42C /* libvo-amrwbenc.a */ = {isa = PBXFileReference; lastKnownFileType = archive.ar; path = "libvo-amrwbenc.a"; sourceTree = "<group>"; };
		6E25E9931F0B6DEA005BC42C /* libvpx.a */ = {isa = PBXFileReference; lastKnownFileType = archive.ar; path = libvpx.a; sourceTree = "<group>"; };
		6E25E9941F0B6DEA005BC42C /* libx264.a */ = {isa = PBXFileReference; lastKnownFileType = archive.ar; path = libx264.a; sourceTree = "<group>"; };
		6E25E9971F0B6DEA005BC42C /* libmsamr.a */ = {isa = PBXFileReference; lastKnownFileType = archive.ar; name = libmsamr.a; path = mediastreamer/plugins/libmsamr.a; sourceTree = "<group>"; };
		6E25E9981F0B6DEA005BC42C /* libmsbcg729.a */ = {isa = PBXFileReference; lastKnownFileType = archive.ar; name = libmsbcg729.a; path = mediastreamer/plugins/libmsbcg729.a; sourceTree = "<group>"; };
		6E25E9991F0B6DEA005BC42C /* libmsopenh264.a */ = {isa = PBXFileReference; lastKnownFileType = archive.ar; name = libmsopenh264.a; path = mediastreamer/plugins/libmsopenh264.a; sourceTree = "<group>"; };
		6E25E99A1F0B6DEA005BC42C /* libmssilk.a */ = {isa = PBXFileReference; lastKnownFileType = archive.ar; name = libmssilk.a; path = mediastreamer/plugins/libmssilk.a; sourceTree = "<group>"; };
		6E25E99B1F0B6DEA005BC42C /* libmswebrtc.a */ = {isa = PBXFileReference; lastKnownFileType = archive.ar; name = libmswebrtc.a; path = mediastreamer/plugins/libmswebrtc.a; sourceTree = "<group>"; };
		6E25E99C1F0B6DEA005BC42C /* libmsx264.a */ = {isa = PBXFileReference; lastKnownFileType = archive.ar; name = libmsx264.a; path = mediastreamer/plugins/libmsx264.a; sourceTree = "<group>"; };
		6E25E9D81F0B73A5005BC42C /* libresolv.tbd */ = {isa = PBXFileReference; lastKnownFileType = "sourcecode.text-based-dylib-definition"; name = libresolv.tbd; path = Platforms/iPhoneOS.platform/Developer/SDKs/iPhoneOS10.3.sdk/usr/lib/libresolv.tbd; sourceTree = DEVELOPER_DIR; };
		6E25E9DA1F0B73F1005BC42C /* libstdc++.tbd */ = {isa = PBXFileReference; lastKnownFileType = "sourcecode.text-based-dylib-definition"; name = "libstdc++.tbd"; path = "Platforms/iPhoneOS.platform/Developer/SDKs/iPhoneOS10.3.sdk/usr/lib/libstdc++.tbd"; sourceTree = DEVELOPER_DIR; };
		6E25E9DC1F0B7413005BC42C /* libz.tbd */ = {isa = PBXFileReference; lastKnownFileType = "sourcecode.text-based-dylib-definition"; name = libz.tbd; path = Platforms/iPhoneOS.platform/Developer/SDKs/iPhoneOS10.3.sdk/usr/lib/libz.tbd; sourceTree = DEVELOPER_DIR; };
		6E25E9E11F0B7480005BC42C /* OpenGLES.framework */ = {isa = PBXFileReference; lastKnownFileType = wrapper.framework; name = OpenGLES.framework; path = Platforms/iPhoneOS.platform/Developer/SDKs/iPhoneOS10.3.sdk/System/Library/Frameworks/OpenGLES.framework; sourceTree = DEVELOPER_DIR; };
		6E25E9E71F0B74C8005BC42C /* libxml2.tbd */ = {isa = PBXFileReference; lastKnownFileType = "sourcecode.text-based-dylib-definition"; name = libxml2.tbd; path = Platforms/iPhoneOS.platform/Developer/SDKs/iPhoneOS10.3.sdk/usr/lib/libxml2.tbd; sourceTree = DEVELOPER_DIR; };
		6E25EA311F0B7589005BC42C /* CoreGraphics.framework */ = {isa = PBXFileReference; lastKnownFileType = wrapper.framework; name = CoreGraphics.framework; path = Platforms/iPhoneOS.platform/Developer/SDKs/iPhoneOS10.3.sdk/System/Library/Frameworks/CoreGraphics.framework; sourceTree = DEVELOPER_DIR; };
		6E25EA331F0B758E005BC42C /* UIKit.framework */ = {isa = PBXFileReference; lastKnownFileType = wrapper.framework; name = UIKit.framework; path = Platforms/iPhoneOS.platform/Developer/SDKs/iPhoneOS10.3.sdk/System/Library/Frameworks/UIKit.framework; sourceTree = DEVELOPER_DIR; };
		6E25EA3E1F0B7684005BC42C /* AVFoundation.framework */ = {isa = PBXFileReference; lastKnownFileType = wrapper.framework; name = AVFoundation.framework; path = Platforms/iPhoneOS.platform/Developer/SDKs/iPhoneOS10.3.sdk/System/Library/Frameworks/AVFoundation.framework; sourceTree = DEVELOPER_DIR; };
		6E25EA401F0B76BA005BC42C /* AudioToolbox.framework */ = {isa = PBXFileReference; lastKnownFileType = wrapper.framework; name = AudioToolbox.framework; path = Platforms/iPhoneOS.platform/Developer/SDKs/iPhoneOS10.3.sdk/System/Library/Frameworks/AudioToolbox.framework; sourceTree = DEVELOPER_DIR; };
		6E25EA421F0B76E2005BC42C /* QuartzCore.framework */ = {isa = PBXFileReference; lastKnownFileType = wrapper.framework; name = QuartzCore.framework; path = Platforms/iPhoneOS.platform/Developer/SDKs/iPhoneOS10.3.sdk/System/Library/Frameworks/QuartzCore.framework; sourceTree = DEVELOPER_DIR; };
		6E25EA441F0B7703005BC42C /* CoreVideo.framework */ = {isa = PBXFileReference; lastKnownFileType = wrapper.framework; name = CoreVideo.framework; path = Platforms/iPhoneOS.platform/Developer/SDKs/iPhoneOS10.3.sdk/System/Library/Frameworks/CoreVideo.framework; sourceTree = DEVELOPER_DIR; };
		6E25EA451F0B7703005BC42C /* VideoToolbox.framework */ = {isa = PBXFileReference; lastKnownFileType = wrapper.framework; name = VideoToolbox.framework; path = Platforms/iPhoneOS.platform/Developer/SDKs/iPhoneOS10.3.sdk/System/Library/Frameworks/VideoToolbox.framework; sourceTree = DEVELOPER_DIR; };
		6E25EA481F0B7727005BC42C /* CoreMedia.framework */ = {isa = PBXFileReference; lastKnownFileType = wrapper.framework; name = CoreMedia.framework; path = Platforms/iPhoneOS.platform/Developer/SDKs/iPhoneOS10.3.sdk/System/Library/Frameworks/CoreMedia.framework; sourceTree = DEVELOPER_DIR; };
		6E25EA501F0B77AB005BC42C /* libsqlite3.tbd */ = {isa = PBXFileReference; lastKnownFileType = "sourcecode.text-based-dylib-definition"; name = libsqlite3.tbd; path = Platforms/iPhoneOS.platform/Developer/SDKs/iPhoneOS10.3.sdk/usr/lib/libsqlite3.tbd; sourceTree = DEVELOPER_DIR; };
		6E25EA821F0B7887005BC42C /* libiconv.tbd */ = {isa = PBXFileReference; lastKnownFileType = "sourcecode.text-based-dylib-definition"; name = libiconv.tbd; path = Platforms/iPhoneOS.platform/Developer/SDKs/iPhoneOS10.3.sdk/usr/lib/libiconv.tbd; sourceTree = DEVELOPER_DIR; };
		6E25EA851F0BEA98005BC42C /* FactoryTests.swift */ = {isa = PBXFileReference; lastKnownFileType = sourcecode.swift; path = FactoryTests.swift; sourceTree = "<group>"; };
		6E25EA871F0BEA98005BC42C /* LinkedListTests.swift */ = {isa = PBXFileReference; lastKnownFileType = sourcecode.swift; path = LinkedListTests.swift; sourceTree = "<group>"; };
		6E25EA891F0BEA98005BC42C /* URITests.swift */ = {isa = PBXFileReference; lastKnownFileType = sourcecode.swift; path = URITests.swift; sourceTree = "<group>"; };
		6E5291661F0B53AE00D4B765 /* BelledonneSIP.framework */ = {isa = PBXFileReference; explicitFileType = wrapper.framework; includeInIndex = 0; path = BelledonneSIP.framework; sourceTree = BUILT_PRODUCTS_DIR; };
		6E5291871F0B53B100D4B765 /* BelledonneSIPTests.xctest */ = {isa = PBXFileReference; explicitFileType = wrapper.cfbundle; includeInIndex = 0; path = BelledonneSIPTests.xctest; sourceTree = BUILT_PRODUCTS_DIR; };
		6E5291881F0B543C00D4B765 /* URI.swift */ = {isa = PBXFileReference; fileEncoding = 4; lastKnownFileType = sourcecode.swift; path = URI.swift; sourceTree = "<group>"; };
		6E52918A1F0B553400D4B765 /* URI.SIP.swift */ = {isa = PBXFileReference; fileEncoding = 4; lastKnownFileType = sourcecode.swift; path = URI.SIP.swift; sourceTree = "<group>"; };
		6E52918C1F0B58C000D4B765 /* BelledonneObject.swift */ = {isa = PBXFileReference; fileEncoding = 4; lastKnownFileType = sourcecode.swift; path = BelledonneObject.swift; sourceTree = "<group>"; };
		6E52918E1F0B5B2B00D4B765 /* CopyableHandle.swift */ = {isa = PBXFileReference; fileEncoding = 4; lastKnownFileType = sourcecode.swift; path = CopyableHandle.swift; sourceTree = "<group>"; };
		6E52918F1F0B5B2B00D4B765 /* Handle.swift */ = {isa = PBXFileReference; fileEncoding = 4; lastKnownFileType = sourcecode.swift; path = Handle.swift; sourceTree = "<group>"; };
		6E5291901F0B5B2B00D4B765 /* ReferenceConvertible.swift */ = {isa = PBXFileReference; fileEncoding = 4; lastKnownFileType = sourcecode.swift; path = ReferenceConvertible.swift; sourceTree = "<group>"; };
		6E5291941F0B5BC200D4B765 /* ManagedPointer.swift */ = {isa = PBXFileReference; fileEncoding = 4; lastKnownFileType = sourcecode.swift; path = ManagedPointer.swift; sourceTree = "<group>"; };
		6E5291951F0B5BC200D4B765 /* UnmanagedPointer.swift */ = {isa = PBXFileReference; fileEncoding = 4; lastKnownFileType = sourcecode.swift; path = UnmanagedPointer.swift; sourceTree = "<group>"; };
		6E5291981F0B631F00D4B765 /* ManagedHandle.swift */ = {isa = PBXFileReference; fileEncoding = 4; lastKnownFileType = sourcecode.swift; path = ManagedHandle.swift; sourceTree = "<group>"; };
		6E569ADC1F09DA3500BF244A /* LinkedList.swift */ = {isa = PBXFileReference; lastKnownFileType = sourcecode.swift; path = LinkedList.swift; sourceTree = "<group>"; };
		6E569AF21F09F67200BF244A /* BelledonneToolbox.framework */ = {isa = PBXFileReference; explicitFileType = wrapper.framework; includeInIndex = 0; path = BelledonneToolbox.framework; sourceTree = BUILT_PRODUCTS_DIR; };
		6E569B171F09F67500BF244A /* BelledonneToolboxTests.xctest */ = {isa = PBXFileReference; explicitFileType = wrapper.cfbundle; includeInIndex = 0; path = BelledonneToolboxTests.xctest; sourceTree = BUILT_PRODUCTS_DIR; };
		6E569B1C1F09F9AD00BF244A /* UserDataHandle.swift */ = {isa = PBXFileReference; fileEncoding = 4; lastKnownFileType = sourcecode.swift; path = UserDataHandle.swift; sourceTree = "<group>"; };
		6E569B1E1F09F9D500BF244A /* Handle.swift */ = {isa = PBXFileReference; fileEncoding = 4; lastKnownFileType = sourcecode.swift; path = Handle.swift; sourceTree = "<group>"; };
		6E569B201F09F9FF00BF244A /* ManagedPointer.swift */ = {isa = PBXFileReference; fileEncoding = 4; lastKnownFileType = sourcecode.swift; path = ManagedPointer.swift; sourceTree = "<group>"; };
		6E569B221F09FA1C00BF244A /* UnmanagedPointer.swift */ = {isa = PBXFileReference; fileEncoding = 4; lastKnownFileType = sourcecode.swift; path = UnmanagedPointer.swift; sourceTree = "<group>"; };
		6E569B241F09FA4A00BF244A /* ManagedHandle.swift */ = {isa = PBXFileReference; fileEncoding = 4; lastKnownFileType = sourcecode.swift; path = ManagedHandle.swift; sourceTree = "<group>"; };
		6E569B261F09FA7500BF244A /* ReferenceConvertible.swift */ = {isa = PBXFileReference; fileEncoding = 4; lastKnownFileType = sourcecode.swift; path = ReferenceConvertible.swift; sourceTree = "<group>"; };
		6E569B281F09FC2B00BF244A /* CopyableHandle.swift */ = {isa = PBXFileReference; fileEncoding = 4; lastKnownFileType = sourcecode.swift; path = CopyableHandle.swift; sourceTree = "<group>"; };
		6E569B2A1F0A063F00BF244A /* Handle.swift */ = {isa = PBXFileReference; fileEncoding = 4; lastKnownFileType = sourcecode.swift; path = Handle.swift; sourceTree = "<group>"; };
		6E569B2C1F0A067800BF244A /* CopyableHandle.swift */ = {isa = PBXFileReference; fileEncoding = 4; lastKnownFileType = sourcecode.swift; path = CopyableHandle.swift; sourceTree = "<group>"; };
		6E569B2D1F0A067800BF244A /* ReferenceConvertible.swift */ = {isa = PBXFileReference; fileEncoding = 4; lastKnownFileType = sourcecode.swift; path = ReferenceConvertible.swift; sourceTree = "<group>"; };
		6E58AF081F07221B009A0E68 /* StreamType.swift */ = {isa = PBXFileReference; fileEncoding = 4; lastKnownFileType = sourcecode.swift; path = StreamType.swift; sourceTree = "<group>"; };
		6E58AF0A1F07234B009A0E68 /* Enumeration.swift */ = {isa = PBXFileReference; fileEncoding = 4; lastKnownFileType = sourcecode.swift; path = Enumeration.swift; sourceTree = "<group>"; };
		6E58AF0C1F07CE74009A0E68 /* Factory.swift */ = {isa = PBXFileReference; fileEncoding = 4; lastKnownFileType = sourcecode.swift; path = Factory.swift; sourceTree = "<group>"; };
		6E58AF0E1F07D245009A0E68 /* Configuration.swift */ = {isa = PBXFileReference; fileEncoding = 4; lastKnownFileType = sourcecode.swift; path = Configuration.swift; sourceTree = "<group>"; };
		6E58AF121F07E9E9009A0E68 /* Internal.swift */ = {isa = PBXFileReference; fileEncoding = 4; lastKnownFileType = sourcecode.swift; path = Internal.swift; sourceTree = "<group>"; };
		6E58AF2E1F085B4F009A0E68 /* MediaStreamer.framework */ = {isa = PBXFileReference; explicitFileType = wrapper.framework; includeInIndex = 0; path = MediaStreamer.framework; sourceTree = BUILT_PRODUCTS_DIR; };
		6E58AF531F085B53009A0E68 /* MediaStreamerTests.xctest */ = {isa = PBXFileReference; explicitFileType = wrapper.cfbundle; includeInIndex = 0; path = MediaStreamerTests.xctest; sourceTree = BUILT_PRODUCTS_DIR; };
		6E58AF561F085BB5009A0E68 /* Factory.swift */ = {isa = PBXFileReference; fileEncoding = 4; lastKnownFileType = sourcecode.swift; path = Factory.swift; sourceTree = "<group>"; };
		6E76D73E1F0705B70017362C /* Core.swift */ = {isa = PBXFileReference; fileEncoding = 4; lastKnownFileType = sourcecode.swift; path = Core.swift; sourceTree = "<group>"; };
		6E76D76D1F0710D90017362C /* module.map */ = {isa = PBXFileReference; lastKnownFileType = "sourcecode.module-map"; path = module.map; sourceTree = "<group>"; };
		OBJ_11 /* CoreTests.swift */ = {isa = PBXFileReference; lastKnownFileType = sourcecode.swift; path = CoreTests.swift; sourceTree = "<group>"; };
		OBJ_14 /* LinPhone.framework */ = {isa = PBXFileReference; explicitFileType = wrapper.framework; path = LinPhone.framework; sourceTree = BUILT_PRODUCTS_DIR; };
		OBJ_15 /* LinPhoneTests.xctest */ = {isa = PBXFileReference; explicitFileType = wrapper.cfbundle; path = LinPhoneTests.xctest; sourceTree = BUILT_PRODUCTS_DIR; };
/* End PBXFileReference section */

/* Begin PBXFrameworksBuildPhase section */
		6E5291561F0B53AE00D4B765 /* Frameworks */ = {
			isa = PBXFrameworksBuildPhase;
			buildActionMask = 0;
			files = (
				6E25E9DE1F0B7426005BC42C /* libstdc++.tbd in Frameworks */,
				6E25E9DD1F0B7413005BC42C /* libz.tbd in Frameworks */,
				6E25E9D91F0B73A5005BC42C /* libresolv.tbd in Frameworks */,
				6E25E9CA1F0B6E22005BC42C /* libbellesip.a in Frameworks */,
				6E25E9D31F0B6EBB005BC42C /* libbctoolbox.a in Frameworks */,
				6E25E9D41F0B6EDE005BC42C /* libmbedx509.a in Frameworks */,
				6E25E9D51F0B6EE1005BC42C /* libmbedtls.a in Frameworks */,
				6E25E9D61F0B6EE4005BC42C /* libmbedcrypto.a in Frameworks */,
				6E25E9D71F0B7317005BC42C /* libantlr3c.a in Frameworks */,
			);
			runOnlyForDeploymentPostprocessing = 0;
		};
		6E5291691F0B53B100D4B765 /* Frameworks */ = {
			isa = PBXFrameworksBuildPhase;
			buildActionMask = 0;
			files = (
				6E25E9D01F0B6E9C005BC42C /* BelledonneSIP.framework in Frameworks */,
			);
			runOnlyForDeploymentPostprocessing = 0;
		};
		6E569AE21F09F67200BF244A /* Frameworks */ = {
			isa = PBXFrameworksBuildPhase;
			buildActionMask = 0;
			files = (
				6E25E9DB1F0B73F1005BC42C /* libstdc++.tbd in Frameworks */,
				6E25E9CC1F0B6E4F005BC42C /* libbctoolbox.a in Frameworks */,
			);
			runOnlyForDeploymentPostprocessing = 0;
		};
		6E569AF91F09F67500BF244A /* Frameworks */ = {
			isa = PBXFrameworksBuildPhase;
			buildActionMask = 0;
			files = (
				6EF6A6D41F0C059400C39864 /* BelledonneToolbox.framework in Frameworks */,
			);
			runOnlyForDeploymentPostprocessing = 0;
		};
		6E58AF1E1F085B4F009A0E68 /* Frameworks */ = {
			isa = PBXFrameworksBuildPhase;
			buildActionMask = 0;
			files = (
				6E25EA491F0B7727005BC42C /* CoreMedia.framework in Frameworks */,
				6E25EA461F0B7703005BC42C /* CoreVideo.framework in Frameworks */,
				6E25EA471F0B7703005BC42C /* VideoToolbox.framework in Frameworks */,
				6E25EA431F0B76E2005BC42C /* QuartzCore.framework in Frameworks */,
				6E25EA411F0B76BA005BC42C /* AudioToolbox.framework in Frameworks */,
				6E25EA3F1F0B7684005BC42C /* AVFoundation.framework in Frameworks */,
				6E25EA341F0B758E005BC42C /* UIKit.framework in Frameworks */,
				6E25EA321F0B7589005BC42C /* CoreGraphics.framework in Frameworks */,
				6E25E9E81F0B74C8005BC42C /* libxml2.tbd in Frameworks */,
				6E25E9E21F0B7480005BC42C /* OpenGLES.framework in Frameworks */,
				6E25EA0D1F0B7543005BC42C /* libantlr3c.a in Frameworks */,
				6E25EA0E1F0B7543005BC42C /* libavcodec.a in Frameworks */,
				6E25EA0F1F0B7543005BC42C /* libavutil.a in Frameworks */,
				6E25EA101F0B7543005BC42C /* libbcg729.a in Frameworks */,
				6E25EA111F0B7543005BC42C /* libbctoolbox.a in Frameworks */,
				6E25EA121F0B7543005BC42C /* libbcunit.a in Frameworks */,
				6E25EA131F0B7543005BC42C /* libbelcard.a in Frameworks */,
				6E25EA141F0B7543005BC42C /* libbellesip.a in Frameworks */,
				6E25EA151F0B7543005BC42C /* libbelr.a in Frameworks */,
				6E25EA161F0B7543005BC42C /* libbv16.a in Frameworks */,
				6E25EA171F0B7543005BC42C /* libbzrtp.a in Frameworks */,
				6E25EA181F0B7543005BC42C /* libcorec.a in Frameworks */,
				6E25EA191F0B7543005BC42C /* libcunit.a in Frameworks */,
				6E25EA1A1F0B7543005BC42C /* libebml2.a in Frameworks */,
				6E25EA1B1F0B7543005BC42C /* libgsm.a in Frameworks */,
				6E25EA1C1F0B7543005BC42C /* libmatroska2.a in Frameworks */,
				6E25EA1D1F0B7543005BC42C /* libmbedcrypto.a in Frameworks */,
				6E25EA1E1F0B7543005BC42C /* libmbedtls.a in Frameworks */,
				6E25EA1F1F0B7543005BC42C /* libmbedx509.a in Frameworks */,
				6E25EA201F0B7543005BC42C /* libmediastreamer_base.a in Frameworks */,
				6E25EA211F0B7543005BC42C /* libmediastreamer_voip.a in Frameworks */,
				6E25EA221F0B7543005BC42C /* libopencore-amrnb.a in Frameworks */,
				6E25EA231F0B7543005BC42C /* libopencore-amrwb.a in Frameworks */,
				6E25EA241F0B7543005BC42C /* libopenh264.a in Frameworks */,
				6E25EA251F0B7543005BC42C /* libopus.a in Frameworks */,
				6E25EA261F0B7543005BC42C /* libortp.a in Frameworks */,
				6E25EA271F0B7543005BC42C /* libspeex.a in Frameworks */,
				6E25EA281F0B7543005BC42C /* libspeexdsp.a in Frameworks */,
				6E25EA291F0B7543005BC42C /* libsrtp.a in Frameworks */,
				6E25EA2A1F0B7543005BC42C /* libswresample.a in Frameworks */,
				6E25EA2B1F0B7543005BC42C /* libswscale.a in Frameworks */,
				6E25EA2C1F0B7543005BC42C /* libtunnel.a in Frameworks */,
				6E25EA2D1F0B7543005BC42C /* libturbojpeg.a in Frameworks */,
				6E25EA2E1F0B7543005BC42C /* libvo-amrwbenc.a in Frameworks */,
				6E25EA2F1F0B7543005BC42C /* libvpx.a in Frameworks */,
				6E25EA301F0B7543005BC42C /* libx264.a in Frameworks */,
				6E25EA351F0B75A1005BC42C /* libmsamr.a in Frameworks */,
				6E25EA361F0B75A1005BC42C /* libmsbcg729.a in Frameworks */,
				6E25EA371F0B75A1005BC42C /* libmsopenh264.a in Frameworks */,
				6E25EA381F0B75A1005BC42C /* libmssilk.a in Frameworks */,
				6E25EA391F0B75A1005BC42C /* libmswebrtc.a in Frameworks */,
				6E25EA3A1F0B75A1005BC42C /* libmsx264.a in Frameworks */,
			);
			runOnlyForDeploymentPostprocessing = 0;
		};
		6E58AF351F085B53009A0E68 /* Frameworks */ = {
			isa = PBXFrameworksBuildPhase;
			buildActionMask = 0;
			files = (
				6E58AF361F085B53009A0E68 /* LinPhone.framework in Frameworks */,
			);
			runOnlyForDeploymentPostprocessing = 0;
		};
		OBJ_22 /* Frameworks */ = {
			isa = PBXFrameworksBuildPhase;
			buildActionMask = 0;
			files = (
				6E25EA831F0B7887005BC42C /* libiconv.tbd in Frameworks */,
				6E25EA521F0B77B7005BC42C /* libxml2.tbd in Frameworks */,
				6E25EA531F0B77B7005BC42C /* libz.tbd in Frameworks */,
				6E25EA541F0B77B7005BC42C /* libstdc++.tbd in Frameworks */,
				6E25EA551F0B77B7005BC42C /* libresolv.tbd in Frameworks */,
				6E25EA511F0B77AB005BC42C /* libsqlite3.tbd in Frameworks */,
				6E25EA4B1F0B7783005BC42C /* BelledonneSIP.framework in Frameworks */,
				6E25EA4C1F0B7783005BC42C /* BelledonneToolbox.framework in Frameworks */,
				6E25EA4A1F0B7771005BC42C /* MediaStreamer.framework in Frameworks */,
				6E25EA811F0B785D005BC42C /* AVFoundation.framework in Frameworks */,
				6E25EA571F0B783E005BC42C /* libbelr.a in Frameworks */,
				6E25EA581F0B783E005BC42C /* libantlr3c.a in Frameworks */,
				6E25EA591F0B783E005BC42C /* libavcodec.a in Frameworks */,
				6E25EA5A1F0B783E005BC42C /* libavutil.a in Frameworks */,
				6E25EA5B1F0B783E005BC42C /* libbcg729.a in Frameworks */,
				6E25EA5C1F0B783E005BC42C /* libbctoolbox.a in Frameworks */,
				6E25EA5D1F0B783E005BC42C /* libbcunit.a in Frameworks */,
				6E25EA5E1F0B783E005BC42C /* libbelcard.a in Frameworks */,
				6E25EA5F1F0B783E005BC42C /* libbellesip.a in Frameworks */,
				6E25EA601F0B783E005BC42C /* libbv16.a in Frameworks */,
				6E25EA611F0B783E005BC42C /* libbzrtp.a in Frameworks */,
				6E25EA621F0B783E005BC42C /* libcorec.a in Frameworks */,
				6E25EA631F0B783E005BC42C /* libcunit.a in Frameworks */,
				6E25EA641F0B783E005BC42C /* libebml2.a in Frameworks */,
				6E25EA651F0B783E005BC42C /* libgsm.a in Frameworks */,
				6E25EA561F0B77D2005BC42C /* liblinphone.a in Frameworks */,
				6E25EA661F0B783E005BC42C /* libmatroska2.a in Frameworks */,
				6E25EA671F0B783E005BC42C /* libmbedcrypto.a in Frameworks */,
				6E25EA681F0B783E005BC42C /* libmbedtls.a in Frameworks */,
				6E25EA691F0B783E005BC42C /* libmbedx509.a in Frameworks */,
				6E25EA6A1F0B783E005BC42C /* libmediastreamer_base.a in Frameworks */,
				6E25EA6B1F0B783E005BC42C /* libmediastreamer_voip.a in Frameworks */,
				6E25EA6C1F0B783E005BC42C /* libopencore-amrnb.a in Frameworks */,
				6E25EA6D1F0B783E005BC42C /* libopencore-amrwb.a in Frameworks */,
				6E25EA6E1F0B783E005BC42C /* libopenh264.a in Frameworks */,
				6E25EA6F1F0B783E005BC42C /* libopus.a in Frameworks */,
				6E25EA701F0B783E005BC42C /* libortp.a in Frameworks */,
				6E25EA711F0B783E005BC42C /* libspeex.a in Frameworks */,
				6E25EA721F0B783E005BC42C /* libspeexdsp.a in Frameworks */,
				6E25EA731F0B783E005BC42C /* libsrtp.a in Frameworks */,
				6E25EA741F0B783E005BC42C /* libswresample.a in Frameworks */,
				6E25EA751F0B783E005BC42C /* libswscale.a in Frameworks */,
				6E25EA761F0B783E005BC42C /* libtunnel.a in Frameworks */,
				6E25EA771F0B783E005BC42C /* libturbojpeg.a in Frameworks */,
				6E25EA781F0B783E005BC42C /* libvo-amrwbenc.a in Frameworks */,
				6E25EA791F0B783E005BC42C /* libvpx.a in Frameworks */,
				6E25EA7A1F0B783E005BC42C /* libx264.a in Frameworks */,
				6E25EA7B1F0B783E005BC42C /* libmsamr.a in Frameworks */,
				6E25EA7C1F0B783E005BC42C /* libmsbcg729.a in Frameworks */,
				6E25EA7D1F0B783E005BC42C /* libmsopenh264.a in Frameworks */,
				6E25EA7E1F0B783E005BC42C /* libmssilk.a in Frameworks */,
				6E25EA7F1F0B783E005BC42C /* libmswebrtc.a in Frameworks */,
				6E25EA801F0B783E005BC42C /* libmsx264.a in Frameworks */,
			);
			runOnlyForDeploymentPostprocessing = 0;
		};
		OBJ_29 /* Frameworks */ = {
			isa = PBXFrameworksBuildPhase;
			buildActionMask = 0;
			files = (
				OBJ_30 /* LinPhone.framework in Frameworks */,
			);
			runOnlyForDeploymentPostprocessing = 0;
		};
/* End PBXFrameworksBuildPhase section */

/* Begin PBXGroup section */
		6E25E96D1F0B6DEA005BC42C /* Frameworks */ = {
			isa = PBXGroup;
			children = (
				6E25EA481F0B7727005BC42C /* CoreMedia.framework */,
				6E25EA441F0B7703005BC42C /* CoreVideo.framework */,
				6E25EA451F0B7703005BC42C /* VideoToolbox.framework */,
				6E25EA421F0B76E2005BC42C /* QuartzCore.framework */,
				6E25EA401F0B76BA005BC42C /* AudioToolbox.framework */,
				6E25EA3E1F0B7684005BC42C /* AVFoundation.framework */,
				6E25EA331F0B758E005BC42C /* UIKit.framework */,
				6E25EA311F0B7589005BC42C /* CoreGraphics.framework */,
				6E25E9E11F0B7480005BC42C /* OpenGLES.framework */,
				6E25E9E71F0B74C8005BC42C /* libxml2.tbd */,
				6E25EA821F0B7887005BC42C /* libiconv.tbd */,
				6E25EA501F0B77AB005BC42C /* libsqlite3.tbd */,
				6E25E9DC1F0B7413005BC42C /* libz.tbd */,
				6E25E9DA1F0B73F1005BC42C /* libstdc++.tbd */,
				6E25E9D81F0B73A5005BC42C /* libresolv.tbd */,
				6E25EA3D1F0B7628005BC42C /* Linphone */,
			);
			name = Frameworks;
			path = "../linphone-iphone/liblinphone-sdk/apple-darwin/lib";
			sourceTree = "<group>";
		};
		6E25EA3D1F0B7628005BC42C /* Linphone */ = {
			isa = PBXGroup;
			children = (
				6E25E9771F0B6DEA005BC42C /* libbelr.a */,
				6E25E96E1F0B6DEA005BC42C /* libantlr3c.a */,
				6E25E96F1F0B6DEA005BC42C /* libavcodec.a */,
				6E25E9701F0B6DEA005BC42C /* libavutil.a */,
				6E25E9711F0B6DEA005BC42C /* libbcg729.a */,
				6E25E9721F0B6DEA005BC42C /* libbctoolbox-tester.a */,
				6E25E9731F0B6DEA005BC42C /* libbctoolbox.a */,
				6E25E9741F0B6DEA005BC42C /* libbcunit.a */,
				6E25E9751F0B6DEA005BC42C /* libbelcard.a */,
				6E25E9761F0B6DEA005BC42C /* libbellesip.a */,
				6E25E9781F0B6DEA005BC42C /* libbv16.a */,
				6E25E9791F0B6DEA005BC42C /* libbzrtp.a */,
				6E25E97A1F0B6DEA005BC42C /* libcorec.a */,
				6E25E97B1F0B6DEA005BC42C /* libcunit.a */,
				6E25E97C1F0B6DEA005BC42C /* libebml2.a */,
				6E25E97D1F0B6DEA005BC42C /* libgsm.a */,
				6E25E97E1F0B6DEA005BC42C /* liblinphone.a */,
				6E25E97F1F0B6DEA005BC42C /* liblinphonetester.a */,
				6E25E9801F0B6DEA005BC42C /* libmatroska2.a */,
				6E25E9811F0B6DEA005BC42C /* libmbedcrypto.a */,
				6E25E9821F0B6DEA005BC42C /* libmbedtls.a */,
				6E25E9831F0B6DEA005BC42C /* libmbedx509.a */,
				6E25E9841F0B6DEA005BC42C /* libmediastreamer_base.a */,
				6E25E9851F0B6DEA005BC42C /* libmediastreamer_voip.a */,
				6E25E9861F0B6DEA005BC42C /* libopencore-amrnb.a */,
				6E25E9871F0B6DEA005BC42C /* libopencore-amrwb.a */,
				6E25E9881F0B6DEA005BC42C /* libopenh264.a */,
				6E25E9891F0B6DEA005BC42C /* libopus.a */,
				6E25E98A1F0B6DEA005BC42C /* libortp.a */,
				6E25E98B1F0B6DEA005BC42C /* libspeex.a */,
				6E25E98C1F0B6DEA005BC42C /* libspeexdsp.a */,
				6E25E98D1F0B6DEA005BC42C /* libsrtp.a */,
				6E25E98E1F0B6DEA005BC42C /* libswresample.a */,
				6E25E98F1F0B6DEA005BC42C /* libswscale.a */,
				6E25E9901F0B6DEA005BC42C /* libtunnel.a */,
				6E25E9911F0B6DEA005BC42C /* libturbojpeg.a */,
				6E25E9921F0B6DEA005BC42C /* libvo-amrwbenc.a */,
				6E25E9931F0B6DEA005BC42C /* libvpx.a */,
				6E25E9941F0B6DEA005BC42C /* libx264.a */,
				6E25E9971F0B6DEA005BC42C /* libmsamr.a */,
				6E25E9981F0B6DEA005BC42C /* libmsbcg729.a */,
				6E25E9991F0B6DEA005BC42C /* libmsopenh264.a */,
				6E25E99A1F0B6DEA005BC42C /* libmssilk.a */,
				6E25E99B1F0B6DEA005BC42C /* libmswebrtc.a */,
				6E25E99C1F0B6DEA005BC42C /* libmsx264.a */,
			);
			name = Linphone;
			sourceTree = "<group>";
		};
		6E25EA841F0BEA98005BC42C /* MediaStreamerTests */ = {
			isa = PBXGroup;
			children = (
				6E25EA851F0BEA98005BC42C /* FactoryTests.swift */,
			);
			name = MediaStreamerTests;
			path = ../Tests/MediaStreamerTests;
			sourceTree = "<group>";
		};
		6E25EA861F0BEA98005BC42C /* BelledonneToolboxTests */ = {
			isa = PBXGroup;
			children = (
				6E25EA871F0BEA98005BC42C /* LinkedListTests.swift */,
			);
			name = BelledonneToolboxTests;
			path = ../Tests/BelledonneToolboxTests;
			sourceTree = "<group>";
		};
		6E25EA881F0BEA98005BC42C /* BelledonneSIPTests */ = {
			isa = PBXGroup;
			children = (
				6E25EA891F0BEA98005BC42C /* URITests.swift */,
			);
			name = BelledonneSIPTests;
			path = ../Tests/BelledonneSIPTests;
			sourceTree = "<group>";
		};
		6E52914D1F0B53A800D4B765 /* BelledonneSIP */ = {
			isa = PBXGroup;
			children = (
				6E5291881F0B543C00D4B765 /* URI.swift */,
				6E52918A1F0B553400D4B765 /* URI.SIP.swift */,
				6E52918C1F0B58C000D4B765 /* BelledonneObject.swift */,
				6E5291941F0B5BC200D4B765 /* ManagedPointer.swift */,
				6E5291951F0B5BC200D4B765 /* UnmanagedPointer.swift */,
				6E52918F1F0B5B2B00D4B765 /* Handle.swift */,
				6E5291981F0B631F00D4B765 /* ManagedHandle.swift */,
				6E52918E1F0B5B2B00D4B765 /* CopyableHandle.swift */,
				6E5291901F0B5B2B00D4B765 /* ReferenceConvertible.swift */,
			);
			path = BelledonneSIP;
			sourceTree = "<group>";
		};
		6E569ADB1F09DA2300BF244A /* BelledonneToolbox */ = {
			isa = PBXGroup;
			children = (
				6E569ADC1F09DA3500BF244A /* LinkedList.swift */,
				6E569B2A1F0A063F00BF244A /* Handle.swift */,
				6E569B2C1F0A067800BF244A /* CopyableHandle.swift */,
				6E569B2D1F0A067800BF244A /* ReferenceConvertible.swift */,
			);
			path = BelledonneToolbox;
			sourceTree = "<group>";
		};
		6E58AF551F085B8A009A0E68 /* MediaStreamer */ = {
			isa = PBXGroup;
			children = (
				6E58AF561F085BB5009A0E68 /* Factory.swift */,
			);
			path = MediaStreamer;
			sourceTree = "<group>";
		};
		6E76D73D1F0705B70017362C /* LinPhone */ = {
			isa = PBXGroup;
			children = (
				6E76D73E1F0705B70017362C /* Core.swift */,
				6E58AF0E1F07D245009A0E68 /* Configuration.swift */,
				6E58AF0C1F07CE74009A0E68 /* Factory.swift */,
				6E58AF081F07221B009A0E68 /* StreamType.swift */,
				6E58AF0A1F07234B009A0E68 /* Enumeration.swift */,
				6E58AF121F07E9E9009A0E68 /* Internal.swift */,
				6E569B1C1F09F9AD00BF244A /* UserDataHandle.swift */,
				6E569B1E1F09F9D500BF244A /* Handle.swift */,
				6E569B241F09FA4A00BF244A /* ManagedHandle.swift */,
				6E569B221F09FA1C00BF244A /* UnmanagedPointer.swift */,
				6E569B201F09F9FF00BF244A /* ManagedPointer.swift */,
				6E569B281F09FC2B00BF244A /* CopyableHandle.swift */,
				6E569B261F09FA7500BF244A /* ReferenceConvertible.swift */,
			);
			path = LinPhone;
			sourceTree = "<group>";
		};
		OBJ_10 /* LinPhoneTests */ = {
			isa = PBXGroup;
			children = (
				OBJ_11 /* CoreTests.swift */,
			);
			name = LinPhoneTests;
			path = ../Tests/LinPhoneTests;
			sourceTree = SOURCE_ROOT;
		};
		OBJ_13 /* Products */ = {
			isa = PBXGroup;
			children = (
				OBJ_14 /* LinPhone.framework */,
				OBJ_15 /* LinPhoneTests.xctest */,
				6E58AF2E1F085B4F009A0E68 /* MediaStreamer.framework */,
				6E58AF531F085B53009A0E68 /* MediaStreamerTests.xctest */,
				6E569AF21F09F67200BF244A /* BelledonneToolbox.framework */,
				6E569B171F09F67500BF244A /* BelledonneToolboxTests.xctest */,
				6E5291661F0B53AE00D4B765 /* BelledonneSIP.framework */,
				6E5291871F0B53B100D4B765 /* BelledonneSIPTests.xctest */,
			);
			name = Products;
			sourceTree = BUILT_PRODUCTS_DIR;
		};
		OBJ_5 = {
			isa = PBXGroup;
			children = (
				6E76D76D1F0710D90017362C /* module.map */,
				6E25E96D1F0B6DEA005BC42C /* Frameworks */,
				OBJ_7 /* Sources */,
				OBJ_9 /* Tests */,
				OBJ_13 /* Products */,
			);
			sourceTree = "<group>";
		};
		OBJ_7 /* Sources */ = {
			isa = PBXGroup;
			children = (
				6E76D73D1F0705B70017362C /* LinPhone */,
				6E58AF551F085B8A009A0E68 /* MediaStreamer */,
				6E569ADB1F09DA2300BF244A /* BelledonneToolbox */,
				6E52914D1F0B53A800D4B765 /* BelledonneSIP */,
			);
			name = Sources;
			path = ../Sources;
			sourceTree = SOURCE_ROOT;
		};
		OBJ_9 /* Tests */ = {
			isa = PBXGroup;
			children = (
				OBJ_10 /* LinPhoneTests */,
				6E25EA841F0BEA98005BC42C /* MediaStreamerTests */,
				6E25EA881F0BEA98005BC42C /* BelledonneSIPTests */,
				6E25EA861F0BEA98005BC42C /* BelledonneToolboxTests */,
			);
			name = Tests;
			sourceTree = SOURCE_ROOT;
		};
/* End PBXGroup section */

/* Begin PBXNativeTarget section */
		6E52914E1F0B53AE00D4B765 /* BelledonneSIP */ = {
			isa = PBXNativeTarget;
			buildConfigurationList = 6E5291631F0B53AE00D4B765 /* Build configuration list for PBXNativeTarget "BelledonneSIP" */;
			buildPhases = (
				6E5291511F0B53AE00D4B765 /* Sources */,
				6E5291561F0B53AE00D4B765 /* Frameworks */,
				6E5291621F0B53AE00D4B765 /* Increment Build */,
			);
			buildRules = (
			);
			dependencies = (
				6E25E9CF1F0B6E95005BC42C /* PBXTargetDependency */,
				6E52914F1F0B53AE00D4B765 /* PBXTargetDependency */,
			);
			name = BelledonneSIP;
			productName = LinPhoneSwift;
			productReference = 6E5291661F0B53AE00D4B765 /* BelledonneSIP.framework */;
			productType = "com.apple.product-type.framework";
		};
		6E5291671F0B53B100D4B765 /* BelledonneSIPTests */ = {
			isa = PBXNativeTarget;
			buildConfigurationList = 6E5291841F0B53B100D4B765 /* Build configuration list for PBXNativeTarget "BelledonneSIPTests" */;
			buildPhases = (
				6E5291681F0B53B100D4B765 /* Sources */,
				6E5291691F0B53B100D4B765 /* Frameworks */,
				6E5291771F0B53B100D4B765 /* Embed Frameworks */,
			);
			buildRules = (
			);
			dependencies = (
				6E25E9D21F0B6EA1005BC42C /* PBXTargetDependency */,
			);
			name = BelledonneSIPTests;
			productName = LinPhoneSwiftTests;
			productReference = 6E5291871F0B53B100D4B765 /* BelledonneSIPTests.xctest */;
			productType = "com.apple.product-type.bundle.unit-test";
		};
		6E569ADD1F09F67200BF244A /* BelledonneToolbox */ = {
			isa = PBXNativeTarget;
			buildConfigurationList = 6E569AEF1F09F67200BF244A /* Build configuration list for PBXNativeTarget "BelledonneToolbox" */;
			buildPhases = (
				6E569AE01F09F67200BF244A /* Sources */,
				6E569AE21F09F67200BF244A /* Frameworks */,
				6E569AEE1F09F67200BF244A /* Increment Build */,
			);
			buildRules = (
			);
			dependencies = (
				6E569ADE1F09F67200BF244A /* PBXTargetDependency */,
			);
			name = BelledonneToolbox;
			productName = LinPhoneSwift;
			productReference = 6E569AF21F09F67200BF244A /* BelledonneToolbox.framework */;
			productType = "com.apple.product-type.framework";
		};
		6E569AF41F09F67500BF244A /* BelledonneToolboxTests */ = {
			isa = PBXNativeTarget;
			buildConfigurationList = 6E569B141F09F67500BF244A /* Build configuration list for PBXNativeTarget "BelledonneToolboxTests" */;
			buildPhases = (
				6E569AF71F09F67500BF244A /* Sources */,
				6E569AF91F09F67500BF244A /* Frameworks */,
				6E569B071F09F67500BF244A /* Embed Frameworks */,
			);
			buildRules = (
			);
			dependencies = (
				6EF6A6D31F0C058C00C39864 /* PBXTargetDependency */,
			);
			name = BelledonneToolboxTests;
			productName = LinPhoneSwiftTests;
			productReference = 6E569B171F09F67500BF244A /* BelledonneToolboxTests.xctest */;
			productType = "com.apple.product-type.bundle.unit-test";
		};
		6E58AF141F085B4F009A0E68 /* MediaStreamer */ = {
			isa = PBXNativeTarget;
			buildConfigurationList = 6E58AF2B1F085B4F009A0E68 /* Build configuration list for PBXNativeTarget "MediaStreamer" */;
			buildPhases = (
				6E58AF171F085B4F009A0E68 /* Sources */,
				6E58AF1E1F085B4F009A0E68 /* Frameworks */,
				6E58AF2A1F085B4F009A0E68 /* Increment Build */,
			);
			buildRules = (
			);
			dependencies = (
				6E25EA0C1F0B753C005BC42C /* PBXTargetDependency */,
				6E58AF151F085B4F009A0E68 /* PBXTargetDependency */,
			);
			name = MediaStreamer;
			productName = LinPhoneSwift;
			productReference = 6E58AF2E1F085B4F009A0E68 /* MediaStreamer.framework */;
			productType = "com.apple.product-type.framework";
		};
		6E58AF301F085B53009A0E68 /* MediaStreamerTests */ = {
			isa = PBXNativeTarget;
			buildConfigurationList = 6E58AF501F085B53009A0E68 /* Build configuration list for PBXNativeTarget "MediaStreamerTests" */;
			buildPhases = (
				6E58AF331F085B53009A0E68 /* Sources */,
				6E58AF351F085B53009A0E68 /* Frameworks */,
				6E58AF431F085B53009A0E68 /* Embed Frameworks */,
			);
			buildRules = (
			);
			dependencies = (
			);
			name = MediaStreamerTests;
			productName = LinPhoneSwiftTests;
			productReference = 6E58AF531F085B53009A0E68 /* MediaStreamerTests.xctest */;
			productType = "com.apple.product-type.bundle.unit-test";
		};
		OBJ_16 /* LinPhone */ = {
			isa = PBXNativeTarget;
			buildConfigurationList = OBJ_17 /* Build configuration list for PBXNativeTarget "LinPhone" */;
			buildPhases = (
				OBJ_20 /* Sources */,
				OBJ_22 /* Frameworks */,
				6E58AEF81F071EF0009A0E68 /* Increment Build */,
			);
			buildRules = (
			);
			dependencies = (
				6E25EA4E1F0B7788005BC42C /* PBXTargetDependency */,
				6E569B1B1F09F7F600BF244A /* PBXTargetDependency */,
				6E58AF591F085DAB009A0E68 /* PBXTargetDependency */,
				6E76D7761F0718B10017362C /* PBXTargetDependency */,
			);
			name = LinPhone;
			productName = LinPhoneSwift;
			productReference = OBJ_14 /* LinPhone.framework */;
			productType = "com.apple.product-type.framework";
		};
		OBJ_23 /* LinPhoneTests */ = {
			isa = PBXNativeTarget;
			buildConfigurationList = OBJ_24 /* Build configuration list for PBXNativeTarget "LinPhoneTests" */;
			buildPhases = (
				OBJ_27 /* Sources */,
				OBJ_29 /* Frameworks */,
				6E58AEFB1F0720DD009A0E68 /* Embed Frameworks */,
			);
			buildRules = (
			);
			dependencies = (
				OBJ_31 /* PBXTargetDependency */,
			);
			name = LinPhoneTests;
			productName = LinPhoneSwiftTests;
			productReference = OBJ_15 /* LinPhoneTests.xctest */;
			productType = "com.apple.product-type.bundle.unit-test";
		};
/* End PBXNativeTarget section */

/* Begin PBXProject section */
		OBJ_1 /* Project object */ = {
			isa = PBXProject;
			attributes = {
				LastUpgradeCheck = 9999;
				TargetAttributes = {
					6E58AF141F085B4F009A0E68 = {
						LastSwiftMigration = 0830;
					};
					6E76D7701F0718580017362C = {
						CreatedOnToolsVersion = 8.3.3;
						ProvisioningStyle = Automatic;
					};
					OBJ_16 = {
						LastSwiftMigration = 0830;
					};
					OBJ_23 = {
						ProvisioningStyle = Manual;
					};
				};
			};
			buildConfigurationList = OBJ_2 /* Build configuration list for PBXProject "LinPhone" */;
			compatibilityVersion = "Xcode 3.2";
			developmentRegion = English;
			hasScannedForEncodings = 0;
			knownRegions = (
				en,
			);
			mainGroup = OBJ_5;
			productRefGroup = OBJ_13 /* Products */;
			projectDirPath = "";
			projectRoot = "";
			targets = (
				6E76D7701F0718580017362C /* CMake */,
				OBJ_16 /* LinPhone */,
				OBJ_23 /* LinPhoneTests */,
				6E58AF141F085B4F009A0E68 /* MediaStreamer */,
				6E58AF301F085B53009A0E68 /* MediaStreamerTests */,
				6E52914E1F0B53AE00D4B765 /* BelledonneSIP */,
				6E5291671F0B53B100D4B765 /* BelledonneSIPTests */,
				6E569ADD1F09F67200BF244A /* BelledonneToolbox */,
				6E569AF41F09F67500BF244A /* BelledonneToolboxTests */,
			);
		};
/* End PBXProject section */

/* Begin PBXShellScriptBuildPhase section */
		6E5291621F0B53AE00D4B765 /* Increment Build */ = {
			isa = PBXShellScriptBuildPhase;
			buildActionMask = 2147483647;
			files = (
			);
			inputPaths = (
			);
			name = "Increment Build";
			outputPaths = (
			);
			runOnlyForDeploymentPostprocessing = 0;
			shellPath = /bin/sh;
			shellScript = "#!/bin/bash\n\n#  update_build_number.sh\n#  Usage: `update_build_number.sh [branch]`\n#  Run this script after the 'Copy Bundle Resources' build phase\n#  Ref: http://tgoode.com/2014/06/05/sensible-way-increment-bundle-version-cfbundleversion-xcode/\n\nif [ $TRAVIS == \"true\" ]\nthen echo \"Updating build number to TRAVISCI.\"\n/usr/libexec/PlistBuddy -c \"Set :CFBundleVersion TRAVISCI\" \"${TARGET_BUILD_DIR}/${INFOPLIST_PATH}\"\nelse branch=${1:-'master'}\nbuildNumber=$(expr $(git rev-list $branch --count) - $(git rev-list HEAD..$branch --count))\necho \"Updating build number to $buildNumber using branch '$branch'.\"\n/usr/libexec/PlistBuddy -c \"Set :CFBundleVersion $buildNumber\" \"${TARGET_BUILD_DIR}/${INFOPLIST_PATH}\"\nfi";
		};
		6E569AEE1F09F67200BF244A /* Increment Build */ = {
			isa = PBXShellScriptBuildPhase;
			buildActionMask = 2147483647;
			files = (
			);
			inputPaths = (
			);
			name = "Increment Build";
			outputPaths = (
			);
			runOnlyForDeploymentPostprocessing = 0;
			shellPath = /bin/sh;
			shellScript = "#!/bin/bash\n\n#  update_build_number.sh\n#  Usage: `update_build_number.sh [branch]`\n#  Run this script after the 'Copy Bundle Resources' build phase\n#  Ref: http://tgoode.com/2014/06/05/sensible-way-increment-bundle-version-cfbundleversion-xcode/\n\nif [ $TRAVIS == \"true\" ]\nthen echo \"Updating build number to TRAVISCI.\"\n/usr/libexec/PlistBuddy -c \"Set :CFBundleVersion TRAVISCI\" \"${TARGET_BUILD_DIR}/${INFOPLIST_PATH}\"\nelse branch=${1:-'master'}\nbuildNumber=$(expr $(git rev-list $branch --count) - $(git rev-list HEAD..$branch --count))\necho \"Updating build number to $buildNumber using branch '$branch'.\"\n/usr/libexec/PlistBuddy -c \"Set :CFBundleVersion $buildNumber\" \"${TARGET_BUILD_DIR}/${INFOPLIST_PATH}\"\nfi";
		};
		6E58AEF81F071EF0009A0E68 /* Increment Build */ = {
			isa = PBXShellScriptBuildPhase;
			buildActionMask = 2147483647;
			files = (
			);
			inputPaths = (
			);
			name = "Increment Build";
			outputPaths = (
			);
			runOnlyForDeploymentPostprocessing = 0;
			shellPath = /bin/sh;
			shellScript = "#!/bin/bash\n\n#  update_build_number.sh\n#  Usage: `update_build_number.sh [branch]`\n#  Run this script after the 'Copy Bundle Resources' build phase\n#  Ref: http://tgoode.com/2014/06/05/sensible-way-increment-bundle-version-cfbundleversion-xcode/\n\nif [ $TRAVIS == \"true\" ]\nthen echo \"Updating build number to TRAVISCI.\"\n/usr/libexec/PlistBuddy -c \"Set :CFBundleVersion TRAVISCI\" \"${TARGET_BUILD_DIR}/${INFOPLIST_PATH}\"\nelse branch=${1:-'master'}\nbuildNumber=$(expr $(git rev-list $branch --count) - $(git rev-list HEAD..$branch --count))\necho \"Updating build number to $buildNumber using branch '$branch'.\"\n/usr/libexec/PlistBuddy -c \"Set :CFBundleVersion $buildNumber\" \"${TARGET_BUILD_DIR}/${INFOPLIST_PATH}\"\nfi";
		};
		6E58AF2A1F085B4F009A0E68 /* Increment Build */ = {
			isa = PBXShellScriptBuildPhase;
			buildActionMask = 2147483647;
			files = (
			);
			inputPaths = (
			);
			name = "Increment Build";
			outputPaths = (
			);
			runOnlyForDeploymentPostprocessing = 0;
			shellPath = /bin/sh;
			shellScript = "#!/bin/bash\n\n#  update_build_number.sh\n#  Usage: `update_build_number.sh [branch]`\n#  Run this script after the 'Copy Bundle Resources' build phase\n#  Ref: http://tgoode.com/2014/06/05/sensible-way-increment-bundle-version-cfbundleversion-xcode/\n\nif [ $TRAVIS == \"true\" ]\nthen echo \"Updating build number to TRAVISCI.\"\n/usr/libexec/PlistBuddy -c \"Set :CFBundleVersion TRAVISCI\" \"${TARGET_BUILD_DIR}/${INFOPLIST_PATH}\"\nelse branch=${1:-'master'}\nbuildNumber=$(expr $(git rev-list $branch --count) - $(git rev-list HEAD..$branch --count))\necho \"Updating build number to $buildNumber using branch '$branch'.\"\n/usr/libexec/PlistBuddy -c \"Set :CFBundleVersion $buildNumber\" \"${TARGET_BUILD_DIR}/${INFOPLIST_PATH}\"\nfi";
		};
		6E76D7741F0718610017362C /* ShellScript */ = {
			isa = PBXShellScriptBuildPhase;
			buildActionMask = 2147483647;
			files = (
			);
			inputPaths = (
			);
			outputPaths = (
			);
			runOnlyForDeploymentPostprocessing = 0;
			shellPath = /bin/sh;
			shellScript = "export PATH=/applications/CMake.app/contents/bin:$PATH\nexport PATH=/usr/local/bin:$PATH\n\ncd $SRCROOT/../linphone-iphone\n\n# Build if SDK not availible\nif [ ! -d ./liblinphone-sdk ]; then\necho \"Build linphone\"\n./prepare.py -c\n./prepare.py\nmake\nfi";
		};
/* End PBXShellScriptBuildPhase section */

/* Begin PBXSourcesBuildPhase section */
		6E5291511F0B53AE00D4B765 /* Sources */ = {
			isa = PBXSourcesBuildPhase;
			buildActionMask = 0;
			files = (
				6E5291961F0B5BC200D4B765 /* ManagedPointer.swift in Sources */,
				6E5291891F0B543C00D4B765 /* URI.swift in Sources */,
				6E5291971F0B5BC200D4B765 /* UnmanagedPointer.swift in Sources */,
				6E5291931F0B5B2B00D4B765 /* ReferenceConvertible.swift in Sources */,
				6E52918D1F0B58C000D4B765 /* BelledonneObject.swift in Sources */,
				6E5291991F0B631F00D4B765 /* ManagedHandle.swift in Sources */,
				6E5291921F0B5B2B00D4B765 /* Handle.swift in Sources */,
				6E5291911F0B5B2B00D4B765 /* CopyableHandle.swift in Sources */,
				6E52918B1F0B553400D4B765 /* URI.SIP.swift in Sources */,
			);
			runOnlyForDeploymentPostprocessing = 0;
		};
		6E5291681F0B53B100D4B765 /* Sources */ = {
			isa = PBXSourcesBuildPhase;
			buildActionMask = 0;
			files = (
				6E25EA8B1F0BEB69005BC42C /* URITests.swift in Sources */,
			);
			runOnlyForDeploymentPostprocessing = 0;
		};
		6E569AE01F09F67200BF244A /* Sources */ = {
			isa = PBXSourcesBuildPhase;
			buildActionMask = 0;
			files = (
				6E569B2E1F0A067800BF244A /* CopyableHandle.swift in Sources */,
				6E569B2F1F0A067800BF244A /* ReferenceConvertible.swift in Sources */,
				6E569B191F09F74D00BF244A /* LinkedList.swift in Sources */,
				6E569B2B1F0A063F00BF244A /* Handle.swift in Sources */,
			);
			runOnlyForDeploymentPostprocessing = 0;
		};
		6E569AF71F09F67500BF244A /* Sources */ = {
			isa = PBXSourcesBuildPhase;
			buildActionMask = 0;
			files = (
				6E25EA8A1F0BEB05005BC42C /* LinkedListTests.swift in Sources */,
			);
			runOnlyForDeploymentPostprocessing = 0;
		};
		6E58AF171F085B4F009A0E68 /* Sources */ = {
			isa = PBXSourcesBuildPhase;
			buildActionMask = 0;
			files = (
				6E58AF571F085BB5009A0E68 /* Factory.swift in Sources */,
			);
			runOnlyForDeploymentPostprocessing = 0;
		};
		6E58AF331F085B53009A0E68 /* Sources */ = {
			isa = PBXSourcesBuildPhase;
			buildActionMask = 0;
			files = (
			);
			runOnlyForDeploymentPostprocessing = 0;
		};
		OBJ_20 /* Sources */ = {
			isa = PBXSourcesBuildPhase;
			buildActionMask = 0;
			files = (
				6E569B231F09FA1C00BF244A /* UnmanagedPointer.swift in Sources */,
				6E569B271F09FA7500BF244A /* ReferenceConvertible.swift in Sources */,
				6E569B291F09FC2B00BF244A /* CopyableHandle.swift in Sources */,
				6E58AF0D1F07CE74009A0E68 /* Factory.swift in Sources */,
				6E569B251F09FA4A00BF244A /* ManagedHandle.swift in Sources */,
				6E58AF0F1F07D245009A0E68 /* Configuration.swift in Sources */,
				6E569B1D1F09F9AD00BF244A /* UserDataHandle.swift in Sources */,
				6E569B1F1F09F9D500BF244A /* Handle.swift in Sources */,
				6E58AF0B1F07234B009A0E68 /* Enumeration.swift in Sources */,
				6E569B211F09F9FF00BF244A /* ManagedPointer.swift in Sources */,
				6E58AF131F07E9E9009A0E68 /* Internal.swift in Sources */,
				6E76D7401F0705B70017362C /* Core.swift in Sources */,
				6E58AF091F07221B009A0E68 /* StreamType.swift in Sources */,
			);
			runOnlyForDeploymentPostprocessing = 0;
		};
		OBJ_27 /* Sources */ = {
			isa = PBXSourcesBuildPhase;
			buildActionMask = 0;
			files = (
				OBJ_28 /* CoreTests.swift in Sources */,
			);
			runOnlyForDeploymentPostprocessing = 0;
		};
/* End PBXSourcesBuildPhase section */

/* Begin PBXTargetDependency section */
		6E25E9CF1F0B6E95005BC42C /* PBXTargetDependency */ = {
			isa = PBXTargetDependency;
			target = 6E569ADD1F09F67200BF244A /* BelledonneToolbox */;
			targetProxy = 6E25E9CE1F0B6E95005BC42C /* PBXContainerItemProxy */;
		};
		6E25E9D21F0B6EA1005BC42C /* PBXTargetDependency */ = {
			isa = PBXTargetDependency;
			target = 6E52914E1F0B53AE00D4B765 /* BelledonneSIP */;
			targetProxy = 6E25E9D11F0B6EA1005BC42C /* PBXContainerItemProxy */;
		};
		6E25EA0C1F0B753C005BC42C /* PBXTargetDependency */ = {
			isa = PBXTargetDependency;
			target = 6E569ADD1F09F67200BF244A /* BelledonneToolbox */;
			targetProxy = 6E25EA0B1F0B753C005BC42C /* PBXContainerItemProxy */;
		};
		6E25EA4E1F0B7788005BC42C /* PBXTargetDependency */ = {
			isa = PBXTargetDependency;
			target = 6E52914E1F0B53AE00D4B765 /* BelledonneSIP */;
			targetProxy = 6E25EA4D1F0B7788005BC42C /* PBXContainerItemProxy */;
		};
		6E52914F1F0B53AE00D4B765 /* PBXTargetDependency */ = {
			isa = PBXTargetDependency;
			target = 6E76D7701F0718580017362C /* CMake */;
			targetProxy = 6E5291501F0B53AE00D4B765 /* PBXContainerItemProxy */;
		};
		6E569ADE1F09F67200BF244A /* PBXTargetDependency */ = {
			isa = PBXTargetDependency;
			target = 6E76D7701F0718580017362C /* CMake */;
			targetProxy = 6E569ADF1F09F67200BF244A /* PBXContainerItemProxy */;
		};
		6E569B1B1F09F7F600BF244A /* PBXTargetDependency */ = {
			isa = PBXTargetDependency;
			target = 6E569ADD1F09F67200BF244A /* BelledonneToolbox */;
			targetProxy = 6E569B1A1F09F7F600BF244A /* PBXContainerItemProxy */;
		};
		6E58AF151F085B4F009A0E68 /* PBXTargetDependency */ = {
			isa = PBXTargetDependency;
			target = 6E76D7701F0718580017362C /* CMake */;
			targetProxy = 6E58AF161F085B4F009A0E68 /* PBXContainerItemProxy */;
		};
		6E58AF591F085DAB009A0E68 /* PBXTargetDependency */ = {
			isa = PBXTargetDependency;
			target = 6E58AF141F085B4F009A0E68 /* MediaStreamer */;
			targetProxy = 6E58AF581F085DAB009A0E68 /* PBXContainerItemProxy */;
		};
		6E76D7761F0718B10017362C /* PBXTargetDependency */ = {
			isa = PBXTargetDependency;
			target = 6E76D7701F0718580017362C /* CMake */;
			targetProxy = 6E76D7751F0718B10017362C /* PBXContainerItemProxy */;
		};
		6EF6A6D31F0C058C00C39864 /* PBXTargetDependency */ = {
			isa = PBXTargetDependency;
			target = 6E569ADD1F09F67200BF244A /* BelledonneToolbox */;
			targetProxy = 6EF6A6D21F0C058C00C39864 /* PBXContainerItemProxy */;
		};
		OBJ_31 /* PBXTargetDependency */ = {
			isa = PBXTargetDependency;
			target = OBJ_16 /* LinPhone */;
			targetProxy = 6E76D7371F06F8BB0017362C /* PBXContainerItemProxy */;
		};
/* End PBXTargetDependency section */

/* Begin XCBuildConfiguration section */
		6E5291641F0B53AE00D4B765 /* Debug */ = {
			isa = XCBuildConfiguration;
			buildSettings = {
				APPLICATION_EXTENSION_API_ONLY = NO;
				CLANG_ENABLE_MODULES = YES;
				DEFINES_MODULE = YES;
				ENABLE_TESTABILITY = YES;
				FRAMEWORK_SEARCH_PATHS = (
					"$(inherited)",
					"$(PLATFORM_DIR)/Developer/Library/Frameworks",
				);
				LD_RUNPATH_SEARCH_PATHS = "$(inherited) @executable_path/Frameworks @loader_path/Frameworks";
				OTHER_LDFLAGS = "$(inherited)";
				OTHER_SWIFT_FLAGS = "$(inherited)";
				PRODUCT_BUNDLE_IDENTIFIER = org.linphone.swift;
				PRODUCT_NAME = "$(TARGET_NAME)";
				SDKROOT = iphoneos;
				SKIP_INSTALL = YES;
				SWIFT_INCLUDE_PATHS = $SRCROOT;
				SWIFT_OPTIMIZATION_LEVEL = "-Onone";
				SWIFT_VERSION = 3.0;
				TARGETED_DEVICE_FAMILY = "1,2";
			};
			name = Debug;
		};
		6E5291651F0B53AE00D4B765 /* Release */ = {
			isa = XCBuildConfiguration;
			buildSettings = {
				APPLICATION_EXTENSION_API_ONLY = NO;
				CLANG_ENABLE_MODULES = YES;
				DEFINES_MODULE = YES;
				ENABLE_TESTABILITY = YES;
				FRAMEWORK_SEARCH_PATHS = (
					"$(inherited)",
					"$(PLATFORM_DIR)/Developer/Library/Frameworks",
				);
				LD_RUNPATH_SEARCH_PATHS = "$(inherited) @executable_path/Frameworks @loader_path/Frameworks";
				OTHER_LDFLAGS = "$(inherited)";
				OTHER_SWIFT_FLAGS = "$(inherited)";
				PRODUCT_BUNDLE_IDENTIFIER = org.linphone.swift;
				PRODUCT_NAME = "$(TARGET_NAME)";
				SDKROOT = iphoneos;
				SKIP_INSTALL = YES;
				SWIFT_INCLUDE_PATHS = $SRCROOT;
				SWIFT_VERSION = 3.0;
				TARGETED_DEVICE_FAMILY = "1,2";
			};
			name = Release;
		};
		6E5291851F0B53B100D4B765 /* Debug */ = {
			isa = XCBuildConfiguration;
			buildSettings = {
				ALWAYS_EMBED_SWIFT_STANDARD_LIBRARIES = YES;
				DEVELOPMENT_TEAM = "";
				FRAMEWORK_SEARCH_PATHS = (
					"$(inherited)",
					"$(PLATFORM_DIR)/Developer/Library/Frameworks",
				);
				HEADER_SEARCH_PATHS = "$(inherited)";
				LD_RUNPATH_SEARCH_PATHS = "$(inherited) @executable_path/Frameworks @loader_path/Frameworks $(FRAMEWORK_SEARCH_PATHS) $(CONFIGURATION_BUILD_DIR)";
				OTHER_LDFLAGS = "$(inherited)";
				OTHER_SWIFT_FLAGS = "$(inherited)";
				PRODUCT_NAME = "$(TARGET_NAME)";
				PROVISIONING_PROFILE_SPECIFIER = "";
				SDKROOT = iphoneos;
			};
			name = Debug;
		};
		6E5291861F0B53B100D4B765 /* Release */ = {
			isa = XCBuildConfiguration;
			buildSettings = {
				ALWAYS_EMBED_SWIFT_STANDARD_LIBRARIES = YES;
				DEVELOPMENT_TEAM = "";
				FRAMEWORK_SEARCH_PATHS = (
					"$(inherited)",
					"$(PLATFORM_DIR)/Developer/Library/Frameworks",
				);
				HEADER_SEARCH_PATHS = "$(inherited)";
				LD_RUNPATH_SEARCH_PATHS = "$(inherited) @executable_path/Frameworks @loader_path/Frameworks $(FRAMEWORK_SEARCH_PATHS) $(CONFIGURATION_BUILD_DIR)";
				OTHER_LDFLAGS = "$(inherited)";
				OTHER_SWIFT_FLAGS = "$(inherited)";
				PRODUCT_NAME = "$(TARGET_NAME)";
				PROVISIONING_PROFILE_SPECIFIER = "";
				SDKROOT = iphoneos;
			};
			name = Release;
		};
		6E569AF01F09F67200BF244A /* Debug */ = {
			isa = XCBuildConfiguration;
			buildSettings = {
				APPLICATION_EXTENSION_API_ONLY = NO;
				CLANG_ENABLE_MODULES = YES;
				DEFINES_MODULE = YES;
				ENABLE_TESTABILITY = YES;
				FRAMEWORK_SEARCH_PATHS = (
					"$(inherited)",
					"$(PLATFORM_DIR)/Developer/Library/Frameworks",
				);
				LD_RUNPATH_SEARCH_PATHS = "$(inherited) @executable_path/Frameworks @loader_path/Frameworks";
				OTHER_LDFLAGS = "$(inherited)";
				OTHER_SWIFT_FLAGS = "$(inherited)";
				PRODUCT_BUNDLE_IDENTIFIER = org.linphone.swift;
				PRODUCT_MODULE_NAME = "$(TARGET_NAME:c99extidentifier)";
				PRODUCT_NAME = "$(TARGET_NAME)";
				SDKROOT = iphoneos;
				SKIP_INSTALL = YES;
				SWIFT_INCLUDE_PATHS = $SRCROOT;
				SWIFT_OPTIMIZATION_LEVEL = "-Onone";
				SWIFT_VERSION = 3.0;
				TARGETED_DEVICE_FAMILY = "1,2";
			};
			name = Debug;
		};
		6E569AF11F09F67200BF244A /* Release */ = {
			isa = XCBuildConfiguration;
			buildSettings = {
				APPLICATION_EXTENSION_API_ONLY = NO;
				CLANG_ENABLE_MODULES = YES;
				DEFINES_MODULE = YES;
				ENABLE_TESTABILITY = YES;
				FRAMEWORK_SEARCH_PATHS = (
					"$(inherited)",
					"$(PLATFORM_DIR)/Developer/Library/Frameworks",
				);
				LD_RUNPATH_SEARCH_PATHS = "$(inherited) @executable_path/Frameworks @loader_path/Frameworks";
				OTHER_LDFLAGS = "$(inherited)";
				OTHER_SWIFT_FLAGS = "$(inherited)";
				PRODUCT_BUNDLE_IDENTIFIER = org.linphone.swift;
				PRODUCT_MODULE_NAME = "$(TARGET_NAME:c99extidentifier)";
				PRODUCT_NAME = "$(TARGET_NAME)";
				SDKROOT = iphoneos;
				SKIP_INSTALL = YES;
				SWIFT_INCLUDE_PATHS = $SRCROOT;
				SWIFT_VERSION = 3.0;
				TARGETED_DEVICE_FAMILY = "1,2";
			};
			name = Release;
		};
		6E569B151F09F67500BF244A /* Debug */ = {
			isa = XCBuildConfiguration;
			buildSettings = {
				ALWAYS_EMBED_SWIFT_STANDARD_LIBRARIES = YES;
				DEVELOPMENT_TEAM = "";
				EMBEDDED_CONTENT_CONTAINS_SWIFT = YES;
				FRAMEWORK_SEARCH_PATHS = (
					"$(inherited)",
					"$(PLATFORM_DIR)/Developer/Library/Frameworks",
				);
				HEADER_SEARCH_PATHS = "$(inherited)";
				OTHER_LDFLAGS = "$(inherited)";
				OTHER_SWIFT_FLAGS = "$(inherited)";
				PRODUCT_NAME = "$(TARGET_NAME)";
				PROVISIONING_PROFILE_SPECIFIER = "";
				SDKROOT = iphoneos;
			};
			name = Debug;
		};
		6E569B161F09F67500BF244A /* Release */ = {
			isa = XCBuildConfiguration;
			buildSettings = {
				ALWAYS_EMBED_SWIFT_STANDARD_LIBRARIES = YES;
				DEVELOPMENT_TEAM = "";
				EMBEDDED_CONTENT_CONTAINS_SWIFT = YES;
				FRAMEWORK_SEARCH_PATHS = (
					"$(inherited)",
					"$(PLATFORM_DIR)/Developer/Library/Frameworks",
				);
				HEADER_SEARCH_PATHS = "$(inherited)";
				OTHER_LDFLAGS = "$(inherited)";
				OTHER_SWIFT_FLAGS = "$(inherited)";
				PRODUCT_NAME = "$(TARGET_NAME)";
				PROVISIONING_PROFILE_SPECIFIER = "";
				SDKROOT = iphoneos;
			};
			name = Release;
		};
		6E58AF2C1F085B4F009A0E68 /* Debug */ = {
			isa = XCBuildConfiguration;
			buildSettings = {
				APPLICATION_EXTENSION_API_ONLY = NO;
				CLANG_ENABLE_MODULES = YES;
				DEFINES_MODULE = YES;
				ENABLE_TESTABILITY = YES;
				FRAMEWORK_SEARCH_PATHS = (
					"$(inherited)",
					"$(PLATFORM_DIR)/Developer/Library/Frameworks",
				);
				LD_RUNPATH_SEARCH_PATHS = "$(inherited) @executable_path/Frameworks @loader_path/Frameworks";
				OTHER_LDFLAGS = "$(inherited)";
				OTHER_SWIFT_FLAGS = "$(inherited)";
				PRODUCT_BUNDLE_IDENTIFIER = org.linphone.swift;
				PRODUCT_MODULE_NAME = "$(TARGET_NAME:c99extidentifier)";
				PRODUCT_NAME = "$(TARGET_NAME)";
				SDKROOT = iphoneos;
				SKIP_INSTALL = YES;
				SWIFT_INCLUDE_PATHS = $SRCROOT;
				SWIFT_OPTIMIZATION_LEVEL = "-Onone";
				SWIFT_VERSION = 3.0;
				TARGETED_DEVICE_FAMILY = "1,2";
			};
			name = Debug;
		};
		6E58AF2D1F085B4F009A0E68 /* Release */ = {
			isa = XCBuildConfiguration;
			buildSettings = {
				APPLICATION_EXTENSION_API_ONLY = NO;
				CLANG_ENABLE_MODULES = YES;
				DEFINES_MODULE = YES;
				ENABLE_TESTABILITY = YES;
				FRAMEWORK_SEARCH_PATHS = (
					"$(inherited)",
					"$(PLATFORM_DIR)/Developer/Library/Frameworks",
				);
				LD_RUNPATH_SEARCH_PATHS = "$(inherited) @executable_path/Frameworks @loader_path/Frameworks";
				OTHER_LDFLAGS = "$(inherited)";
				OTHER_SWIFT_FLAGS = "$(inherited)";
				PRODUCT_BUNDLE_IDENTIFIER = org.linphone.swift;
				PRODUCT_MODULE_NAME = "$(TARGET_NAME:c99extidentifier)";
				PRODUCT_NAME = "$(TARGET_NAME)";
				SDKROOT = iphoneos;
				SKIP_INSTALL = YES;
				SWIFT_INCLUDE_PATHS = $SRCROOT;
				SWIFT_VERSION = 3.0;
				TARGETED_DEVICE_FAMILY = "1,2";
			};
			name = Release;
		};
		6E58AF511F085B53009A0E68 /* Debug */ = {
			isa = XCBuildConfiguration;
			buildSettings = {
				ALWAYS_EMBED_SWIFT_STANDARD_LIBRARIES = YES;
				DEVELOPMENT_TEAM = "";
				EMBEDDED_CONTENT_CONTAINS_SWIFT = YES;
				FRAMEWORK_SEARCH_PATHS = (
					"$(inherited)",
					"$(PLATFORM_DIR)/Developer/Library/Frameworks",
				);
				HEADER_SEARCH_PATHS = "$(inherited)";
				OTHER_LDFLAGS = "$(inherited)";
				OTHER_SWIFT_FLAGS = "$(inherited)";
				PRODUCT_NAME = "$(TARGET_NAME)";
				PROVISIONING_PROFILE_SPECIFIER = "";
				SDKROOT = iphoneos;
			};
			name = Debug;
		};
		6E58AF521F085B53009A0E68 /* Release */ = {
			isa = XCBuildConfiguration;
			buildSettings = {
				ALWAYS_EMBED_SWIFT_STANDARD_LIBRARIES = YES;
				DEVELOPMENT_TEAM = "";
				EMBEDDED_CONTENT_CONTAINS_SWIFT = YES;
				FRAMEWORK_SEARCH_PATHS = (
					"$(inherited)",
					"$(PLATFORM_DIR)/Developer/Library/Frameworks",
				);
				HEADER_SEARCH_PATHS = "$(inherited)";
				OTHER_LDFLAGS = "$(inherited)";
				OTHER_SWIFT_FLAGS = "$(inherited)";
				PRODUCT_NAME = "$(TARGET_NAME)";
				PROVISIONING_PROFILE_SPECIFIER = "";
				SDKROOT = iphoneos;
			};
			name = Release;
		};
		6E76D7721F0718580017362C /* Debug */ = {
			isa = XCBuildConfiguration;
			buildSettings = {
				PRODUCT_NAME = "$(TARGET_NAME)";
			};
			name = Debug;
		};
		6E76D7731F0718580017362C /* Release */ = {
			isa = XCBuildConfiguration;
			buildSettings = {
				PRODUCT_NAME = "$(TARGET_NAME)";
			};
			name = Release;
		};
		OBJ_18 /* Debug */ = {
			isa = XCBuildConfiguration;
			buildSettings = {
				APPLICATION_EXTENSION_API_ONLY = NO;
				CLANG_ENABLE_MODULES = YES;
				DEFINES_MODULE = YES;
				ENABLE_TESTABILITY = YES;
				FRAMEWORK_SEARCH_PATHS = (
					"$(inherited)",
					"$(PLATFORM_DIR)/Developer/Library/Frameworks",
				);
				OTHER_LDFLAGS = "$(inherited)";
				OTHER_SWIFT_FLAGS = "$(inherited)";
				PRODUCT_BUNDLE_IDENTIFIER = org.linphone.swift;
				PRODUCT_NAME = "$(TARGET_NAME)";
				SDKROOT = iphoneos;
				SKIP_INSTALL = YES;
				SWIFT_INCLUDE_PATHS = $SRCROOT;
				SWIFT_OPTIMIZATION_LEVEL = "-Onone";
				SWIFT_VERSION = 3.0;
				TARGETED_DEVICE_FAMILY = "1,2";
			};
			name = Debug;
		};
		OBJ_19 /* Release */ = {
			isa = XCBuildConfiguration;
			buildSettings = {
				APPLICATION_EXTENSION_API_ONLY = NO;
				CLANG_ENABLE_MODULES = YES;
				DEFINES_MODULE = YES;
				ENABLE_TESTABILITY = YES;
				FRAMEWORK_SEARCH_PATHS = (
					"$(inherited)",
					"$(PLATFORM_DIR)/Developer/Library/Frameworks",
				);
				OTHER_LDFLAGS = "$(inherited)";
				OTHER_SWIFT_FLAGS = "$(inherited)";
				PRODUCT_BUNDLE_IDENTIFIER = org.linphone.swift;
				PRODUCT_NAME = "$(TARGET_NAME)";
				SDKROOT = iphoneos;
				SKIP_INSTALL = YES;
				SWIFT_INCLUDE_PATHS = $SRCROOT;
				SWIFT_VERSION = 3.0;
				TARGETED_DEVICE_FAMILY = "1,2";
			};
			name = Release;
		};
		OBJ_25 /* Debug */ = {
			isa = XCBuildConfiguration;
			buildSettings = {
				ALWAYS_EMBED_SWIFT_STANDARD_LIBRARIES = YES;
				DEVELOPMENT_TEAM = "";
				EMBEDDED_CONTENT_CONTAINS_SWIFT = YES;
				FRAMEWORK_SEARCH_PATHS = (
					"$(inherited)",
					"$(PLATFORM_DIR)/Developer/Library/Frameworks",
				);
				HEADER_SEARCH_PATHS = "$(inherited)";
				LIBRARY_SEARCH_PATHS = "$SRCROOT/../linphone-iphone/liblinphone-sdk/apple-darwin/lib";
				OTHER_LDFLAGS = "$(inherited)";
				OTHER_SWIFT_FLAGS = "$(inherited)";
				PRODUCT_NAME = LinPhoneTests;
				PROVISIONING_PROFILE_SPECIFIER = "";
				SDKROOT = iphoneos;
			};
			name = Debug;
		};
		OBJ_26 /* Release */ = {
			isa = XCBuildConfiguration;
			buildSettings = {
				ALWAYS_EMBED_SWIFT_STANDARD_LIBRARIES = YES;
				DEVELOPMENT_TEAM = "";
				EMBEDDED_CONTENT_CONTAINS_SWIFT = YES;
				FRAMEWORK_SEARCH_PATHS = (
					"$(inherited)",
					"$(PLATFORM_DIR)/Developer/Library/Frameworks",
				);
				HEADER_SEARCH_PATHS = "$(inherited)";
				LIBRARY_SEARCH_PATHS = "$SRCROOT/../linphone-iphone/liblinphone-sdk/apple-darwin/lib";
				OTHER_LDFLAGS = "$(inherited)";
				OTHER_SWIFT_FLAGS = "$(inherited)";
				PRODUCT_NAME = LinPhoneTests;
				PROVISIONING_PROFILE_SPECIFIER = "";
				SDKROOT = iphoneos;
			};
			name = Release;
		};
		OBJ_3 /* Debug */ = {
			isa = XCBuildConfiguration;
			buildSettings = {
				ALWAYS_SEARCH_USER_PATHS = YES;
				CLANG_ENABLE_OBJC_ARC = YES;
				COMBINE_HIDPI_IMAGES = YES;
				COPY_PHASE_STRIP = NO;
				DEBUG_INFORMATION_FORMAT = dwarf;
				DYLIB_INSTALL_NAME_BASE = "@rpath";
				ENABLE_NS_ASSERTIONS = YES;
				FRAMEWORK_SEARCH_PATHS = "$SRCROOT/../linphone-iphone/liblinphone-sdk/apple-darwin/frameworks";
				GCC_OPTIMIZATION_LEVEL = 0;
				HEADER_SEARCH_PATHS = "$SRCROOT/../linphone-iphone/liblinphone-sdk/apple-darwin/include";
				INFOPLIST_FILE = "LinPhone.xcodeproj/$PRODUCT_NAME-Info.plist";
				IPHONEOS_DEPLOYMENT_TARGET = 8.0;
				LD_RUNPATH_SEARCH_PATHS = "$(inherited) @executable_path/Frameworks @loader_path/Frameworks";
				LIBRARY_SEARCH_PATHS = (
					"$SRCROOT/../linphone-iphone/liblinphone-sdk/apple-darwin/lib",
					"$SRCROOT/../linphone-iphone/liblinphone-sdk/apple-darwin/lib/mediastreamer/plugins",
				);
				MACOSX_DEPLOYMENT_TARGET = 10.10;
				ONLY_ACTIVE_ARCH = YES;
				OTHER_SWIFT_FLAGS = "-DXcode";
				PRODUCT_NAME = "$(PROJECT_NAME)";
				SUPPORTED_PLATFORMS = "macosx iphoneos iphonesimulator appletvos appletvsimulator watchos watchsimulator";
				SWIFT_ACTIVE_COMPILATION_CONDITIONS = SWIFT_PACKAGE;
				SWIFT_OPTIMIZATION_LEVEL = "-Onone";
				SWIFT_VERSION = 3.0;
				USE_HEADERMAP = NO;
			};
			name = Debug;
		};
		OBJ_4 /* Release */ = {
			isa = XCBuildConfiguration;
			buildSettings = {
				ALWAYS_SEARCH_USER_PATHS = YES;
				CLANG_ENABLE_OBJC_ARC = YES;
				COMBINE_HIDPI_IMAGES = YES;
				COPY_PHASE_STRIP = YES;
				DEBUG_INFORMATION_FORMAT = "dwarf-with-dsym";
				DYLIB_INSTALL_NAME_BASE = "@rpath";
				FRAMEWORK_SEARCH_PATHS = "$SRCROOT/../linphone-iphone/liblinphone-sdk/apple-darwin/frameworks";
				GCC_OPTIMIZATION_LEVEL = s;
				HEADER_SEARCH_PATHS = "$SRCROOT/../linphone-iphone/liblinphone-sdk/apple-darwin/include";
				INFOPLIST_FILE = "LinPhone.xcodeproj/$PRODUCT_NAME-Info.plist";
				IPHONEOS_DEPLOYMENT_TARGET = 8.0;
				LD_RUNPATH_SEARCH_PATHS = "$(inherited) @executable_path/Frameworks @loader_path/Frameworks";
				LIBRARY_SEARCH_PATHS = (
					"$SRCROOT/../linphone-iphone/liblinphone-sdk/apple-darwin/lib",
					"$SRCROOT/../linphone-iphone/liblinphone-sdk/apple-darwin/lib/mediastreamer/plugins",
				);
				MACOSX_DEPLOYMENT_TARGET = 10.10;
				OTHER_SWIFT_FLAGS = "-DXcode";
				PRODUCT_NAME = "$(PROJECT_NAME)";
				SUPPORTED_PLATFORMS = "macosx iphoneos iphonesimulator appletvos appletvsimulator watchos watchsimulator";
				SWIFT_ACTIVE_COMPILATION_CONDITIONS = SWIFT_PACKAGE;
				SWIFT_OPTIMIZATION_LEVEL = "-Owholemodule";
				SWIFT_VERSION = 3.0;
				USE_HEADERMAP = NO;
			};
			name = Release;
		};
/* End XCBuildConfiguration section */

/* Begin XCConfigurationList section */
		6E5291631F0B53AE00D4B765 /* Build configuration list for PBXNativeTarget "BelledonneSIP" */ = {
			isa = XCConfigurationList;
			buildConfigurations = (
				6E5291641F0B53AE00D4B765 /* Debug */,
				6E5291651F0B53AE00D4B765 /* Release */,
			);
			defaultConfigurationIsVisible = 0;
			defaultConfigurationName = Debug;
		};
		6E5291841F0B53B100D4B765 /* Build configuration list for PBXNativeTarget "BelledonneSIPTests" */ = {
			isa = XCConfigurationList;
			buildConfigurations = (
				6E5291851F0B53B100D4B765 /* Debug */,
				6E5291861F0B53B100D4B765 /* Release */,
			);
			defaultConfigurationIsVisible = 0;
			defaultConfigurationName = Debug;
		};
		6E569AEF1F09F67200BF244A /* Build configuration list for PBXNativeTarget "BelledonneToolbox" */ = {
			isa = XCConfigurationList;
			buildConfigurations = (
				6E569AF01F09F67200BF244A /* Debug */,
				6E569AF11F09F67200BF244A /* Release */,
			);
			defaultConfigurationIsVisible = 0;
			defaultConfigurationName = Debug;
		};
		6E569B141F09F67500BF244A /* Build configuration list for PBXNativeTarget "BelledonneToolboxTests" */ = {
			isa = XCConfigurationList;
			buildConfigurations = (
				6E569B151F09F67500BF244A /* Debug */,
				6E569B161F09F67500BF244A /* Release */,
			);
			defaultConfigurationIsVisible = 0;
			defaultConfigurationName = Debug;
		};
		6E58AF2B1F085B4F009A0E68 /* Build configuration list for PBXNativeTarget "MediaStreamer" */ = {
			isa = XCConfigurationList;
			buildConfigurations = (
				6E58AF2C1F085B4F009A0E68 /* Debug */,
				6E58AF2D1F085B4F009A0E68 /* Release */,
			);
			defaultConfigurationIsVisible = 0;
			defaultConfigurationName = Debug;
		};
		6E58AF501F085B53009A0E68 /* Build configuration list for PBXNativeTarget "MediaStreamerTests" */ = {
			isa = XCConfigurationList;
			buildConfigurations = (
				6E58AF511F085B53009A0E68 /* Debug */,
				6E58AF521F085B53009A0E68 /* Release */,
			);
			defaultConfigurationIsVisible = 0;
			defaultConfigurationName = Debug;
		};
		6E76D7711F0718580017362C /* Build configuration list for PBXAggregateTarget "CMake" */ = {
			isa = XCConfigurationList;
			buildConfigurations = (
				6E76D7721F0718580017362C /* Debug */,
				6E76D7731F0718580017362C /* Release */,
			);
			defaultConfigurationIsVisible = 0;
			defaultConfigurationName = Debug;
		};
		OBJ_17 /* Build configuration list for PBXNativeTarget "LinPhone" */ = {
			isa = XCConfigurationList;
			buildConfigurations = (
				OBJ_18 /* Debug */,
				OBJ_19 /* Release */,
			);
			defaultConfigurationIsVisible = 0;
			defaultConfigurationName = Debug;
		};
		OBJ_2 /* Build configuration list for PBXProject "LinPhone" */ = {
			isa = XCConfigurationList;
			buildConfigurations = (
				OBJ_3 /* Debug */,
				OBJ_4 /* Release */,
			);
			defaultConfigurationIsVisible = 0;
			defaultConfigurationName = Debug;
		};
		OBJ_24 /* Build configuration list for PBXNativeTarget "LinPhoneTests" */ = {
			isa = XCConfigurationList;
			buildConfigurations = (
				OBJ_25 /* Debug */,
				OBJ_26 /* Release */,
			);
			defaultConfigurationIsVisible = 0;
			defaultConfigurationName = Debug;
		};
/* End XCConfigurationList section */
	};
	rootObject = OBJ_1 /* Project object */;
}
